// !$*UTF8*$!
{
	archiveVersion = 1;
	classes = {
	};
	objectVersion = 46;
	objects = {

/* Begin PBXAggregateTarget section */
		1F20E44D0CCDA52C7476E26B /* ZERO_CHECK */ = {
			isa = PBXAggregateTarget;
			buildConfigurationList = 2B670D4A93404E5E8CA7CCFB /* Build configuration list for PBXAggregateTarget "ZERO_CHECK" */;
			buildPhases = (
				0E4335D652EFB45B1A96299A /* Generate CMakeFiles/ZERO_CHECK */,
			);
			dependencies = (
			);
			name = ZERO_CHECK;
			productName = ZERO_CHECK;
		};
		B516E1A5CD385E78ED735DD1 /* ALL_BUILD */ = {
			isa = PBXAggregateTarget;
			buildConfigurationList = 685B9EF841344B90917681EE /* Build configuration list for PBXAggregateTarget "ALL_BUILD" */;
			buildPhases = (
				CD007D52F1241DCB2F355E1A /* Generate CMakeFiles/ALL_BUILD */,
			);
			dependencies = (
				EA02B339637D452A89F6B467 /* PBXTargetDependency */,
				BA68519980E443B38A1999B4 /* PBXTargetDependency */,
			);
			name = ALL_BUILD;
			productName = ALL_BUILD;
		};
/* End PBXAggregateTarget section */

/* Begin PBXBuildFile section */
		053F170454DE4CC98C80BED3 /* /Users/simonash/Developer/Planetary/src/PlaylistChooser.cpp */ = {isa = PBXBuildFile; fileRef = 183E24C5A30C4850BDA78799 /* /Users/simonash/Developer/Planetary/src/PlaylistChooser.cpp */; settings = {COMPILER_FLAGS = "-x objective-c++"; }; };
		05E60C9847154E6497A5CFE4 /* /Users/simonash/Downloads/Xcode-beta.app/Contents/Developer/Platforms/iPhoneSimulator.platform/Developer/SDKs/iPhoneSimulator27.0.sdk/System/Library/Frameworks/OpenGLES.framework */ = {isa = PBXBuildFile; fileRef = E5E712649E5C4281B6C40974 /* /Users/simonash/Downloads/Xcode-beta.app/Contents/Developer/Platforms/iPhoneSimulator.platform/Developer/SDKs/iPhoneSimulator27.0.sdk/System/Library/Frameworks/OpenGLES.framework */; };
		0FCF258AE9B94103AEBDF8BD /* /Users/simonash/Developer/Planetary/src/StarGlows.cpp */ = {isa = PBXBuildFile; fileRef = 0D4AB43C8DC44311A43C256C /* /Users/simonash/Developer/Planetary/src/StarGlows.cpp */; settings = {COMPILER_FLAGS = "-x objective-c++"; }; };
		19F3859A3AD04FE0BB0AF5D8 /* /Users/simonash/Developer/Planetary/src/NodeTrack.cpp */ = {isa = PBXBuildFile; fileRef = 55A305EFED274A6B85DDCCDA /* /Users/simonash/Developer/Planetary/src/NodeTrack.cpp */; settings = {COMPILER_FLAGS = "-x objective-c++"; }; };
		2127A1EA0DAB420E958AF355 /* /Users/simonash/Developer/Planetary/blocks/BloomTasks/src/TaskQueue.cpp */ = {isa = PBXBuildFile; fileRef = 80CFC24B2EB94CDC9526AB4E /* /Users/simonash/Developer/Planetary/blocks/BloomTasks/src/TaskQueue.cpp */; settings = {COMPILER_FLAGS = "-x objective-c++"; }; };
		24BD046E654F45B584CDAC16 /* /Users/simonash/Downloads/Xcode-beta.app/Contents/Developer/Platforms/iPhoneSimulator.platform/Developer/SDKs/iPhoneSimulator27.0.sdk/System/Library/Frameworks/CoreText.framework */ = {isa = PBXBuildFile; fileRef = D3BCA229630C4F6BA7623759 /* /Users/simonash/Downloads/Xcode-beta.app/Contents/Developer/Platforms/iPhoneSimulator.platform/Developer/SDKs/iPhoneSimulator27.0.sdk/System/Library/Frameworks/CoreText.framework */; };
		26C63D3D0C3C4220A5DDD44C /* /Users/simonash/Downloads/Xcode-beta.app/Contents/Developer/Platforms/iPhoneSimulator.platform/Developer/SDKs/iPhoneSimulator27.0.sdk/System/Library/Frameworks/AudioToolbox.framework */ = {isa = PBXBuildFile; fileRef = 28C539C24D2D4F1992590B62 /* /Users/simonash/Downloads/Xcode-beta.app/Contents/Developer/Platforms/iPhoneSimulator.platform/Developer/SDKs/iPhoneSimulator27.0.sdk/System/Library/Frameworks/AudioToolbox.framework */; };
		2776AF5A816D4ABE914F086F /* /Users/simonash/Downloads/Xcode-beta.app/Contents/Developer/Platforms/iPhoneSimulator.platform/Developer/SDKs/iPhoneSimulator27.0.sdk/System/Library/Frameworks/MobileCoreServices.framework */ = {isa = PBXBuildFile; fileRef = 5E1C190CE431441AB62780B9 /* /Users/simonash/Downloads/Xcode-beta.app/Contents/Developer/Platforms/iPhoneSimulator.platform/Developer/SDKs/iPhoneSimulator27.0.sdk/System/Library/Frameworks/MobileCoreServices.framework */; };
		2A236B784F984E8EA972CF6D /* /Users/simonash/Developer/Planetary/blocks/BloomScene/src/BloomScene.cpp */ = {isa = PBXBuildFile; fileRef = 5892B342AD5B467DA92D6881 /* /Users/simonash/Developer/Planetary/blocks/BloomScene/src/BloomScene.cpp */; settings = {COMPILER_FLAGS = "-x objective-c++"; }; };
		2D56E78BDF5B4F8E8974EACD /* /Users/simonash/Developer/Planetary/blocks/CinderSpotify/src/SpotifyId.cpp */ = {isa = PBXBuildFile; fileRef = EF81932D593E47799F18BF38 /* /Users/simonash/Developer/Planetary/blocks/CinderSpotify/src/SpotifyId.cpp */; settings = {COMPILER_FLAGS = "-x objective-c++"; }; };
		2D6F82DB4A0B4548802C085A /* /Users/simonash/Developer/Planetary/src/AlphaChooser.cpp */ = {isa = PBXBuildFile; fileRef = F61B18F6E32C4D1D8F3614AE /* /Users/simonash/Developer/Planetary/src/AlphaChooser.cpp */; settings = {COMPILER_FLAGS = "-x objective-c++"; }; };
		34DEDF2D627944618429BB75 /* /Users/simonash/Developer/Planetary/src/NotificationOverlay.cpp */ = {isa = PBXBuildFile; fileRef = 8A222D4BE613459892CC2563 /* /Users/simonash/Developer/Planetary/src/NotificationOverlay.cpp */; settings = {COMPILER_FLAGS = "-x objective-c++"; }; };
		37F8C3C6DA53400CA39A205A /* /Users/simonash/Developer/Planetary/src/Constellation.cpp */ = {isa = PBXBuildFile; fileRef = 6522EB32C99E44BAB5BB040F /* /Users/simonash/Developer/Planetary/src/Constellation.cpp */; settings = {COMPILER_FLAGS = "-x objective-c++"; }; };
		3FC11936D97E4973B9C7702B /* /Users/simonash/Developer/Planetary/blocks/CinderSpotify/src/SpotifyPlayer.mm */ = {isa = PBXBuildFile; fileRef = 703990BAF444425C9074B4E0 /* /Users/simonash/Developer/Planetary/blocks/CinderSpotify/src/SpotifyPlayer.mm */; };
		4025DD88C96045228935AFB6 /* /Users/simonash/Developer/Planetary/blocks/BloomScene/src/OrientationNode.cpp */ = {isa = PBXBuildFile; fileRef = 13C1C05350954DB3A9E86376 /* /Users/simonash/Developer/Planetary/blocks/BloomScene/src/OrientationNode.cpp */; settings = {COMPILER_FLAGS = "-x objective-c++"; }; };
		42F73FF07FE4419881E057B3 /* /Users/simonash/Developer/Planetary/src/Slider.cpp */ = {isa = PBXBuildFile; fileRef = 8413B0A0A00D42D5949E8E6F /* /Users/simonash/Developer/Planetary/src/Slider.cpp */; settings = {COMPILER_FLAGS = "-x objective-c++"; }; };
		4898DCBE185642D1B7D62344 /* /Users/simonash/Developer/Planetary/blocks/CinderSpotify/src/SpotifyAuth.mm */ = {isa = PBXBuildFile; fileRef = BB4B47EFE0C7484B805DD415 /* /Users/simonash/Developer/Planetary/blocks/CinderSpotify/src/SpotifyAuth.mm */; };
		48A1558CD27B4FD6BCF26B7B /* /Users/simonash/Downloads/Xcode-beta.app/Contents/Developer/Platforms/iPhoneSimulator.platform/Developer/SDKs/iPhoneSimulator27.0.sdk/System/Library/Frameworks/CoreAudio.framework */ = {isa = PBXBuildFile; fileRef = 1B0514C4C75A4067B6A48B0A /* /Users/simonash/Downloads/Xcode-beta.app/Contents/Developer/Platforms/iPhoneSimulator.platform/Developer/SDKs/iPhoneSimulator27.0.sdk/System/Library/Frameworks/CoreAudio.framework */; };
		4A6ECC76EBAB472494341627 /* /Users/simonash/Developer/Planetary/src/ScrollingLabel.cpp */ = {isa = PBXBuildFile; fileRef = 5AB2E6ACDA094F2EAD334297 /* /Users/simonash/Developer/Planetary/src/ScrollingLabel.cpp */; settings = {COMPILER_FLAGS = "-x objective-c++"; }; };
		4E4B393CFAD04916859CC1FB /* /Users/simonash/Developer/Planetary/src/State.cpp */ = {isa = PBXBuildFile; fileRef = 0A4637664D3A4D64A0158A15 /* /Users/simonash/Developer/Planetary/src/State.cpp */; settings = {COMPILER_FLAGS = "-x objective-c++"; }; };
		515001FC2D964667A3FF13C9 /* /Users/simonash/Downloads/Xcode-beta.app/Contents/Developer/Platforms/iPhoneSimulator.platform/Developer/SDKs/iPhoneSimulator27.0.sdk/System/Library/Frameworks/AVFoundation.framework */ = {isa = PBXBuildFile; fileRef = 8A0A6E87EDF14EEAA5D37EB7 /* /Users/simonash/Downloads/Xcode-beta.app/Contents/Developer/Platforms/iPhoneSimulator.platform/Developer/SDKs/iPhoneSimulator27.0.sdk/System/Library/Frameworks/AVFoundation.framework */; };
		52A12335121F4E3890CAF070 /* /Users/simonash/Developer/Planetary/blocks/CinderSpotify/src/CinderSpotify.mm */ = {isa = PBXBuildFile; fileRef = 02BE6F9B408C4C0393B2E10A /* /Users/simonash/Developer/Planetary/blocks/CinderSpotify/src/CinderSpotify.mm */; };
		58AF07C776BB4EF1877283ED /* /Users/simonash/Developer/Planetary/src/TextureLoader.cpp */ = {isa = PBXBuildFile; fileRef = 66EE2D4D61334141A8FC2216 /* /Users/simonash/Developer/Planetary/src/TextureLoader.cpp */; settings = {COMPILER_FLAGS = "-x objective-c++"; }; };
		5D372F1E662F4591B531B1F0 /* /Users/simonash/Developer/Planetary/src/UiLayer.cpp */ = {isa = PBXBuildFile; fileRef = 01E480530ADE4B74AB3CC228 /* /Users/simonash/Developer/Planetary/src/UiLayer.cpp */; settings = {COMPILER_FLAGS = "-x objective-c++"; }; };
		62A67DC4036C420989FACBA3 /* /Users/simonash/Developer/Planetary/src/Buttons.cpp */ = {isa = PBXBuildFile; fileRef = DC95C02031E64489AF472DA0 /* /Users/simonash/Developer/Planetary/src/Buttons.cpp */; settings = {COMPILER_FLAGS = "-x objective-c++"; }; };
		643EBCE7DB9042E081D87C4E /* /Users/simonash/Developer/Planetary/src/PlanetRing.cpp */ = {isa = PBXBuildFile; fileRef = E51E276C73A348478F6F031B /* /Users/simonash/Developer/Planetary/src/PlanetRing.cpp */; settings = {COMPILER_FLAGS = "-x objective-c++"; }; };
		65755BCFAB04406281442ABF /* /Users/simonash/Downloads/Xcode-beta.app/Contents/Developer/Platforms/iPhoneSimulator.platform/Developer/SDKs/iPhoneSimulator27.0.sdk/System/Library/Frameworks/AuthenticationServices.framework */ = {isa = PBXBuildFile; fileRef = 1D529DB225014ED5887F4F79 /* /Users/simonash/Downloads/Xcode-beta.app/Contents/Developer/Platforms/iPhoneSimulator.platform/Developer/SDKs/iPhoneSimulator27.0.sdk/System/Library/Frameworks/AuthenticationServices.framework */; };
		69C7629ABDA14B1A8EE8B9E7 /* /Users/simonash/Developer/Planetary/src/GyroHelper.cpp */ = {isa = PBXBuildFile; fileRef = 6C4FA2A109BC42ECBE161C57 /* /Users/simonash/Developer/Planetary/src/GyroHelper.cpp */; settings = {COMPILER_FLAGS = "-x objective-c++"; }; };
		6C0788DD6B854166BAB00F81 /* /Users/simonash/Developer/Planetary/CMakeLists.txt */ = {isa = PBXBuildFile; fileRef = 61E6C040FB644A5D81981E70 /* /Users/simonash/Developer/Planetary/CMakeLists.txt */; };
		6F619E538AF34B9B8C9039B7 /* /Users/simonash/Developer/Planetary/src/Dust.cpp */ = {isa = PBXBuildFile; fileRef = AF418005AA5844D48105322B /* /Users/simonash/Developer/Planetary/src/Dust.cpp */; settings = {COMPILER_FLAGS = "-x objective-c++"; }; };
		6F890FBF98F34EA08A7D22A8 /* /Users/simonash/Developer/Planetary/src/BloomGl.cpp */ = {isa = PBXBuildFile; fileRef = E002B3B86AA24B60BD1AB36E /* /Users/simonash/Developer/Planetary/src/BloomGl.cpp */; settings = {COMPILER_FLAGS = "-x objective-c++"; }; };
		7296501FA9A04854A6E57072 /* /Users/simonash/Downloads/Xcode-beta.app/Contents/Developer/Platforms/iPhoneSimulator.platform/Developer/SDKs/iPhoneSimulator27.0.sdk/System/Library/Frameworks/CoreGraphics.framework */ = {isa = PBXBuildFile; fileRef = 84F1C6130A8444B8BA19ADB8 /* /Users/simonash/Downloads/Xcode-beta.app/Contents/Developer/Platforms/iPhoneSimulator.platform/Developer/SDKs/iPhoneSimulator27.0.sdk/System/Library/Frameworks/CoreGraphics.framework */; };
		7383CB8CAE874BBB9886D92D /* /Users/simonash/Downloads/Xcode-beta.app/Contents/Developer/Platforms/iPhoneSimulator.platform/Developer/SDKs/iPhoneSimulator27.0.sdk/System/Library/Frameworks/CoreMedia.framework */ = {isa = PBXBuildFile; fileRef = C49B2998055449EAB5BED8F9 /* /Users/simonash/Downloads/Xcode-beta.app/Contents/Developer/Platforms/iPhoneSimulator.platform/Developer/SDKs/iPhoneSimulator27.0.sdk/System/Library/Frameworks/CoreMedia.framework */; };
		769AEF662DE34A07A2C71020 /* /Users/simonash/Developer/Planetary/blocks/CinderIPod/src/CinderIPodPlayer.mm */ = {isa = PBXBuildFile; fileRef = F2F35F9AD8BB40BFA7630233 /* /Users/simonash/Developer/Planetary/blocks/CinderIPod/src/CinderIPodPlayer.mm */; };
		76F1D6302BE44CDC887E8AA9 /* /Users/simonash/Developer/Planetary/src/Particle.cpp */ = {isa = PBXBuildFile; fileRef = 4041E59EEC1F48C883481289 /* /Users/simonash/Developer/Planetary/src/Particle.cpp */; settings = {COMPILER_FLAGS = "-x objective-c++"; }; };
		79A5EEEBE0F94B19B78B0338 /* /Users/simonash/Developer/Planetary/src/NodeArtist.cpp */ = {isa = PBXBuildFile; fileRef = 45D8F656D5494939842F97AB /* /Users/simonash/Developer/Planetary/src/NodeArtist.cpp */; settings = {COMPILER_FLAGS = "-x objective-c++"; }; };
		7C557884BFE94B5A841A3CAC /* /Users/simonash/Developer/Planetary/src/LoadingScreen.cpp */ = {isa = PBXBuildFile; fileRef = 2C6A43A0EE74443D99E7CD16 /* /Users/simonash/Developer/Planetary/src/LoadingScreen.cpp */; settings = {COMPILER_FLAGS = "-x objective-c++"; }; };
		85AE7EBB0EC5479B84673CEE /* /Users/simonash/Developer/Planetary/blocks/CinderIPod/src/CinderIPodPlayerImpl.mm */ = {isa = PBXBuildFile; fileRef = D9EB6CC3383E4E4DA2C9AE45 /* /Users/simonash/Developer/Planetary/blocks/CinderIPod/src/CinderIPodPlayerImpl.mm */; };
		87F53F9F6FE4438287B3466B /* /Users/simonash/Developer/Planetary/src/Galaxy.cpp */ = {isa = PBXBuildFile; fileRef = 08448E75B38E479DA894BC41 /* /Users/simonash/Developer/Planetary/src/Galaxy.cpp */; settings = {COMPILER_FLAGS = "-x objective-c++"; }; };
		8875AFFE6C6F4DD095B95CBC /* /Users/simonash/Developer/Planetary/src/Stats.cpp */ = {isa = PBXBuildFile; fileRef = 4E984E03D1CD490993C43CC3 /* /Users/simonash/Developer/Planetary/src/Stats.cpp */; settings = {COMPILER_FLAGS = "-x objective-c++"; }; };
		8B62F45AD7084C539889537B /* /Users/simonash/Developer/Planetary/src/TimeLabel.cpp */ = {isa = PBXBuildFile; fileRef = 0C455F23480C4FC18D73330F /* /Users/simonash/Developer/Planetary/src/TimeLabel.cpp */; settings = {COMPILER_FLAGS = "-x objective-c++"; }; };
		9015F8A50CCD46B6806545D7 /* /Users/simonash/Developer/Planetary/blocks/CinderOrientation/src/OrientationHelper.mm */ = {isa = PBXBuildFile; fileRef = 723563D628814132B8F03FCF /* /Users/simonash/Developer/Planetary/blocks/CinderOrientation/src/OrientationHelper.mm */; };
		919DF17E7FBC412DAF20EC47 /* /Users/simonash/Developer/Planetary/src/KeplerApp.cpp */ = {isa = PBXBuildFile; fileRef = AEEA475FA5B7486EB64DB3C3 /* /Users/simonash/Developer/Planetary/src/KeplerApp.cpp */; settings = {COMPILER_FLAGS = "-x objective-c++"; }; };
		946BD2D5B1FC4A8CAEC809C2 /* /Users/simonash/Developer/Planetary/src/Shadow.cpp */ = {isa = PBXBuildFile; fileRef = F827241DEDEE4A48B3B2CB9E /* /Users/simonash/Developer/Planetary/src/Shadow.cpp */; settings = {COMPILER_FLAGS = "-x objective-c++"; }; };
		9B83AF7BA8334EEAAB6E2829 /* /Users/simonash/Developer/Planetary/src/Stars.cpp */ = {isa = PBXBuildFile; fileRef = 0C4D9897AAEB47B6BF96C4E0 /* /Users/simonash/Developer/Planetary/src/Stars.cpp */; settings = {COMPILER_FLAGS = "-x objective-c++"; }; };
		9DEFFD8B65D3424A92F75816 /* /Users/simonash/Developer/Planetary/blocks/BloomScene/src/BloomNode.cpp */ = {isa = PBXBuildFile; fileRef = BA2F181115334DC488062379 /* /Users/simonash/Developer/Planetary/blocks/BloomScene/src/BloomNode.cpp */; settings = {COMPILER_FLAGS = "-x objective-c++"; }; };
		A1EB99B4EC0C476899DF4546 /* /Users/simonash/Downloads/Xcode-beta.app/Contents/Developer/Platforms/iPhoneSimulator.platform/Developer/SDKs/iPhoneSimulator27.0.sdk/System/Library/Frameworks/MediaPlayer.framework */ = {isa = PBXBuildFile; fileRef = CF3CB3223F92462690CD439C /* /Users/simonash/Downloads/Xcode-beta.app/Contents/Developer/Platforms/iPhoneSimulator.platform/Developer/SDKs/iPhoneSimulator27.0.sdk/System/Library/Frameworks/MediaPlayer.framework */; };
		A370FE176FED4F4D901E08FF /* /Users/simonash/Developer/Planetary/src/OrbitRing.cpp */ = {isa = PBXBuildFile; fileRef = 26F52E1E182E4D8B94AE3E72 /* /Users/simonash/Developer/Planetary/src/OrbitRing.cpp */; settings = {COMPILER_FLAGS = "-x objective-c++"; }; };
		A8C67823660F48DA8EBD3759 /* /Users/simonash/Developer/Planetary/src/Vignette.cpp */ = {isa = PBXBuildFile; fileRef = CC81BBA100644698A3A212B6 /* /Users/simonash/Developer/Planetary/src/Vignette.cpp */; settings = {COMPILER_FLAGS = "-x objective-c++"; }; };
		A8FB81C131A049CAAB21F56C /* /Users/simonash/Developer/Planetary/src/TextLabel.cpp */ = {isa = PBXBuildFile; fileRef = E0E86A29FDC8488A941D818E /* /Users/simonash/Developer/Planetary/src/TextLabel.cpp */; settings = {COMPILER_FLAGS = "-x objective-c++"; }; };
		AFFE68A79FA4426C8B3D78E9 /* /Users/simonash/Developer/Planetary/src/LetterFilter.cpp */ = {isa = PBXBuildFile; fileRef = D2BB0362CC81484483B23A04 /* /Users/simonash/Developer/Planetary/src/LetterFilter.cpp */; settings = {COMPILER_FLAGS = "-x objective-c++"; }; };
		B3EB111B044347B4AA5E79A4 /* /Users/simonash/Developer/Planetary/src/StringHelpers.mm */ = {isa = PBXBuildFile; fileRef = 042F151EC75F49BA940A62B2 /* /Users/simonash/Developer/Planetary/src/StringHelpers.mm */; };
		B6D3D450039545548B37CE43 /* /Users/simonash/Developer/Planetary/src/SettingsPanel.cpp */ = {isa = PBXBuildFile; fileRef = 204F146CAA7A496C934C043A /* /Users/simonash/Developer/Planetary/src/SettingsPanel.cpp */; settings = {COMPILER_FLAGS = "-x objective-c++"; }; };
		B8FF18E032F941D39C849ADE /* /Users/simonash/Downloads/Xcode-beta.app/Contents/Developer/Platforms/iPhoneSimulator.platform/Developer/SDKs/iPhoneSimulator27.0.sdk/System/Library/Frameworks/UIKit.framework */ = {isa = PBXBuildFile; fileRef = 3F2B7AD7F443416C88964C1D /* /Users/simonash/Downloads/Xcode-beta.app/Contents/Developer/Platforms/iPhoneSimulator.platform/Developer/SDKs/iPhoneSimulator27.0.sdk/System/Library/Frameworks/UIKit.framework */; };
		BB94B3116F334ABE860654C8 /* /Users/simonash/Developer/Planetary/src/TextureRect.cpp */ = {isa = PBXBuildFile; fileRef = 681CA04D4A1E491A8D62D42E /* /Users/simonash/Developer/Planetary/src/TextureRect.cpp */; settings = {COMPILER_FLAGS = "-x objective-c++"; }; };
		BE6CD60ADABC4BE1899B99EE /* /Users/simonash/Downloads/Xcode-beta.app/Contents/Developer/Platforms/iPhoneSimulator.platform/Developer/SDKs/iPhoneSimulator27.0.sdk/System/Library/Frameworks/AVFAudio.framework */ = {isa = PBXBuildFile; fileRef = A2DF90757FE64F8F96FEECAF /* /Users/simonash/Downloads/Xcode-beta.app/Contents/Developer/Platforms/iPhoneSimulator.platform/Developer/SDKs/iPhoneSimulator27.0.sdk/System/Library/Frameworks/AVFAudio.framework */; };
		C7778E725A6149FA8752916F /* /Users/simonash/Downloads/Xcode-beta.app/Contents/Developer/Platforms/iPhoneSimulator.platform/Developer/SDKs/iPhoneSimulator27.0.sdk/System/Library/Frameworks/QuartzCore.framework */ = {isa = PBXBuildFile; fileRef = 3CF094D544E140E49E20D4A5 /* /Users/simonash/Downloads/Xcode-beta.app/Contents/Developer/Platforms/iPhoneSimulator.platform/Developer/SDKs/iPhoneSimulator27.0.sdk/System/Library/Frameworks/QuartzCore.framework */; };
		D06EB0443A7B403F81025FA1 /* /Users/simonash/Developer/Planetary/src/Data.cpp */ = {isa = PBXBuildFile; fileRef = 983C88BE64194B04A82359CE /* /Users/simonash/Developer/Planetary/src/Data.cpp */; settings = {COMPILER_FLAGS = "-x objective-c++"; }; };
		D76FDCDC06D64048AEBA19DB /* /Users/simonash/Downloads/Xcode-beta.app/Contents/Developer/Platforms/iPhoneSimulator.platform/Developer/SDKs/iPhoneSimulator27.0.sdk/System/Library/Frameworks/Accelerate.framework */ = {isa = PBXBuildFile; fileRef = 3D7FA90392CE4D3BA55EA0F0 /* /Users/simonash/Downloads/Xcode-beta.app/Contents/Developer/Platforms/iPhoneSimulator.platform/Developer/SDKs/iPhoneSimulator27.0.sdk/System/Library/Frameworks/Accelerate.framework */; };
		DCE3EFA10CC0482A90AB7A4F /* /Users/simonash/Developer/Planetary/src/BloomSphere.cpp */ = {isa = PBXBuildFile; fileRef = D291D38D2B564DA2BE949AC5 /* /Users/simonash/Developer/Planetary/src/BloomSphere.cpp */; settings = {COMPILER_FLAGS = "-x objective-c++"; }; };
		E04274C965AF40368CE6435F /* /Users/simonash/Developer/Planetary/blocks/CinderOrientation/src/Orientation.cpp */ = {isa = PBXBuildFile; fileRef = E5A05C2BCACA467499C5B2E6 /* /Users/simonash/Developer/Planetary/blocks/CinderOrientation/src/Orientation.cpp */; settings = {COMPILER_FLAGS = "-x objective-c++"; }; };
		E146C050CF3D4174BD25C763 /* /Users/simonash/Developer/Planetary/build-iossim/CMakeFiles/Planetary.dir/Info.plist */ = {isa = PBXBuildFile; fileRef = 4F15EEA70CC54E53AC2A5D71 /* /Users/simonash/Developer/Planetary/build-iossim/CMakeFiles/Planetary.dir/Info.plist */; };
		E1A2AA3B68B14095B2319979 /* /Users/simonash/Developer/Planetary/src/HelpLayer.cpp */ = {isa = PBXBuildFile; fileRef = FF1ED844FC6841A7A0FB87C6 /* /Users/simonash/Developer/Planetary/src/HelpLayer.cpp */; settings = {COMPILER_FLAGS = "-x objective-c++"; }; };
		E5477CF5D122411AB48F8D51 /* /Users/simonash/Downloads/Xcode-beta.app/Contents/Developer/Platforms/iPhoneSimulator.platform/Developer/SDKs/iPhoneSimulator27.0.sdk/System/Library/Frameworks/CoreVideo.framework */ = {isa = PBXBuildFile; fileRef = 73F04D75AF61422694BBEA86 /* /Users/simonash/Downloads/Xcode-beta.app/Contents/Developer/Platforms/iPhoneSimulator.platform/Developer/SDKs/iPhoneSimulator27.0.sdk/System/Library/Frameworks/CoreVideo.framework */; };
		E5C55FE6E6BE4ADEB1ECFF30 /* /Users/simonash/Downloads/Xcode-beta.app/Contents/Developer/Platforms/iPhoneSimulator.platform/Developer/SDKs/iPhoneSimulator27.0.sdk/System/Library/Frameworks/Foundation.framework */ = {isa = PBXBuildFile; fileRef = BB32994443BB4CA8A2C7AFCD /* /Users/simonash/Downloads/Xcode-beta.app/Contents/Developer/Platforms/iPhoneSimulator.platform/Developer/SDKs/iPhoneSimulator27.0.sdk/System/Library/Frameworks/Foundation.framework */; };
		E99546F108D64A6A8C7F0F68 /* /Users/simonash/Developer/Planetary/src/PlaylistFilter.cpp */ = {isa = PBXBuildFile; fileRef = D535236D2C6944C4A4064EC0 /* /Users/simonash/Developer/Planetary/src/PlaylistFilter.cpp */; settings = {COMPILER_FLAGS = "-x objective-c++"; }; };
		E9F9F43B780D4F88B926DF48 /* /Users/simonash/Developer/Planetary/src/World.cpp */ = {isa = PBXBuildFile; fileRef = 9A1125B069CA46119B3A495D /* /Users/simonash/Developer/Planetary/src/World.cpp */; settings = {COMPILER_FLAGS = "-x objective-c++"; }; };
		EB9AEDB477EA46F5BD3C6150 /* /Users/simonash/Developer/Planetary/src/NodeAlbum.cpp */ = {isa = PBXBuildFile; fileRef = C3E160529F2847F4BED88533 /* /Users/simonash/Developer/Planetary/src/NodeAlbum.cpp */; settings = {COMPILER_FLAGS = "-x objective-c++"; }; };
		ED0696E98BC1462B8E29A1CE /* /Users/simonash/Developer/Planetary/blocks/CinderIPod/src/CinderIPod.mm */ = {isa = PBXBuildFile; fileRef = ADE90D2484424E71A689C621 /* /Users/simonash/Developer/Planetary/blocks/CinderIPod/src/CinderIPod.mm */; };
		ED84B27A3C144200B500B4F8 /* /Users/simonash/Downloads/Xcode-beta.app/Contents/Developer/Platforms/iPhoneSimulator.platform/Developer/SDKs/iPhoneSimulator27.0.sdk/System/Library/Frameworks/CoreMotion.framework */ = {isa = PBXBuildFile; fileRef = 577942C178614B21A1389CD2 /* /Users/simonash/Downloads/Xcode-beta.app/Contents/Developer/Platforms/iPhoneSimulator.platform/Developer/SDKs/iPhoneSimulator27.0.sdk/System/Library/Frameworks/CoreMotion.framework */; };
		EE886EF3B61B4AF89C081E70 /* /Users/simonash/Developer/Planetary/src/ParticleController.cpp */ = {isa = PBXBuildFile; fileRef = 01B87E8882BB42D78094DC50 /* /Users/simonash/Developer/Planetary/src/ParticleController.cpp */; settings = {COMPILER_FLAGS = "-x objective-c++"; }; };
		EF069121E920450FB5F7A36D /* /Users/simonash/Downloads/Xcode-beta.app/Contents/Developer/Platforms/iPhoneSimulator.platform/Developer/SDKs/iPhoneSimulator27.0.sdk/System/Library/Frameworks/ImageIO.framework */ = {isa = PBXBuildFile; fileRef = 01287B8D70854D1D806D8EA6 /* /Users/simonash/Downloads/Xcode-beta.app/Contents/Developer/Platforms/iPhoneSimulator.platform/Developer/SDKs/iPhoneSimulator27.0.sdk/System/Library/Frameworks/ImageIO.framework */; };
		EF5D8B5221E84C86B0C0C292 /* /Users/simonash/Developer/Planetary/src/PlayControls.cpp */ = {isa = PBXBuildFile; fileRef = 08C8B3637324451489602191 /* /Users/simonash/Developer/Planetary/src/PlayControls.cpp */; settings = {COMPILER_FLAGS = "-x objective-c++"; }; };
		F3C42B37220C4413B342144D /* /Users/simonash/Developer/Planetary/src/Node.cpp */ = {isa = PBXBuildFile; fileRef = 55D3A3D5F10549ACB253128E /* /Users/simonash/Developer/Planetary/src/Node.cpp */; settings = {COMPILER_FLAGS = "-x objective-c++"; }; };
/* End PBXBuildFile section */

/* Begin PBXBuildStyle section */
		062457760FE3496DA58A0AC4 /* Debug */ = {
			isa = PBXBuildStyle;
			buildSettings = {
				COPY_PHASE_STRIP = NO;
			};
			name = Debug;
		};
		1FE8AE07DF0244B1A02DCD63 /* Release */ = {
			isa = PBXBuildStyle;
			buildSettings = {
				COPY_PHASE_STRIP = NO;
			};
			name = Release;
		};
		770F269DEEAD4183B0BBB43A /* RelWithDebInfo */ = {
			isa = PBXBuildStyle;
			buildSettings = {
				COPY_PHASE_STRIP = NO;
			};
			name = RelWithDebInfo;
		};
		D895A19916754D71AAD8BD69 /* MinSizeRel */ = {
			isa = PBXBuildStyle;
			buildSettings = {
				COPY_PHASE_STRIP = NO;
			};
			name = MinSizeRel;
		};
/* End PBXBuildStyle section */

/* Begin PBXContainerItemProxy section */
		1337CD8AC3DB49C49EE27A3B /* PBXContainerItemProxy */ = {
			isa = PBXContainerItemProxy;
			containerPortal = 010264922149466B99DB0F48 /* Project object */;
			proxyType = 1;
			remoteGlobalIDString = 1F20E44D0CCDA52C7476E26B;
			remoteInfo = ZERO_CHECK;
		};
		1B5E46B2128F401485631B06 /* PBXContainerItemProxy */ = {
			isa = PBXContainerItemProxy;
			containerPortal = 010264922149466B99DB0F48 /* Project object */;
			proxyType = 1;
			remoteGlobalIDString = 1F20E44D0CCDA52C7476E26B;
			remoteInfo = ZERO_CHECK;
		};
		4083D100748047D980E0F500 /* PBXContainerItemProxy */ = {
			isa = PBXContainerItemProxy;
			containerPortal = 010264922149466B99DB0F48 /* Project object */;
			proxyType = 1;
			remoteGlobalIDString = 952F277250299AF449AC4AD5;
			remoteInfo = Planetary;
		};
/* End PBXContainerItemProxy section */

/* Begin PBXFileReference section */
		01287B8D70854D1D806D8EA6 /* /Users/simonash/Downloads/Xcode-beta.app/Contents/Developer/Platforms/iPhoneSimulator.platform/Developer/SDKs/iPhoneSimulator27.0.sdk/System/Library/Frameworks/ImageIO.framework */ = {isa = PBXFileReference; fileEncoding = 4; lastKnownFileType = wrapper.framework; name = ImageIO.framework; path = "/Users/simonash/Downloads/Xcode-beta.app/Contents/Developer/Platforms/iPhoneSimulator.platform/Developer/SDKs/iPhoneSimulator27.0.sdk/System/Library/Frameworks/ImageIO.framework"; sourceTree = "<absolute>"; };
		01B87E8882BB42D78094DC50 /* /Users/simonash/Developer/Planetary/src/ParticleController.cpp */ = {isa = PBXFileReference; explicitFileType = sourcecode.cpp.cpp; fileEncoding = 4; name = ParticleController.cpp; path = src/ParticleController.cpp; sourceTree = SOURCE_ROOT; };
		01E480530ADE4B74AB3CC228 /* /Users/simonash/Developer/Planetary/src/UiLayer.cpp */ = {isa = PBXFileReference; explicitFileType = sourcecode.cpp.cpp; fileEncoding = 4; name = UiLayer.cpp; path = src/UiLayer.cpp; sourceTree = SOURCE_ROOT; };
		02BE6F9B408C4C0393B2E10A /* /Users/simonash/Developer/Planetary/blocks/CinderSpotify/src/CinderSpotify.mm */ = {isa = PBXFileReference; explicitFileType = sourcecode.cpp.objcpp; fileEncoding = 4; name = CinderSpotify.mm; path = blocks/CinderSpotify/src/CinderSpotify.mm; sourceTree = SOURCE_ROOT; };
		042F151EC75F49BA940A62B2 /* /Users/simonash/Developer/Planetary/src/StringHelpers.mm */ = {isa = PBXFileReference; explicitFileType = sourcecode.cpp.objcpp; fileEncoding = 4; name = StringHelpers.mm; path = src/StringHelpers.mm; sourceTree = SOURCE_ROOT; };
		08448E75B38E479DA894BC41 /* /Users/simonash/Developer/Planetary/src/Galaxy.cpp */ = {isa = PBXFileReference; explicitFileType = sourcecode.cpp.cpp; fileEncoding = 4; name = Galaxy.cpp; path = src/Galaxy.cpp; sourceTree = SOURCE_ROOT; };
		08C8B3637324451489602191 /* /Users/simonash/Developer/Planetary/src/PlayControls.cpp */ = {isa = PBXFileReference; explicitFileType = sourcecode.cpp.cpp; fileEncoding = 4; name = PlayControls.cpp; path = src/PlayControls.cpp; sourceTree = SOURCE_ROOT; };
		0A4637664D3A4D64A0158A15 /* /Users/simonash/Developer/Planetary/src/State.cpp */ = {isa = PBXFileReference; explicitFileType = sourcecode.cpp.cpp; fileEncoding = 4; name = State.cpp; path = src/State.cpp; sourceTree = SOURCE_ROOT; };
		0C455F23480C4FC18D73330F /* /Users/simonash/Developer/Planetary/src/TimeLabel.cpp */ = {isa = PBXFileReference; explicitFileType = sourcecode.cpp.cpp; fileEncoding = 4; name = TimeLabel.cpp; path = src/TimeLabel.cpp; sourceTree = SOURCE_ROOT; };
		0C4D9897AAEB47B6BF96C4E0 /* /Users/simonash/Developer/Planetary/src/Stars.cpp */ = {isa = PBXFileReference; explicitFileType = sourcecode.cpp.cpp; fileEncoding = 4; name = Stars.cpp; path = src/Stars.cpp; sourceTree = SOURCE_ROOT; };
		0D4AB43C8DC44311A43C256C /* /Users/simonash/Developer/Planetary/src/StarGlows.cpp */ = {isa = PBXFileReference; explicitFileType = sourcecode.cpp.cpp; fileEncoding = 4; name = StarGlows.cpp; path = src/StarGlows.cpp; sourceTree = SOURCE_ROOT; };
		13C1C05350954DB3A9E86376 /* /Users/simonash/Developer/Planetary/blocks/BloomScene/src/OrientationNode.cpp */ = {isa = PBXFileReference; explicitFileType = sourcecode.cpp.cpp; fileEncoding = 4; name = OrientationNode.cpp; path = blocks/BloomScene/src/OrientationNode.cpp; sourceTree = SOURCE_ROOT; };
		183E24C5A30C4850BDA78799 /* /Users/simonash/Developer/Planetary/src/PlaylistChooser.cpp */ = {isa = PBXFileReference; explicitFileType = sourcecode.cpp.cpp; fileEncoding = 4; name = PlaylistChooser.cpp; path = src/PlaylistChooser.cpp; sourceTree = SOURCE_ROOT; };
		1B0514C4C75A4067B6A48B0A /* /Users/simonash/Downloads/Xcode-beta.app/Contents/Developer/Platforms/iPhoneSimulator.platform/Developer/SDKs/iPhoneSimulator27.0.sdk/System/Library/Frameworks/CoreAudio.framework */ = {isa = PBXFileReference; fileEncoding = 4; lastKnownFileType = wrapper.framework; name = CoreAudio.framework; path = "/Users/simonash/Downloads/Xcode-beta.app/Contents/Developer/Platforms/iPhoneSimulator.platform/Developer/SDKs/iPhoneSimulator27.0.sdk/System/Library/Frameworks/CoreAudio.framework"; sourceTree = "<absolute>"; };
		1D529DB225014ED5887F4F79 /* /Users/simonash/Downloads/Xcode-beta.app/Contents/Developer/Platforms/iPhoneSimulator.platform/Developer/SDKs/iPhoneSimulator27.0.sdk/System/Library/Frameworks/AuthenticationServices.framework */ = {isa = PBXFileReference; fileEncoding = 4; lastKnownFileType = wrapper.framework; name = AuthenticationServices.framework; path = "/Users/simonash/Downloads/Xcode-beta.app/Contents/Developer/Platforms/iPhoneSimulator.platform/Developer/SDKs/iPhoneSimulator27.0.sdk/System/Library/Frameworks/AuthenticationServices.framework"; sourceTree = "<absolute>"; };
		204F146CAA7A496C934C043A /* /Users/simonash/Developer/Planetary/src/SettingsPanel.cpp */ = {isa = PBXFileReference; explicitFileType = sourcecode.cpp.cpp; fileEncoding = 4; name = SettingsPanel.cpp; path = src/SettingsPanel.cpp; sourceTree = SOURCE_ROOT; };
		26F52E1E182E4D8B94AE3E72 /* /Users/simonash/Developer/Planetary/src/OrbitRing.cpp */ = {isa = PBXFileReference; explicitFileType = sourcecode.cpp.cpp; fileEncoding = 4; name = OrbitRing.cpp; path = src/OrbitRing.cpp; sourceTree = SOURCE_ROOT; };
		28C539C24D2D4F1992590B62 /* /Users/simonash/Downloads/Xcode-beta.app/Contents/Developer/Platforms/iPhoneSimulator.platform/Developer/SDKs/iPhoneSimulator27.0.sdk/System/Library/Frameworks/AudioToolbox.framework */ = {isa = PBXFileReference; fileEncoding = 4; lastKnownFileType = wrapper.framework; name = AudioToolbox.framework; path = "/Users/simonash/Downloads/Xcode-beta.app/Contents/Developer/Platforms/iPhoneSimulator.platform/Developer/SDKs/iPhoneSimulator27.0.sdk/System/Library/Frameworks/AudioToolbox.framework"; sourceTree = "<absolute>"; };
		2C6A43A0EE74443D99E7CD16 /* /Users/simonash/Developer/Planetary/src/LoadingScreen.cpp */ = {isa = PBXFileReference; explicitFileType = sourcecode.cpp.cpp; fileEncoding = 4; name = LoadingScreen.cpp; path = src/LoadingScreen.cpp; sourceTree = SOURCE_ROOT; };
		34523750C6F6401D9EC0E2C4 /* /Users/simonash/Developer/Planetary/CMakeLists.txt */ = {isa = PBXFileReference; explicitFileType = sourcecode.text; fileEncoding = 4; name = CMakeLists.txt; path = CMakeLists.txt; sourceTree = SOURCE_ROOT; };
		3CF094D544E140E49E20D4A5 /* /Users/simonash/Downloads/Xcode-beta.app/Contents/Developer/Platforms/iPhoneSimulator.platform/Developer/SDKs/iPhoneSimulator27.0.sdk/System/Library/Frameworks/QuartzCore.framework */ = {isa = PBXFileReference; fileEncoding = 4; lastKnownFileType = wrapper.framework; name = QuartzCore.framework; path = "/Users/simonash/Downloads/Xcode-beta.app/Contents/Developer/Platforms/iPhoneSimulator.platform/Developer/SDKs/iPhoneSimulator27.0.sdk/System/Library/Frameworks/QuartzCore.framework"; sourceTree = "<absolute>"; };
		3D7FA90392CE4D3BA55EA0F0 /* /Users/simonash/Downloads/Xcode-beta.app/Contents/Developer/Platforms/iPhoneSimulator.platform/Developer/SDKs/iPhoneSimulator27.0.sdk/System/Library/Frameworks/Accelerate.framework */ = {isa = PBXFileReference; fileEncoding = 4; lastKnownFileType = wrapper.framework; name = Accelerate.framework; path = "/Users/simonash/Downloads/Xcode-beta.app/Contents/Developer/Platforms/iPhoneSimulator.platform/Developer/SDKs/iPhoneSimulator27.0.sdk/System/Library/Frameworks/Accelerate.framework"; sourceTree = "<absolute>"; };
		3DBB4DA2DDCE4B088065C3A3 /* Planetary */ = {isa = PBXFileReference; explicitFileType = "compiled.mach-o.executable"; path = Planetary; sourceTree = BUILT_PRODUCTS_DIR; };
		3F2B7AD7F443416C88964C1D /* /Users/simonash/Downloads/Xcode-beta.app/Contents/Developer/Platforms/iPhoneSimulator.platform/Developer/SDKs/iPhoneSimulator27.0.sdk/System/Library/Frameworks/UIKit.framework */ = {isa = PBXFileReference; fileEncoding = 4; lastKnownFileType = wrapper.framework; name = UIKit.framework; path = "/Users/simonash/Downloads/Xcode-beta.app/Contents/Developer/Platforms/iPhoneSimulator.platform/Developer/SDKs/iPhoneSimulator27.0.sdk/System/Library/Frameworks/UIKit.framework"; sourceTree = "<absolute>"; };
		4041E59EEC1F48C883481289 /* /Users/simonash/Developer/Planetary/src/Particle.cpp */ = {isa = PBXFileReference; explicitFileType = sourcecode.cpp.cpp; fileEncoding = 4; name = Particle.cpp; path = src/Particle.cpp; sourceTree = SOURCE_ROOT; };
		45D8F656D5494939842F97AB /* /Users/simonash/Developer/Planetary/src/NodeArtist.cpp */ = {isa = PBXFileReference; explicitFileType = sourcecode.cpp.cpp; fileEncoding = 4; name = NodeArtist.cpp; path = src/NodeArtist.cpp; sourceTree = SOURCE_ROOT; };
		4E984E03D1CD490993C43CC3 /* /Users/simonash/Developer/Planetary/src/Stats.cpp */ = {isa = PBXFileReference; explicitFileType = sourcecode.cpp.cpp; fileEncoding = 4; name = Stats.cpp; path = src/Stats.cpp; sourceTree = SOURCE_ROOT; };
		4F15EEA70CC54E53AC2A5D71 /* /Users/simonash/Developer/Planetary/build-iossim/CMakeFiles/Planetary.dir/Info.plist */ = {isa = PBXFileReference; explicitFileType = sourcecode.text.plist; fileEncoding = 4; name = Info.plist; path = "build-iossim/CMakeFiles/Planetary.dir/Info.plist"; sourceTree = SOURCE_ROOT; };
		55A305EFED274A6B85DDCCDA /* /Users/simonash/Developer/Planetary/src/NodeTrack.cpp */ = {isa = PBXFileReference; explicitFileType = sourcecode.cpp.cpp; fileEncoding = 4; name = NodeTrack.cpp; path = src/NodeTrack.cpp; sourceTree = SOURCE_ROOT; };
		55D3A3D5F10549ACB253128E /* /Users/simonash/Developer/Planetary/src/Node.cpp */ = {isa = PBXFileReference; explicitFileType = sourcecode.cpp.cpp; fileEncoding = 4; name = Node.cpp; path = src/Node.cpp; sourceTree = SOURCE_ROOT; };
		577942C178614B21A1389CD2 /* /Users/simonash/Downloads/Xcode-beta.app/Contents/Developer/Platforms/iPhoneSimulator.platform/Developer/SDKs/iPhoneSimulator27.0.sdk/System/Library/Frameworks/CoreMotion.framework */ = {isa = PBXFileReference; fileEncoding = 4; lastKnownFileType = wrapper.framework; name = CoreMotion.framework; path = "/Users/simonash/Downloads/Xcode-beta.app/Contents/Developer/Platforms/iPhoneSimulator.platform/Developer/SDKs/iPhoneSimulator27.0.sdk/System/Library/Frameworks/CoreMotion.framework"; sourceTree = "<absolute>"; };
		5892B342AD5B467DA92D6881 /* /Users/simonash/Developer/Planetary/blocks/BloomScene/src/BloomScene.cpp */ = {isa = PBXFileReference; explicitFileType = sourcecode.cpp.cpp; fileEncoding = 4; name = BloomScene.cpp; path = blocks/BloomScene/src/BloomScene.cpp; sourceTree = SOURCE_ROOT; };
		5AB2E6ACDA094F2EAD334297 /* /Users/simonash/Developer/Planetary/src/ScrollingLabel.cpp */ = {isa = PBXFileReference; explicitFileType = sourcecode.cpp.cpp; fileEncoding = 4; name = ScrollingLabel.cpp; path = src/ScrollingLabel.cpp; sourceTree = SOURCE_ROOT; };
		5E1C190CE431441AB62780B9 /* /Users/simonash/Downloads/Xcode-beta.app/Contents/Developer/Platforms/iPhoneSimulator.platform/Developer/SDKs/iPhoneSimulator27.0.sdk/System/Library/Frameworks/MobileCoreServices.framework */ = {isa = PBXFileReference; fileEncoding = 4; lastKnownFileType = wrapper.framework; name = MobileCoreServices.framework; path = "/Users/simonash/Downloads/Xcode-beta.app/Contents/Developer/Platforms/iPhoneSimulator.platform/Developer/SDKs/iPhoneSimulator27.0.sdk/System/Library/Frameworks/MobileCoreServices.framework"; sourceTree = "<absolute>"; };
		61E6C040FB644A5D81981E70 /* /Users/simonash/Developer/Planetary/CMakeLists.txt */ = {isa = PBXFileReference; explicitFileType = sourcecode.text; fileEncoding = 4; name = CMakeLists.txt; path = CMakeLists.txt; sourceTree = SOURCE_ROOT; };
		6522EB32C99E44BAB5BB040F /* /Users/simonash/Developer/Planetary/src/Constellation.cpp */ = {isa = PBXFileReference; explicitFileType = sourcecode.cpp.cpp; fileEncoding = 4; name = Constellation.cpp; path = src/Constellation.cpp; sourceTree = SOURCE_ROOT; };
		66EE2D4D61334141A8FC2216 /* /Users/simonash/Developer/Planetary/src/TextureLoader.cpp */ = {isa = PBXFileReference; explicitFileType = sourcecode.cpp.cpp; fileEncoding = 4; name = TextureLoader.cpp; path = src/TextureLoader.cpp; sourceTree = SOURCE_ROOT; };
		681CA04D4A1E491A8D62D42E /* /Users/simonash/Developer/Planetary/src/TextureRect.cpp */ = {isa = PBXFileReference; explicitFileType = sourcecode.cpp.cpp; fileEncoding = 4; name = TextureRect.cpp; path = src/TextureRect.cpp; sourceTree = SOURCE_ROOT; };
		6C4FA2A109BC42ECBE161C57 /* /Users/simonash/Developer/Planetary/src/GyroHelper.cpp */ = {isa = PBXFileReference; explicitFileType = sourcecode.cpp.cpp; fileEncoding = 4; name = GyroHelper.cpp; path = src/GyroHelper.cpp; sourceTree = SOURCE_ROOT; };
		703990BAF444425C9074B4E0 /* /Users/simonash/Developer/Planetary/blocks/CinderSpotify/src/SpotifyPlayer.mm */ = {isa = PBXFileReference; explicitFileType = sourcecode.cpp.objcpp; fileEncoding = 4; name = SpotifyPlayer.mm; path = blocks/CinderSpotify/src/SpotifyPlayer.mm; sourceTree = SOURCE_ROOT; };
		723563D628814132B8F03FCF /* /Users/simonash/Developer/Planetary/blocks/CinderOrientation/src/OrientationHelper.mm */ = {isa = PBXFileReference; explicitFileType = sourcecode.cpp.objcpp; fileEncoding = 4; name = OrientationHelper.mm; path = blocks/CinderOrientation/src/OrientationHelper.mm; sourceTree = SOURCE_ROOT; };
		73F04D75AF61422694BBEA86 /* /Users/simonash/Downloads/Xcode-beta.app/Contents/Developer/Platforms/iPhoneSimulator.platform/Developer/SDKs/iPhoneSimulator27.0.sdk/System/Library/Frameworks/CoreVideo.framework */ = {isa = PBXFileReference; fileEncoding = 4; lastKnownFileType = wrapper.framework; name = CoreVideo.framework; path = "/Users/simonash/Downloads/Xcode-beta.app/Contents/Developer/Platforms/iPhoneSimulator.platform/Developer/SDKs/iPhoneSimulator27.0.sdk/System/Library/Frameworks/CoreVideo.framework"; sourceTree = "<absolute>"; };
		80CFC24B2EB94CDC9526AB4E /* /Users/simonash/Developer/Planetary/blocks/BloomTasks/src/TaskQueue.cpp */ = {isa = PBXFileReference; explicitFileType = sourcecode.cpp.cpp; fileEncoding = 4; name = TaskQueue.cpp; path = blocks/BloomTasks/src/TaskQueue.cpp; sourceTree = SOURCE_ROOT; };
		8413B0A0A00D42D5949E8E6F /* /Users/simonash/Developer/Planetary/src/Slider.cpp */ = {isa = PBXFileReference; explicitFileType = sourcecode.cpp.cpp; fileEncoding = 4; name = Slider.cpp; path = src/Slider.cpp; sourceTree = SOURCE_ROOT; };
		84F1C6130A8444B8BA19ADB8 /* /Users/simonash/Downloads/Xcode-beta.app/Contents/Developer/Platforms/iPhoneSimulator.platform/Developer/SDKs/iPhoneSimulator27.0.sdk/System/Library/Frameworks/CoreGraphics.framework */ = {isa = PBXFileReference; fileEncoding = 4; lastKnownFileType = wrapper.framework; name = CoreGraphics.framework; path = "/Users/simonash/Downloads/Xcode-beta.app/Contents/Developer/Platforms/iPhoneSimulator.platform/Developer/SDKs/iPhoneSimulator27.0.sdk/System/Library/Frameworks/CoreGraphics.framework"; sourceTree = "<absolute>"; };
		8A0A6E87EDF14EEAA5D37EB7 /* /Users/simonash/Downloads/Xcode-beta.app/Contents/Developer/Platforms/iPhoneSimulator.platform/Developer/SDKs/iPhoneSimulator27.0.sdk/System/Library/Frameworks/AVFoundation.framework */ = {isa = PBXFileReference; fileEncoding = 4; lastKnownFileType = wrapper.framework; name = AVFoundation.framework; path = "/Users/simonash/Downloads/Xcode-beta.app/Contents/Developer/Platforms/iPhoneSimulator.platform/Developer/SDKs/iPhoneSimulator27.0.sdk/System/Library/Frameworks/AVFoundation.framework"; sourceTree = "<absolute>"; };
		8A222D4BE613459892CC2563 /* /Users/simonash/Developer/Planetary/src/NotificationOverlay.cpp */ = {isa = PBXFileReference; explicitFileType = sourcecode.cpp.cpp; fileEncoding = 4; name = NotificationOverlay.cpp; path = src/NotificationOverlay.cpp; sourceTree = SOURCE_ROOT; };
		983C88BE64194B04A82359CE /* /Users/simonash/Developer/Planetary/src/Data.cpp */ = {isa = PBXFileReference; explicitFileType = sourcecode.cpp.cpp; fileEncoding = 4; name = Data.cpp; path = src/Data.cpp; sourceTree = SOURCE_ROOT; };
		9A1125B069CA46119B3A495D /* /Users/simonash/Developer/Planetary/src/World.cpp */ = {isa = PBXFileReference; explicitFileType = sourcecode.cpp.cpp; fileEncoding = 4; name = World.cpp; path = src/World.cpp; sourceTree = SOURCE_ROOT; };
		A2DF90757FE64F8F96FEECAF /* /Users/simonash/Downloads/Xcode-beta.app/Contents/Developer/Platforms/iPhoneSimulator.platform/Developer/SDKs/iPhoneSimulator27.0.sdk/System/Library/Frameworks/AVFAudio.framework */ = {isa = PBXFileReference; fileEncoding = 4; lastKnownFileType = wrapper.framework; name = AVFAudio.framework; path = "/Users/simonash/Downloads/Xcode-beta.app/Contents/Developer/Platforms/iPhoneSimulator.platform/Developer/SDKs/iPhoneSimulator27.0.sdk/System/Library/Frameworks/AVFAudio.framework"; sourceTree = "<absolute>"; };
		ADE90D2484424E71A689C621 /* /Users/simonash/Developer/Planetary/blocks/CinderIPod/src/CinderIPod.mm */ = {isa = PBXFileReference; explicitFileType = sourcecode.cpp.objcpp; fileEncoding = 4; name = CinderIPod.mm; path = blocks/CinderIPod/src/CinderIPod.mm; sourceTree = SOURCE_ROOT; };
		AEEA475FA5B7486EB64DB3C3 /* /Users/simonash/Developer/Planetary/src/KeplerApp.cpp */ = {isa = PBXFileReference; explicitFileType = sourcecode.cpp.cpp; fileEncoding = 4; name = KeplerApp.cpp; path = src/KeplerApp.cpp; sourceTree = SOURCE_ROOT; };
		AF418005AA5844D48105322B /* /Users/simonash/Developer/Planetary/src/Dust.cpp */ = {isa = PBXFileReference; explicitFileType = sourcecode.cpp.cpp; fileEncoding = 4; name = Dust.cpp; path = src/Dust.cpp; sourceTree = SOURCE_ROOT; };
		BA2F181115334DC488062379 /* /Users/simonash/Developer/Planetary/blocks/BloomScene/src/BloomNode.cpp */ = {isa = PBXFileReference; explicitFileType = sourcecode.cpp.cpp; fileEncoding = 4; name = BloomNode.cpp; path = blocks/BloomScene/src/BloomNode.cpp; sourceTree = SOURCE_ROOT; };
		BB32994443BB4CA8A2C7AFCD /* /Users/simonash/Downloads/Xcode-beta.app/Contents/Developer/Platforms/iPhoneSimulator.platform/Developer/SDKs/iPhoneSimulator27.0.sdk/System/Library/Frameworks/Foundation.framework */ = {isa = PBXFileReference; fileEncoding = 4; lastKnownFileType = wrapper.framework; name = Foundation.framework; path = "/Users/simonash/Downloads/Xcode-beta.app/Contents/Developer/Platforms/iPhoneSimulator.platform/Developer/SDKs/iPhoneSimulator27.0.sdk/System/Library/Frameworks/Foundation.framework"; sourceTree = "<absolute>"; };
		BB4B47EFE0C7484B805DD415 /* /Users/simonash/Developer/Planetary/blocks/CinderSpotify/src/SpotifyAuth.mm */ = {isa = PBXFileReference; explicitFileType = sourcecode.cpp.objcpp; fileEncoding = 4; name = SpotifyAuth.mm; path = blocks/CinderSpotify/src/SpotifyAuth.mm; sourceTree = SOURCE_ROOT; };
		C3E160529F2847F4BED88533 /* /Users/simonash/Developer/Planetary/src/NodeAlbum.cpp */ = {isa = PBXFileReference; explicitFileType = sourcecode.cpp.cpp; fileEncoding = 4; name = NodeAlbum.cpp; path = src/NodeAlbum.cpp; sourceTree = SOURCE_ROOT; };
		C49B2998055449EAB5BED8F9 /* /Users/simonash/Downloads/Xcode-beta.app/Contents/Developer/Platforms/iPhoneSimulator.platform/Developer/SDKs/iPhoneSimulator27.0.sdk/System/Library/Frameworks/CoreMedia.framework */ = {isa = PBXFileReference; fileEncoding = 4; lastKnownFileType = wrapper.framework; name = CoreMedia.framework; path = "/Users/simonash/Downloads/Xcode-beta.app/Contents/Developer/Platforms/iPhoneSimulator.platform/Developer/SDKs/iPhoneSimulator27.0.sdk/System/Library/Frameworks/CoreMedia.framework"; sourceTree = "<absolute>"; };
		CC81BBA100644698A3A212B6 /* /Users/simonash/Developer/Planetary/src/Vignette.cpp */ = {isa = PBXFileReference; explicitFileType = sourcecode.cpp.cpp; fileEncoding = 4; name = Vignette.cpp; path = src/Vignette.cpp; sourceTree = SOURCE_ROOT; };
		CF3CB3223F92462690CD439C /* /Users/simonash/Downloads/Xcode-beta.app/Contents/Developer/Platforms/iPhoneSimulator.platform/Developer/SDKs/iPhoneSimulator27.0.sdk/System/Library/Frameworks/MediaPlayer.framework */ = {isa = PBXFileReference; fileEncoding = 4; lastKnownFileType = wrapper.framework; name = MediaPlayer.framework; path = "/Users/simonash/Downloads/Xcode-beta.app/Contents/Developer/Platforms/iPhoneSimulator.platform/Developer/SDKs/iPhoneSimulator27.0.sdk/System/Library/Frameworks/MediaPlayer.framework"; sourceTree = "<absolute>"; };
		D291D38D2B564DA2BE949AC5 /* /Users/simonash/Developer/Planetary/src/BloomSphere.cpp */ = {isa = PBXFileReference; explicitFileType = sourcecode.cpp.cpp; fileEncoding = 4; name = BloomSphere.cpp; path = src/BloomSphere.cpp; sourceTree = SOURCE_ROOT; };
		D2BB0362CC81484483B23A04 /* /Users/simonash/Developer/Planetary/src/LetterFilter.cpp */ = {isa = PBXFileReference; explicitFileType = sourcecode.cpp.cpp; fileEncoding = 4; name = LetterFilter.cpp; path = src/LetterFilter.cpp; sourceTree = SOURCE_ROOT; };
		D3BCA229630C4F6BA7623759 /* /Users/simonash/Downloads/Xcode-beta.app/Contents/Developer/Platforms/iPhoneSimulator.platform/Developer/SDKs/iPhoneSimulator27.0.sdk/System/Library/Frameworks/CoreText.framework */ = {isa = PBXFileReference; fileEncoding = 4; lastKnownFileType = wrapper.framework; name = CoreText.framework; path = "/Users/simonash/Downloads/Xcode-beta.app/Contents/Developer/Platforms/iPhoneSimulator.platform/Developer/SDKs/iPhoneSimulator27.0.sdk/System/Library/Frameworks/CoreText.framework"; sourceTree = "<absolute>"; };
		D535236D2C6944C4A4064EC0 /* /Users/simonash/Developer/Planetary/src/PlaylistFilter.cpp */ = {isa = PBXFileReference; explicitFileType = sourcecode.cpp.cpp; fileEncoding = 4; name = PlaylistFilter.cpp; path = src/PlaylistFilter.cpp; sourceTree = SOURCE_ROOT; };
		D9EB6CC3383E4E4DA2C9AE45 /* /Users/simonash/Developer/Planetary/blocks/CinderIPod/src/CinderIPodPlayerImpl.mm */ = {isa = PBXFileReference; explicitFileType = sourcecode.cpp.objcpp; fileEncoding = 4; name = CinderIPodPlayerImpl.mm; path = blocks/CinderIPod/src/CinderIPodPlayerImpl.mm; sourceTree = SOURCE_ROOT; };
		DC95C02031E64489AF472DA0 /* /Users/simonash/Developer/Planetary/src/Buttons.cpp */ = {isa = PBXFileReference; explicitFileType = sourcecode.cpp.cpp; fileEncoding = 4; name = Buttons.cpp; path = src/Buttons.cpp; sourceTree = SOURCE_ROOT; };
		E002B3B86AA24B60BD1AB36E /* /Users/simonash/Developer/Planetary/src/BloomGl.cpp */ = {isa = PBXFileReference; explicitFileType = sourcecode.cpp.cpp; fileEncoding = 4; name = BloomGl.cpp; path = src/BloomGl.cpp; sourceTree = SOURCE_ROOT; };
		E0E86A29FDC8488A941D818E /* /Users/simonash/Developer/Planetary/src/TextLabel.cpp */ = {isa = PBXFileReference; explicitFileType = sourcecode.cpp.cpp; fileEncoding = 4; name = TextLabel.cpp; path = src/TextLabel.cpp; sourceTree = SOURCE_ROOT; };
		E51E276C73A348478F6F031B /* /Users/simonash/Developer/Planetary/src/PlanetRing.cpp */ = {isa = PBXFileReference; explicitFileType = sourcecode.cpp.cpp; fileEncoding = 4; name = PlanetRing.cpp; path = src/PlanetRing.cpp; sourceTree = SOURCE_ROOT; };
		E5A05C2BCACA467499C5B2E6 /* /Users/simonash/Developer/Planetary/blocks/CinderOrientation/src/Orientation.cpp */ = {isa = PBXFileReference; explicitFileType = sourcecode.cpp.cpp; fileEncoding = 4; name = Orientation.cpp; path = blocks/CinderOrientation/src/Orientation.cpp; sourceTree = SOURCE_ROOT; };
		E5E712649E5C4281B6C40974 /* /Users/simonash/Downloads/Xcode-beta.app/Contents/Developer/Platforms/iPhoneSimulator.platform/Developer/SDKs/iPhoneSimulator27.0.sdk/System/Library/Frameworks/OpenGLES.framework */ = {isa = PBXFileReference; fileEncoding = 4; lastKnownFileType = wrapper.framework; name = OpenGLES.framework; path = "/Users/simonash/Downloads/Xcode-beta.app/Contents/Developer/Platforms/iPhoneSimulator.platform/Developer/SDKs/iPhoneSimulator27.0.sdk/System/Library/Frameworks/OpenGLES.framework"; sourceTree = "<absolute>"; };
		EF81932D593E47799F18BF38 /* /Users/simonash/Developer/Planetary/blocks/CinderSpotify/src/SpotifyId.cpp */ = {isa = PBXFileReference; explicitFileType = sourcecode.cpp.cpp; fileEncoding = 4; name = SpotifyId.cpp; path = blocks/CinderSpotify/src/SpotifyId.cpp; sourceTree = SOURCE_ROOT; };
		F2F35F9AD8BB40BFA7630233 /* /Users/simonash/Developer/Planetary/blocks/CinderIPod/src/CinderIPodPlayer.mm */ = {isa = PBXFileReference; explicitFileType = sourcecode.cpp.objcpp; fileEncoding = 4; name = CinderIPodPlayer.mm; path = blocks/CinderIPod/src/CinderIPodPlayer.mm; sourceTree = SOURCE_ROOT; };
		F61B18F6E32C4D1D8F3614AE /* /Users/simonash/Developer/Planetary/src/AlphaChooser.cpp */ = {isa = PBXFileReference; explicitFileType = sourcecode.cpp.cpp; fileEncoding = 4; name = AlphaChooser.cpp; path = src/AlphaChooser.cpp; sourceTree = SOURCE_ROOT; };
		F827241DEDEE4A48B3B2CB9E /* /Users/simonash/Developer/Planetary/src/Shadow.cpp */ = {isa = PBXFileReference; explicitFileType = sourcecode.cpp.cpp; fileEncoding = 4; name = Shadow.cpp; path = src/Shadow.cpp; sourceTree = SOURCE_ROOT; };
		FF1ED844FC6841A7A0FB87C6 /* /Users/simonash/Developer/Planetary/src/HelpLayer.cpp */ = {isa = PBXFileReference; explicitFileType = sourcecode.cpp.cpp; fileEncoding = 4; name = HelpLayer.cpp; path = src/HelpLayer.cpp; sourceTree = SOURCE_ROOT; };
/* End PBXFileReference section */

/* Begin PBXFrameworksBuildPhase section */
		D75FFDAEF230445F839A3599 /* Frameworks */ = {
			isa = PBXFrameworksBuildPhase;
			buildActionMask = 2147483647;
			files = (
			);
			runOnlyForDeploymentPostprocessing = 0;
		};
/* End PBXFrameworksBuildPhase section */

/* Begin PBXGroup section */
		6F151F44EB1D4274A9C7AAA1 /* CMake Rules */ = {
			isa = PBXGroup;
			children = (
			);
			name = "CMake Rules";
			sourceTree = "<group>";
		};
		79F7D9573DB1464A8202EBF4 = {
			isa = PBXGroup;
			children = (
				851D3F1DCEFA41AA9F3B91A2 /* ALL_BUILD */,
				93628E3FCC774C3EBFA7F69C /* Planetary */,
				A54F741F438A465C91013137 /* Products */,
				E393394E5DEE48449C3E2736 /* Frameworks */,
				95BE6CD8F0734E58AD4D1655 /* Resources */,
			);
			sourceTree = "<group>";
		};
		851D3F1DCEFA41AA9F3B91A2 /* ALL_BUILD */ = {
			isa = PBXGroup;
			children = (
				6F151F44EB1D4274A9C7AAA1 /* CMake Rules */,
				34523750C6F6401D9EC0E2C4 /* /Users/simonash/Developer/Planetary/CMakeLists.txt */,
			);
			name = ALL_BUILD;
			sourceTree = "<group>";
		};
		93628E3FCC774C3EBFA7F69C /* Planetary */ = {
			isa = PBXGroup;
			children = (
				FC345FF2CDE640DE8FE92F7F /* Resources */,
				BF87B88DE2A34BE5BC09620F /* Source Files */,
				61E6C040FB644A5D81981E70 /* /Users/simonash/Developer/Planetary/CMakeLists.txt */,
			);
			name = Planetary;
			sourceTree = "<group>";
		};
		95BE6CD8F0734E58AD4D1655 /* Resources */ = {
			isa = PBXGroup;
			children = (
			);
			name = Resources;
			sourceTree = "<group>";
		};
		A54F741F438A465C91013137 /* Products */ = {
			isa = PBXGroup;
			children = (
				3DBB4DA2DDCE4B088065C3A3 /* Planetary */,
			);
			name = Products;
			sourceTree = "<group>";
		};
		BF87B88DE2A34BE5BC09620F /* Source Files */ = {
			isa = PBXGroup;
			children = (
				BA2F181115334DC488062379 /* /Users/simonash/Developer/Planetary/blocks/BloomScene/src/BloomNode.cpp */,
				5892B342AD5B467DA92D6881 /* /Users/simonash/Developer/Planetary/blocks/BloomScene/src/BloomScene.cpp */,
				13C1C05350954DB3A9E86376 /* /Users/simonash/Developer/Planetary/blocks/BloomScene/src/OrientationNode.cpp */,
				80CFC24B2EB94CDC9526AB4E /* /Users/simonash/Developer/Planetary/blocks/BloomTasks/src/TaskQueue.cpp */,
				ADE90D2484424E71A689C621 /* /Users/simonash/Developer/Planetary/blocks/CinderIPod/src/CinderIPod.mm */,
				F2F35F9AD8BB40BFA7630233 /* /Users/simonash/Developer/Planetary/blocks/CinderIPod/src/CinderIPodPlayer.mm */,
				D9EB6CC3383E4E4DA2C9AE45 /* /Users/simonash/Developer/Planetary/blocks/CinderIPod/src/CinderIPodPlayerImpl.mm */,
				E5A05C2BCACA467499C5B2E6 /* /Users/simonash/Developer/Planetary/blocks/CinderOrientation/src/Orientation.cpp */,
				723563D628814132B8F03FCF /* /Users/simonash/Developer/Planetary/blocks/CinderOrientation/src/OrientationHelper.mm */,
				02BE6F9B408C4C0393B2E10A /* /Users/simonash/Developer/Planetary/blocks/CinderSpotify/src/CinderSpotify.mm */,
				BB4B47EFE0C7484B805DD415 /* /Users/simonash/Developer/Planetary/blocks/CinderSpotify/src/SpotifyAuth.mm */,
				EF81932D593E47799F18BF38 /* /Users/simonash/Developer/Planetary/blocks/CinderSpotify/src/SpotifyId.cpp */,
				703990BAF444425C9074B4E0 /* /Users/simonash/Developer/Planetary/blocks/CinderSpotify/src/SpotifyPlayer.mm */,
				F61B18F6E32C4D1D8F3614AE /* /Users/simonash/Developer/Planetary/src/AlphaChooser.cpp */,
				E002B3B86AA24B60BD1AB36E /* /Users/simonash/Developer/Planetary/src/BloomGl.cpp */,
				D291D38D2B564DA2BE949AC5 /* /Users/simonash/Developer/Planetary/src/BloomSphere.cpp */,
				DC95C02031E64489AF472DA0 /* /Users/simonash/Developer/Planetary/src/Buttons.cpp */,
				6522EB32C99E44BAB5BB040F /* /Users/simonash/Developer/Planetary/src/Constellation.cpp */,
				983C88BE64194B04A82359CE /* /Users/simonash/Developer/Planetary/src/Data.cpp */,
				AF418005AA5844D48105322B /* /Users/simonash/Developer/Planetary/src/Dust.cpp */,
				08448E75B38E479DA894BC41 /* /Users/simonash/Developer/Planetary/src/Galaxy.cpp */,
				6C4FA2A109BC42ECBE161C57 /* /Users/simonash/Developer/Planetary/src/GyroHelper.cpp */,
				FF1ED844FC6841A7A0FB87C6 /* /Users/simonash/Developer/Planetary/src/HelpLayer.cpp */,
				AEEA475FA5B7486EB64DB3C3 /* /Users/simonash/Developer/Planetary/src/KeplerApp.cpp */,
				D2BB0362CC81484483B23A04 /* /Users/simonash/Developer/Planetary/src/LetterFilter.cpp */,
				2C6A43A0EE74443D99E7CD16 /* /Users/simonash/Developer/Planetary/src/LoadingScreen.cpp */,
				55D3A3D5F10549ACB253128E /* /Users/simonash/Developer/Planetary/src/Node.cpp */,
				C3E160529F2847F4BED88533 /* /Users/simonash/Developer/Planetary/src/NodeAlbum.cpp */,
				45D8F656D5494939842F97AB /* /Users/simonash/Developer/Planetary/src/NodeArtist.cpp */,
				55A305EFED274A6B85DDCCDA /* /Users/simonash/Developer/Planetary/src/NodeTrack.cpp */,
				8A222D4BE613459892CC2563 /* /Users/simonash/Developer/Planetary/src/NotificationOverlay.cpp */,
				26F52E1E182E4D8B94AE3E72 /* /Users/simonash/Developer/Planetary/src/OrbitRing.cpp */,
				4041E59EEC1F48C883481289 /* /Users/simonash/Developer/Planetary/src/Particle.cpp */,
				01B87E8882BB42D78094DC50 /* /Users/simonash/Developer/Planetary/src/ParticleController.cpp */,
				E51E276C73A348478F6F031B /* /Users/simonash/Developer/Planetary/src/PlanetRing.cpp */,
				08C8B3637324451489602191 /* /Users/simonash/Developer/Planetary/src/PlayControls.cpp */,
				183E24C5A30C4850BDA78799 /* /Users/simonash/Developer/Planetary/src/PlaylistChooser.cpp */,
				D535236D2C6944C4A4064EC0 /* /Users/simonash/Developer/Planetary/src/PlaylistFilter.cpp */,
				5AB2E6ACDA094F2EAD334297 /* /Users/simonash/Developer/Planetary/src/ScrollingLabel.cpp */,
				204F146CAA7A496C934C043A /* /Users/simonash/Developer/Planetary/src/SettingsPanel.cpp */,
				F827241DEDEE4A48B3B2CB9E /* /Users/simonash/Developer/Planetary/src/Shadow.cpp */,
				8413B0A0A00D42D5949E8E6F /* /Users/simonash/Developer/Planetary/src/Slider.cpp */,
				0D4AB43C8DC44311A43C256C /* /Users/simonash/Developer/Planetary/src/StarGlows.cpp */,
				0C4D9897AAEB47B6BF96C4E0 /* /Users/simonash/Developer/Planetary/src/Stars.cpp */,
				0A4637664D3A4D64A0158A15 /* /Users/simonash/Developer/Planetary/src/State.cpp */,
				4E984E03D1CD490993C43CC3 /* /Users/simonash/Developer/Planetary/src/Stats.cpp */,
				042F151EC75F49BA940A62B2 /* /Users/simonash/Developer/Planetary/src/StringHelpers.mm */,
				E0E86A29FDC8488A941D818E /* /Users/simonash/Developer/Planetary/src/TextLabel.cpp */,
				66EE2D4D61334141A8FC2216 /* /Users/simonash/Developer/Planetary/src/TextureLoader.cpp */,
				681CA04D4A1E491A8D62D42E /* /Users/simonash/Developer/Planetary/src/TextureRect.cpp */,
				0C455F23480C4FC18D73330F /* /Users/simonash/Developer/Planetary/src/TimeLabel.cpp */,
				01E480530ADE4B74AB3CC228 /* /Users/simonash/Developer/Planetary/src/UiLayer.cpp */,
				CC81BBA100644698A3A212B6 /* /Users/simonash/Developer/Planetary/src/Vignette.cpp */,
				9A1125B069CA46119B3A495D /* /Users/simonash/Developer/Planetary/src/World.cpp */,
			);
			name = "Source Files";
			sourceTree = "<group>";
		};
		E393394E5DEE48449C3E2736 /* Frameworks */ = {
			isa = PBXGroup;
			children = (
				D3BCA229630C4F6BA7623759 /* /Users/simonash/Downloads/Xcode-beta.app/Contents/Developer/Platforms/iPhoneSimulator.platform/Developer/SDKs/iPhoneSimulator27.0.sdk/System/Library/Frameworks/CoreText.framework */,
				CF3CB3223F92462690CD439C /* /Users/simonash/Downloads/Xcode-beta.app/Contents/Developer/Platforms/iPhoneSimulator.platform/Developer/SDKs/iPhoneSimulator27.0.sdk/System/Library/Frameworks/MediaPlayer.framework */,
				577942C178614B21A1389CD2 /* /Users/simonash/Downloads/Xcode-beta.app/Contents/Developer/Platforms/iPhoneSimulator.platform/Developer/SDKs/iPhoneSimulator27.0.sdk/System/Library/Frameworks/CoreMotion.framework */,
				1D529DB225014ED5887F4F79 /* /Users/simonash/Downloads/Xcode-beta.app/Contents/Developer/Platforms/iPhoneSimulator.platform/Developer/SDKs/iPhoneSimulator27.0.sdk/System/Library/Frameworks/AuthenticationServices.framework */,
				3F2B7AD7F443416C88964C1D /* /Users/simonash/Downloads/Xcode-beta.app/Contents/Developer/Platforms/iPhoneSimulator.platform/Developer/SDKs/iPhoneSimulator27.0.sdk/System/Library/Frameworks/UIKit.framework */,
				E5E712649E5C4281B6C40974 /* /Users/simonash/Downloads/Xcode-beta.app/Contents/Developer/Platforms/iPhoneSimulator.platform/Developer/SDKs/iPhoneSimulator27.0.sdk/System/Library/Frameworks/OpenGLES.framework */,
				8A0A6E87EDF14EEAA5D37EB7 /* /Users/simonash/Downloads/Xcode-beta.app/Contents/Developer/Platforms/iPhoneSimulator.platform/Developer/SDKs/iPhoneSimulator27.0.sdk/System/Library/Frameworks/AVFoundation.framework */,
				73F04D75AF61422694BBEA86 /* /Users/simonash/Downloads/Xcode-beta.app/Contents/Developer/Platforms/iPhoneSimulator.platform/Developer/SDKs/iPhoneSimulator27.0.sdk/System/Library/Frameworks/CoreVideo.framework */,
				3D7FA90392CE4D3BA55EA0F0 /* /Users/simonash/Downloads/Xcode-beta.app/Contents/Developer/Platforms/iPhoneSimulator.platform/Developer/SDKs/iPhoneSimulator27.0.sdk/System/Library/Frameworks/Accelerate.framework */,
				84F1C6130A8444B8BA19ADB8 /* /Users/simonash/Downloads/Xcode-beta.app/Contents/Developer/Platforms/iPhoneSimulator.platform/Developer/SDKs/iPhoneSimulator27.0.sdk/System/Library/Frameworks/CoreGraphics.framework */,
				3CF094D544E140E49E20D4A5 /* /Users/simonash/Downloads/Xcode-beta.app/Contents/Developer/Platforms/iPhoneSimulator.platform/Developer/SDKs/iPhoneSimulator27.0.sdk/System/Library/Frameworks/QuartzCore.framework */,
				BB32994443BB4CA8A2C7AFCD /* /Users/simonash/Downloads/Xcode-beta.app/Contents/Developer/Platforms/iPhoneSimulator.platform/Developer/SDKs/iPhoneSimulator27.0.sdk/System/Library/Frameworks/Foundation.framework */,
				01287B8D70854D1D806D8EA6 /* /Users/simonash/Downloads/Xcode-beta.app/Contents/Developer/Platforms/iPhoneSimulator.platform/Developer/SDKs/iPhoneSimulator27.0.sdk/System/Library/Frameworks/ImageIO.framework */,
				5E1C190CE431441AB62780B9 /* /Users/simonash/Downloads/Xcode-beta.app/Contents/Developer/Platforms/iPhoneSimulator.platform/Developer/SDKs/iPhoneSimulator27.0.sdk/System/Library/Frameworks/MobileCoreServices.framework */,
				28C539C24D2D4F1992590B62 /* /Users/simonash/Downloads/Xcode-beta.app/Contents/Developer/Platforms/iPhoneSimulator.platform/Developer/SDKs/iPhoneSimulator27.0.sdk/System/Library/Frameworks/AudioToolbox.framework */,
				1B0514C4C75A4067B6A48B0A /* /Users/simonash/Downloads/Xcode-beta.app/Contents/Developer/Platforms/iPhoneSimulator.platform/Developer/SDKs/iPhoneSimulator27.0.sdk/System/Library/Frameworks/CoreAudio.framework */,
				A2DF90757FE64F8F96FEECAF /* /Users/simonash/Downloads/Xcode-beta.app/Contents/Developer/Platforms/iPhoneSimulator.platform/Developer/SDKs/iPhoneSimulator27.0.sdk/System/Library/Frameworks/AVFAudio.framework */,
				C49B2998055449EAB5BED8F9 /* /Users/simonash/Downloads/Xcode-beta.app/Contents/Developer/Platforms/iPhoneSimulator.platform/Developer/SDKs/iPhoneSimulator27.0.sdk/System/Library/Frameworks/CoreMedia.framework */,
			);
			name = Frameworks;
			sourceTree = "<group>";
		};
		FC345FF2CDE640DE8FE92F7F /* Resources */ = {
			isa = PBXGroup;
			children = (
				4F15EEA70CC54E53AC2A5D71 /* /Users/simonash/Developer/Planetary/build-iossim/CMakeFiles/Planetary.dir/Info.plist */,
			);
			name = Resources;
			sourceTree = "<group>";
		};
/* End PBXGroup section */

/* Begin PBXNativeTarget section */
		952F277250299AF449AC4AD5 /* Planetary */ = {
			isa = PBXNativeTarget;
			buildConfigurationList = F9F29FA785C34040B0F717F5 /* Build configuration list for PBXNativeTarget "Planetary" */;
			buildPhases = (
				B3F79487117E4A15B7296510 /* Sources */,
				D75FFDAEF230445F839A3599 /* Frameworks */,
			);
			buildRules = (
			);
			dependencies = (
				20539B5EDFC54B678D9D02B5 /* PBXTargetDependency */,
			);
			name = Planetary;
			productName = Planetary;
			productReference = 3DBB4DA2DDCE4B088065C3A3 /* Planetary */;
			productType = "com.apple.product-type.application";
		};
/* End PBXNativeTarget section */

/* Begin PBXProject section */
		010264922149466B99DB0F48 /* Project object */ = {
			isa = PBXProject;
			attributes = {
				BuildIndependentTargetsInParallel = YES;
				LastUpgradeCheck = 2700;
			};
			buildConfigurationList = 48A78846DDA440AFB6F54A93 /* Build configuration list for PBXProject "Planetary" */;
			buildSettings = {
			};
			buildStyles = (
				062457760FE3496DA58A0AC4 /* Debug */,
				1FE8AE07DF0244B1A02DCD63 /* Release */,
				D895A19916754D71AAD8BD69 /* MinSizeRel */,
				770F269DEEAD4183B0BBB43A /* RelWithDebInfo */,
			);
			compatibilityVersion = "Xcode 3.2";
			hasScannedForEncodings = 0;
			mainGroup = 79F7D9573DB1464A8202EBF4;
			projectDirPath = /Users/simonash/Developer/Planetary;
			projectRoot = "";
			targets = (
				B516E1A5CD385E78ED735DD1 /* ALL_BUILD */,
				952F277250299AF449AC4AD5 /* Planetary */,
				1F20E44D0CCDA52C7476E26B /* ZERO_CHECK */,
			);
		};
/* End PBXProject section */

/* Begin PBXShellScriptBuildPhase section */
		0E4335D652EFB45B1A96299A /* Generate CMakeFiles/ZERO_CHECK */ = {
			isa = PBXShellScriptBuildPhase;
			alwaysOutOfDate = 1;
			buildActionMask = 2147483647;
			files = (
			);
			inputPaths = (
			);
			name = "Generate CMakeFiles/ZERO_CHECK";
			outputPaths = (
"/Users/simonash/Developer/Planetary/build-iossim/CMakeFiles/ZERO_CHECK"			);
			runOnlyForDeploymentPostprocessing = 0;
			shellPath = /bin/sh;
			shellScript = "set -e
if test \"$CONFIGURATION\" = \"Debug\"; then :
  cd /Users/simonash/Developer/Planetary/build-iossim
  make -f /Users/simonash/Developer/Planetary/build-iossim/CMakeScripts/ReRunCMake.make
fi
if test \"$CONFIGURATION\" = \"Release\"; then :
  cd /Users/simonash/Developer/Planetary/build-iossim
  make -f /Users/simonash/Developer/Planetary/build-iossim/CMakeScripts/ReRunCMake.make
fi
if test \"$CONFIGURATION\" = \"MinSizeRel\"; then :
  cd /Users/simonash/Developer/Planetary/build-iossim
  make -f /Users/simonash/Developer/Planetary/build-iossim/CMakeScripts/ReRunCMake.make
fi
if test \"$CONFIGURATION\" = \"RelWithDebInfo\"; then :
  cd /Users/simonash/Developer/Planetary/build-iossim
  make -f /Users/simonash/Developer/Planetary/build-iossim/CMakeScripts/ReRunCMake.make
fi
";
			showEnvVarsInLog = 0;
		};
		3C0110FC8322DE7E50886E21 = {
			isa = PBXShellScriptBuildPhase;
			buildActionMask = 2147483647;
			files = (
			);
			inputPaths = (
			);
			outputPaths = (
			);
			runOnlyForDeploymentPostprocessing = 0;
			shellPath = /bin/sh;
			shellScript = "# shell script goes here
exit 0";
			showEnvVarsInLog = 0;
		};
		9B50530E35CC49C82C2FACCF = {
			isa = PBXShellScriptBuildPhase;
			buildActionMask = 2147483647;
			files = (
			);
			inputPaths = (
			);
			outputPaths = (
			);
			runOnlyForDeploymentPostprocessing = 0;
			shellPath = /bin/sh;
			shellScript = "# shell script goes here
exit 0";
			showEnvVarsInLog = 0;
		};
		CD007D52F1241DCB2F355E1A /* Generate CMakeFiles/ALL_BUILD */ = {
			isa = PBXShellScriptBuildPhase;
			alwaysOutOfDate = 1;
			buildActionMask = 2147483647;
			files = (
			);
			inputPaths = (
			);
			name = "Generate CMakeFiles/ALL_BUILD";
			outputPaths = (
"/Users/simonash/Developer/Planetary/build-iossim/CMakeFiles/ALL_BUILD"			);
			runOnlyForDeploymentPostprocessing = 0;
			shellPath = /bin/sh;
			shellScript = "set -e
if test \"$CONFIGURATION\" = \"Debug\"; then :
  cd /Users/simonash/Developer/Planetary/build-iossim
  echo Build\\ all\\ projects
fi
if test \"$CONFIGURATION\" = \"Release\"; then :
  cd /Users/simonash/Developer/Planetary/build-iossim
  echo Build\\ all\\ projects
fi
if test \"$CONFIGURATION\" = \"MinSizeRel\"; then :
  cd /Users/simonash/Developer/Planetary/build-iossim
  echo Build\\ all\\ projects
fi
if test \"$CONFIGURATION\" = \"RelWithDebInfo\"; then :
  cd /Users/simonash/Developer/Planetary/build-iossim
  echo Build\\ all\\ projects
fi
";
			showEnvVarsInLog = 0;
		};
/* End PBXShellScriptBuildPhase section */

/* Begin PBXSourcesBuildPhase section */
		B3F79487117E4A15B7296510 /* Sources */ = {
			isa = PBXSourcesBuildPhase;
			buildActionMask = 2147483647;
			files = (
				9DEFFD8B65D3424A92F75816 /* /Users/simonash/Developer/Planetary/blocks/BloomScene/src/BloomNode.cpp */,
				2A236B784F984E8EA972CF6D /* /Users/simonash/Developer/Planetary/blocks/BloomScene/src/BloomScene.cpp */,
				4025DD88C96045228935AFB6 /* /Users/simonash/Developer/Planetary/blocks/BloomScene/src/OrientationNode.cpp */,
				2127A1EA0DAB420E958AF355 /* /Users/simonash/Developer/Planetary/blocks/BloomTasks/src/TaskQueue.cpp */,
				ED0696E98BC1462B8E29A1CE /* /Users/simonash/Developer/Planetary/blocks/CinderIPod/src/CinderIPod.mm */,
				769AEF662DE34A07A2C71020 /* /Users/simonash/Developer/Planetary/blocks/CinderIPod/src/CinderIPodPlayer.mm */,
				85AE7EBB0EC5479B84673CEE /* /Users/simonash/Developer/Planetary/blocks/CinderIPod/src/CinderIPodPlayerImpl.mm */,
				E04274C965AF40368CE6435F /* /Users/simonash/Developer/Planetary/blocks/CinderOrientation/src/Orientation.cpp */,
				9015F8A50CCD46B6806545D7 /* /Users/simonash/Developer/Planetary/blocks/CinderOrientation/src/OrientationHelper.mm */,
				52A12335121F4E3890CAF070 /* /Users/simonash/Developer/Planetary/blocks/CinderSpotify/src/CinderSpotify.mm */,
				4898DCBE185642D1B7D62344 /* /Users/simonash/Developer/Planetary/blocks/CinderSpotify/src/SpotifyAuth.mm */,
				2D56E78BDF5B4F8E8974EACD /* /Users/simonash/Developer/Planetary/blocks/CinderSpotify/src/SpotifyId.cpp */,
				3FC11936D97E4973B9C7702B /* /Users/simonash/Developer/Planetary/blocks/CinderSpotify/src/SpotifyPlayer.mm */,
				2D6F82DB4A0B4548802C085A /* /Users/simonash/Developer/Planetary/src/AlphaChooser.cpp */,
				6F890FBF98F34EA08A7D22A8 /* /Users/simonash/Developer/Planetary/src/BloomGl.cpp */,
				DCE3EFA10CC0482A90AB7A4F /* /Users/simonash/Developer/Planetary/src/BloomSphere.cpp */,
				62A67DC4036C420989FACBA3 /* /Users/simonash/Developer/Planetary/src/Buttons.cpp */,
				37F8C3C6DA53400CA39A205A /* /Users/simonash/Developer/Planetary/src/Constellation.cpp */,
				D06EB0443A7B403F81025FA1 /* /Users/simonash/Developer/Planetary/src/Data.cpp */,
				6F619E538AF34B9B8C9039B7 /* /Users/simonash/Developer/Planetary/src/Dust.cpp */,
				87F53F9F6FE4438287B3466B /* /Users/simonash/Developer/Planetary/src/Galaxy.cpp */,
				69C7629ABDA14B1A8EE8B9E7 /* /Users/simonash/Developer/Planetary/src/GyroHelper.cpp */,
				E1A2AA3B68B14095B2319979 /* /Users/simonash/Developer/Planetary/src/HelpLayer.cpp */,
				919DF17E7FBC412DAF20EC47 /* /Users/simonash/Developer/Planetary/src/KeplerApp.cpp */,
				AFFE68A79FA4426C8B3D78E9 /* /Users/simonash/Developer/Planetary/src/LetterFilter.cpp */,
				7C557884BFE94B5A841A3CAC /* /Users/simonash/Developer/Planetary/src/LoadingScreen.cpp */,
				F3C42B37220C4413B342144D /* /Users/simonash/Developer/Planetary/src/Node.cpp */,
				EB9AEDB477EA46F5BD3C6150 /* /Users/simonash/Developer/Planetary/src/NodeAlbum.cpp */,
				79A5EEEBE0F94B19B78B0338 /* /Users/simonash/Developer/Planetary/src/NodeArtist.cpp */,
				19F3859A3AD04FE0BB0AF5D8 /* /Users/simonash/Developer/Planetary/src/NodeTrack.cpp */,
				34DEDF2D627944618429BB75 /* /Users/simonash/Developer/Planetary/src/NotificationOverlay.cpp */,
				A370FE176FED4F4D901E08FF /* /Users/simonash/Developer/Planetary/src/OrbitRing.cpp */,
				76F1D6302BE44CDC887E8AA9 /* /Users/simonash/Developer/Planetary/src/Particle.cpp */,
				EE886EF3B61B4AF89C081E70 /* /Users/simonash/Developer/Planetary/src/ParticleController.cpp */,
				643EBCE7DB9042E081D87C4E /* /Users/simonash/Developer/Planetary/src/PlanetRing.cpp */,
				EF5D8B5221E84C86B0C0C292 /* /Users/simonash/Developer/Planetary/src/PlayControls.cpp */,
				053F170454DE4CC98C80BED3 /* /Users/simonash/Developer/Planetary/src/PlaylistChooser.cpp */,
				E99546F108D64A6A8C7F0F68 /* /Users/simonash/Developer/Planetary/src/PlaylistFilter.cpp */,
				4A6ECC76EBAB472494341627 /* /Users/simonash/Developer/Planetary/src/ScrollingLabel.cpp */,
				B6D3D450039545548B37CE43 /* /Users/simonash/Developer/Planetary/src/SettingsPanel.cpp */,
				946BD2D5B1FC4A8CAEC809C2 /* /Users/simonash/Developer/Planetary/src/Shadow.cpp */,
				42F73FF07FE4419881E057B3 /* /Users/simonash/Developer/Planetary/src/Slider.cpp */,
				0FCF258AE9B94103AEBDF8BD /* /Users/simonash/Developer/Planetary/src/StarGlows.cpp */,
				9B83AF7BA8334EEAAB6E2829 /* /Users/simonash/Developer/Planetary/src/Stars.cpp */,
				4E4B393CFAD04916859CC1FB /* /Users/simonash/Developer/Planetary/src/State.cpp */,
				8875AFFE6C6F4DD095B95CBC /* /Users/simonash/Developer/Planetary/src/Stats.cpp */,
				B3EB111B044347B4AA5E79A4 /* /Users/simonash/Developer/Planetary/src/StringHelpers.mm */,
				A8FB81C131A049CAAB21F56C /* /Users/simonash/Developer/Planetary/src/TextLabel.cpp */,
				58AF07C776BB4EF1877283ED /* /Users/simonash/Developer/Planetary/src/TextureLoader.cpp */,
				BB94B3116F334ABE860654C8 /* /Users/simonash/Developer/Planetary/src/TextureRect.cpp */,
				8B62F45AD7084C539889537B /* /Users/simonash/Developer/Planetary/src/TimeLabel.cpp */,
				5D372F1E662F4591B531B1F0 /* /Users/simonash/Developer/Planetary/src/UiLayer.cpp */,
				A8C67823660F48DA8EBD3759 /* /Users/simonash/Developer/Planetary/src/Vignette.cpp */,
				E9F9F43B780D4F88B926DF48 /* /Users/simonash/Developer/Planetary/src/World.cpp */,
			);
			runOnlyForDeploymentPostprocessing = 0;
		};
/* End PBXSourcesBuildPhase section */

/* Begin PBXTargetDependency section */
		20539B5EDFC54B678D9D02B5 /* PBXTargetDependency */ = {
			isa = PBXTargetDependency;
			target = 1F20E44D0CCDA52C7476E26B /* ZERO_CHECK */;
			targetProxy = 1B5E46B2128F401485631B06 /* PBXContainerItemProxy */;
		};
		BA68519980E443B38A1999B4 /* PBXTargetDependency */ = {
			isa = PBXTargetDependency;
			target = 1F20E44D0CCDA52C7476E26B /* ZERO_CHECK */;
			targetProxy = 1337CD8AC3DB49C49EE27A3B /* PBXContainerItemProxy */;
		};
		EA02B339637D452A89F6B467 /* PBXTargetDependency */ = {
			isa = PBXTargetDependency;
			target = 952F277250299AF449AC4AD5 /* Planetary */;
			targetProxy = 4083D100748047D980E0F500 /* PBXContainerItemProxy */;
		};
/* End PBXTargetDependency section */

/* Begin XCBuildConfiguration section */
		07F8C68D8A7C4DF0B9AE6DD2 /* Release */ = {
			isa = XCBuildConfiguration;
			buildSettings = {
				ARCHS = arm64;
				IPHONEOS_DEPLOYMENT_TARGET = 15.0;
				SDKROOT = iphonesimulator;
				SWIFT_COMPILATION_MODE = wholemodule;
				SYMROOT = "/Users/simonash/Developer/Planetary/build-iossim/build";
			};
			name = Release;
		};
		082DC9E39BAE45F98B0392D4 /* RelWithDebInfo */ = {
			isa = XCBuildConfiguration;
			buildSettings = {
				ALWAYS_SEARCH_USER_PATHS = NO;
				ARCHS = arm64;
				COMBINE_HIDPI_IMAGES = YES;
				CONFIGURATION_BUILD_DIR = /Users/simonash/Developer/Planetary/build/RelWithDebInfo;
				EXECUTABLE_PREFIX = "";
				EXECUTABLE_SUFFIX = "";
				FRAMEWORK_SEARCH_PATHS = ("/Users/simonash/Downloads/Xcode-beta.app/Contents/Developer/Platforms/iPhoneSimulator.platform/Developer/SDKs/iPhoneSimulator27.0.sdk/System/Library/Frameworks","$(inherited)");
				GCC_GENERATE_DEBUGGING_SYMBOLS = YES;
				GCC_INLINES_ARE_PRIVATE_EXTERN = NO;
				GCC_OPTIMIZATION_LEVEL = 2;
				GCC_PREPROCESSOR_DEFINITIONS = ("'CMAKE_INTDIR=\"$(CONFIGURATION)$(EFFECTIVE_PLATFORM_NAME)\"'",FT2_BUILD_LIBRARY,FT_DEBUG_LEVEL_TRACE,CINDER_GL_ES,CINDER_GL_ES_3,"$(inherited)");
				GCC_SYMBOLS_PRIVATE_EXTERN = NO;
				HEADER_SEARCH_PATHS = (/opt/homebrew/include,/Users/simonash/Developer/Planetary/src,/Users/simonash/Developer/Planetary/blocks/CinderIPod/include,/Users/simonash/Developer/Planetary/blocks/CinderGestures/include,/Users/simonash/Developer/Planetary/blocks/BloomScene/include,/Users/simonash/Developer/Planetary/blocks/BloomTasks/src,/Users/simonash/Developer/Planetary/blocks/CinderOrientation/include,/Users/simonash/Developer/Planetary/blocks/CinderSpotify/include,"$(inherited)");
				INFOPLIST_FILE = "/Users/simonash/Developer/Planetary/build-iossim/CMakeFiles/Planetary.dir/Info.plist";
				INSTALL_PATH = "";
				ONLY_ACTIVE_ARCH = NO;
				OTHER_CPLUSPLUSFLAGS = "       -DNDEBUG '-std=c++20' '-ferror-limit=0' ";
				OTHER_LDFLAGS = (" -Wl,-search_paths_first -Wl,-headerpad_max_install_names","/Users/simonash/Developer/Planetary/vendor/Cinder/lib/ios-sim/RelWithDebInfo/libcinder.a","-framework CoreText","-framework MediaPlayer","-framework CoreMotion","-framework AuthenticationServices","-framework UIKit","-framework OpenGLES","-framework AVFoundation","-framework CoreVideo","-framework Accelerate","-framework CoreGraphics","-framework QuartzCore","-framework Foundation","-framework ImageIO","-framework MobileCoreServices","-framework AudioToolbox","-framework CoreAudio","-framework AVFAudio","-framework CoreMedia","-lobjc","$(inherited)");
				OTHER_REZFLAGS = "";
				PRODUCT_BUNDLE_IDENTIFIER = org.cooperhewitt.planetary;
				PRODUCT_NAME = Planetary;
				SECTORDER_FLAGS = "";
				SYSTEM_HEADER_SEARCH_PATHS = (/Users/simonash/Developer/Planetary/vendor/Cinder/include,"$(inherited)");
				TARGETED_DEVICE_FAMILY = 2;
				TARGET_TEMP_DIR = "/Users/simonash/Developer/Planetary/build-iossim/build/Planetary.build/$(CONFIGURATION)$(EFFECTIVE_PLATFORM_NAME)";
				USE_HEADERMAP = NO;
				WARNING_CFLAGS = ("$(inherited)");
			};
			name = RelWithDebInfo;
		};
		189BAAA32FF541AA857F1751 /* MinSizeRel */ = {
			isa = XCBuildConfiguration;
			buildSettings = {
				ALWAYS_SEARCH_USER_PATHS = NO;
				COMBINE_HIDPI_IMAGES = YES;
				GCC_GENERATE_DEBUGGING_SYMBOLS = YES;
				GCC_INLINES_ARE_PRIVATE_EXTERN = NO;
				GCC_OPTIMIZATION_LEVEL = 0;
				GCC_PREPROCESSOR_DEFINITIONS = ("'CMAKE_INTDIR=\"$(CONFIGURATION)$(EFFECTIVE_PLATFORM_NAME)\"'","$(inherited)");
				GCC_SYMBOLS_PRIVATE_EXTERN = NO;
				INSTALL_PATH = "";
				OTHER_LDFLAGS = ("","$(inherited)");
				OTHER_REZFLAGS = "";
				PRODUCT_NAME = ALL_BUILD;
				SECTORDER_FLAGS = "";
				USE_HEADERMAP = NO;
				WARNING_CFLAGS = ("$(inherited)");
			};
			name = MinSizeRel;
		};
		1BBF63D7C27E401A84837C84 /* Release */ = {
			isa = XCBuildConfiguration;
			buildSettings = {
				ALWAYS_SEARCH_USER_PATHS = NO;
				COMBINE_HIDPI_IMAGES = YES;
				GCC_GENERATE_DEBUGGING_SYMBOLS = YES;
				GCC_INLINES_ARE_PRIVATE_EXTERN = NO;
				GCC_OPTIMIZATION_LEVEL = 0;
				GCC_PREPROCESSOR_DEFINITIONS = ("'CMAKE_INTDIR=\"$(CONFIGURATION)$(EFFECTIVE_PLATFORM_NAME)\"'","$(inherited)");
				GCC_SYMBOLS_PRIVATE_EXTERN = NO;
				INSTALL_PATH = "";
				OTHER_LDFLAGS = ("","$(inherited)");
				OTHER_REZFLAGS = "";
				PRODUCT_NAME = ZERO_CHECK;
				SECTORDER_FLAGS = "";
				USE_HEADERMAP = NO;
				WARNING_CFLAGS = ("$(inherited)");
			};
			name = Release;
		};
		2AC77F2A9D33473292B2E4FC /* Release */ = {
			isa = XCBuildConfiguration;
			buildSettings = {
				ALWAYS_SEARCH_USER_PATHS = NO;
				COMBINE_HIDPI_IMAGES = YES;
				GCC_GENERATE_DEBUGGING_SYMBOLS = YES;
				GCC_INLINES_ARE_PRIVATE_EXTERN = NO;
				GCC_OPTIMIZATION_LEVEL = 0;
				GCC_PREPROCESSOR_DEFINITIONS = ("'CMAKE_INTDIR=\"$(CONFIGURATION)$(EFFECTIVE_PLATFORM_NAME)\"'","$(inherited)");
				GCC_SYMBOLS_PRIVATE_EXTERN = NO;
				INSTALL_PATH = "";
				OTHER_LDFLAGS = ("","$(inherited)");
				OTHER_REZFLAGS = "";
				PRODUCT_NAME = ALL_BUILD;
				SECTORDER_FLAGS = "";
				USE_HEADERMAP = NO;
				WARNING_CFLAGS = ("$(inherited)");
			};
			name = Release;
		};
		72E0C866B23B46C78A19695B /* Release */ = {
			isa = XCBuildConfiguration;
			buildSettings = {
				ALWAYS_SEARCH_USER_PATHS = NO;
				ARCHS = arm64;
				COMBINE_HIDPI_IMAGES = YES;
				CONFIGURATION_BUILD_DIR = /Users/simonash/Developer/Planetary/build/Release;
				EXECUTABLE_PREFIX = "";
				EXECUTABLE_SUFFIX = "";
				FRAMEWORK_SEARCH_PATHS = ("/Users/simonash/Downloads/Xcode-beta.app/Contents/Developer/Platforms/iPhoneSimulator.platform/Developer/SDKs/iPhoneSimulator27.0.sdk/System/Library/Frameworks","$(inherited)");
				GCC_GENERATE_DEBUGGING_SYMBOLS = NO;
				GCC_INLINES_ARE_PRIVATE_EXTERN = NO;
				GCC_OPTIMIZATION_LEVEL = 3;
				GCC_PREPROCESSOR_DEFINITIONS = ("'CMAKE_INTDIR=\"$(CONFIGURATION)$(EFFECTIVE_PLATFORM_NAME)\"'",FT2_BUILD_LIBRARY,FT_DEBUG_LEVEL_TRACE,CINDER_GL_ES,CINDER_GL_ES_3,"$(inherited)");
				GCC_SYMBOLS_PRIVATE_EXTERN = NO;
				HEADER_SEARCH_PATHS = (/opt/homebrew/include,/Users/simonash/Developer/Planetary/src,/Users/simonash/Developer/Planetary/blocks/CinderIPod/include,/Users/simonash/Developer/Planetary/blocks/CinderGestures/include,/Users/simonash/Developer/Planetary/blocks/BloomScene/include,/Users/simonash/Developer/Planetary/blocks/BloomTasks/src,/Users/simonash/Developer/Planetary/blocks/CinderOrientation/include,/Users/simonash/Developer/Planetary/blocks/CinderSpotify/include,"$(inherited)");
				INFOPLIST_FILE = "/Users/simonash/Developer/Planetary/build-iossim/CMakeFiles/Planetary.dir/Info.plist";
				INSTALL_PATH = "";
				ONLY_ACTIVE_ARCH = NO;
				OTHER_CPLUSPLUSFLAGS = "    -DNDEBUG '-std=c++20' '-ferror-limit=0' ";
				OTHER_LDFLAGS = (" -Wl,-search_paths_first -Wl,-headerpad_max_install_names","/Users/simonash/Developer/Planetary/vendor/Cinder/lib/ios-sim/Release/libcinder.a","-framework CoreText","-framework MediaPlayer","-framework CoreMotion","-framework AuthenticationServices","-framework UIKit","-framework OpenGLES","-framework AVFoundation","-framework CoreVideo","-framework Accelerate","-framework CoreGraphics","-framework QuartzCore","-framework Foundation","-framework ImageIO","-framework MobileCoreServices","-framework AudioToolbox","-framework CoreAudio","-framework AVFAudio","-framework CoreMedia","-lobjc","$(inherited)");
				OTHER_REZFLAGS = "";
				PRODUCT_BUNDLE_IDENTIFIER = org.cooperhewitt.planetary;
				PRODUCT_NAME = Planetary;
				SECTORDER_FLAGS = "";
				SYSTEM_HEADER_SEARCH_PATHS = (/Users/simonash/Developer/Planetary/vendor/Cinder/include,"$(inherited)");
				TARGETED_DEVICE_FAMILY = 2;
				TARGET_TEMP_DIR = "/Users/simonash/Developer/Planetary/build-iossim/build/Planetary.build/$(CONFIGURATION)$(EFFECTIVE_PLATFORM_NAME)";
				USE_HEADERMAP = NO;
				WARNING_CFLAGS = ("$(inherited)");
			};
			name = Release;
		};
		74081A6657E541ACA376D8CE /* Debug */ = {
			isa = XCBuildConfiguration;
			buildSettings = {
				ARCHS = arm64;
				IPHONEOS_DEPLOYMENT_TARGET = 15.0;
				SDKROOT = iphonesimulator;
				SYMROOT = "/Users/simonash/Developer/Planetary/build-iossim/build";
			};
			name = Debug;
		};
		7796E0AFE1E34647B54912F1 /* RelWithDebInfo */ = {
			isa = XCBuildConfiguration;
			buildSettings = {
				ALWAYS_SEARCH_USER_PATHS = NO;
				COMBINE_HIDPI_IMAGES = YES;
				GCC_GENERATE_DEBUGGING_SYMBOLS = YES;
				GCC_INLINES_ARE_PRIVATE_EXTERN = NO;
				GCC_OPTIMIZATION_LEVEL = 0;
				GCC_PREPROCESSOR_DEFINITIONS = ("'CMAKE_INTDIR=\"$(CONFIGURATION)$(EFFECTIVE_PLATFORM_NAME)\"'","$(inherited)");
				GCC_SYMBOLS_PRIVATE_EXTERN = NO;
				INSTALL_PATH = "";
				OTHER_LDFLAGS = ("","$(inherited)");
				OTHER_REZFLAGS = "";
				PRODUCT_NAME = ZERO_CHECK;
				SECTORDER_FLAGS = "";
				USE_HEADERMAP = NO;
				WARNING_CFLAGS = ("$(inherited)");
			};
			name = RelWithDebInfo;
		};
		79F02873E4FC48429D19CED0 /* MinSizeRel */ = {
			isa = XCBuildConfiguration;
			buildSettings = {
				ALWAYS_SEARCH_USER_PATHS = NO;
				COMBINE_HIDPI_IMAGES = YES;
				GCC_GENERATE_DEBUGGING_SYMBOLS = YES;
				GCC_INLINES_ARE_PRIVATE_EXTERN = NO;
				GCC_OPTIMIZATION_LEVEL = 0;
				GCC_PREPROCESSOR_DEFINITIONS = ("'CMAKE_INTDIR=\"$(CONFIGURATION)$(EFFECTIVE_PLATFORM_NAME)\"'","$(inherited)");
				GCC_SYMBOLS_PRIVATE_EXTERN = NO;
				INSTALL_PATH = "";
				OTHER_LDFLAGS = ("","$(inherited)");
				OTHER_REZFLAGS = "";
				PRODUCT_NAME = ZERO_CHECK;
				SECTORDER_FLAGS = "";
				USE_HEADERMAP = NO;
				WARNING_CFLAGS = ("$(inherited)");
			};
			name = MinSizeRel;
		};
		8913BED939A24D2FA5054965 /* RelWithDebInfo */ = {
			isa = XCBuildConfiguration;
			buildSettings = {
				ARCHS = arm64;
				IPHONEOS_DEPLOYMENT_TARGET = 15.0;
				SDKROOT = iphonesimulator;
				SWIFT_COMPILATION_MODE = wholemodule;
				SYMROOT = "/Users/simonash/Developer/Planetary/build-iossim/build";
			};
			name = RelWithDebInfo;
		};
		90F331A680564473AE0C2E4B /* Debug */ = {
			isa = XCBuildConfiguration;
			buildSettings = {
				ALWAYS_SEARCH_USER_PATHS = NO;
				COMBINE_HIDPI_IMAGES = YES;
				GCC_GENERATE_DEBUGGING_SYMBOLS = YES;
				GCC_INLINES_ARE_PRIVATE_EXTERN = NO;
				GCC_OPTIMIZATION_LEVEL = 0;
				GCC_PREPROCESSOR_DEFINITIONS = ("'CMAKE_INTDIR=\"$(CONFIGURATION)$(EFFECTIVE_PLATFORM_NAME)\"'","$(inherited)");
				GCC_SYMBOLS_PRIVATE_EXTERN = NO;
				INSTALL_PATH = "";
				OTHER_LDFLAGS = ("","$(inherited)");
				OTHER_REZFLAGS = "";
				PRODUCT_NAME = ALL_BUILD;
				SECTORDER_FLAGS = "";
				USE_HEADERMAP = NO;
				WARNING_CFLAGS = ("$(inherited)");
			};
			name = Debug;
		};
		93CDC3550E1C4A618C56F714 /* Debug */ = {
			isa = XCBuildConfiguration;
			buildSettings = {
				ALWAYS_SEARCH_USER_PATHS = NO;
				ARCHS = arm64;
				COMBINE_HIDPI_IMAGES = YES;
				CONFIGURATION_BUILD_DIR = /Users/simonash/Developer/Planetary/build/Debug;
				EXECUTABLE_PREFIX = "";
				EXECUTABLE_SUFFIX = "";
				FRAMEWORK_SEARCH_PATHS = ("/Users/simonash/Downloads/Xcode-beta.app/Contents/Developer/Platforms/iPhoneSimulator.platform/Developer/SDKs/iPhoneSimulator27.0.sdk/System/Library/Frameworks","$(inherited)");
				GCC_GENERATE_DEBUGGING_SYMBOLS = YES;
				GCC_INLINES_ARE_PRIVATE_EXTERN = NO;
				GCC_OPTIMIZATION_LEVEL = 0;
				GCC_PREPROCESSOR_DEFINITIONS = ("'CMAKE_INTDIR=\"$(CONFIGURATION)$(EFFECTIVE_PLATFORM_NAME)\"'",FT2_BUILD_LIBRARY,FT_DEBUG_LEVEL_TRACE,CINDER_GL_ES,CINDER_GL_ES_3,"$(inherited)");
				GCC_SYMBOLS_PRIVATE_EXTERN = NO;
				HEADER_SEARCH_PATHS = (/opt/homebrew/include,/Users/simonash/Developer/Planetary/src,/Users/simonash/Developer/Planetary/blocks/CinderIPod/include,/Users/simonash/Developer/Planetary/blocks/CinderGestures/include,/Users/simonash/Developer/Planetary/blocks/BloomScene/include,/Users/simonash/Developer/Planetary/blocks/BloomTasks/src,/Users/simonash/Developer/Planetary/blocks/CinderOrientation/include,/Users/simonash/Developer/Planetary/blocks/CinderSpotify/include,"$(inherited)");
				INFOPLIST_FILE = "/Users/simonash/Developer/Planetary/build-iossim/CMakeFiles/Planetary.dir/Info.plist";
				INSTALL_PATH = "";
				ONLY_ACTIVE_ARCH = NO;
				OTHER_CPLUSPLUSFLAGS = "   '-std=c++20' '-ferror-limit=0' ";
				OTHER_LDFLAGS = (" -Wl,-search_paths_first -Wl,-headerpad_max_install_names","/Users/simonash/Developer/Planetary/vendor/Cinder/lib/ios-sim/Debug/libcinder.a","-framework CoreText","-framework MediaPlayer","-framework CoreMotion","-framework AuthenticationServices","-framework UIKit","-framework OpenGLES","-framework AVFoundation","-framework CoreVideo","-framework Accelerate","-framework CoreGraphics","-framework QuartzCore","-framework Foundation","-framework ImageIO","-framework MobileCoreServices","-framework AudioToolbox","-framework CoreAudio","-framework AVFAudio","-framework CoreMedia","-lobjc","$(inherited)");
				OTHER_REZFLAGS = "";
				PRODUCT_BUNDLE_IDENTIFIER = org.cooperhewitt.planetary;
				PRODUCT_NAME = Planetary;
				SECTORDER_FLAGS = "";
				SYSTEM_HEADER_SEARCH_PATHS = (/Users/simonash/Developer/Planetary/vendor/Cinder/include,"$(inherited)");
				TARGETED_DEVICE_FAMILY = 2;
				TARGET_TEMP_DIR = "/Users/simonash/Developer/Planetary/build-iossim/build/Planetary.build/$(CONFIGURATION)$(EFFECTIVE_PLATFORM_NAME)";
				USE_HEADERMAP = NO;
				WARNING_CFLAGS = ("$(inherited)");
			};
			name = Debug;
		};
		96A8D5ED9EBA4D2EA0D0E171 /* RelWithDebInfo */ = {
			isa = XCBuildConfiguration;
			buildSettings = {
				ALWAYS_SEARCH_USER_PATHS = NO;
				COMBINE_HIDPI_IMAGES = YES;
				GCC_GENERATE_DEBUGGING_SYMBOLS = YES;
				GCC_INLINES_ARE_PRIVATE_EXTERN = NO;
				GCC_OPTIMIZATION_LEVEL = 0;
				GCC_PREPROCESSOR_DEFINITIONS = ("'CMAKE_INTDIR=\"$(CONFIGURATION)$(EFFECTIVE_PLATFORM_NAME)\"'","$(inherited)");
				GCC_SYMBOLS_PRIVATE_EXTERN = NO;
				INSTALL_PATH = "";
				OTHER_LDFLAGS = ("","$(inherited)");
				OTHER_REZFLAGS = "";
				PRODUCT_NAME = ALL_BUILD;
				SECTORDER_FLAGS = "";
				USE_HEADERMAP = NO;
				WARNING_CFLAGS = ("$(inherited)");
			};
			name = RelWithDebInfo;
		};
		A4AF89299DE24D8EB7CE325A /* MinSizeRel */ = {
			isa = XCBuildConfiguration;
			buildSettings = {
				ARCHS = arm64;
				IPHONEOS_DEPLOYMENT_TARGET = 15.0;
				SDKROOT = iphonesimulator;
				SWIFT_COMPILATION_MODE = wholemodule;
				SYMROOT = "/Users/simonash/Developer/Planetary/build-iossim/build";
			};
			name = MinSizeRel;
		};
		B82E5B1613694915A4F46EDE /* MinSizeRel */ = {
			isa = XCBuildConfiguration;
			buildSettings = {
				ALWAYS_SEARCH_USER_PATHS = NO;
				ARCHS = arm64;
				COMBINE_HIDPI_IMAGES = YES;
				CONFIGURATION_BUILD_DIR = /Users/simonash/Developer/Planetary/build/MinSizeRel;
				EXECUTABLE_PREFIX = "";
				EXECUTABLE_SUFFIX = "";
				FRAMEWORK_SEARCH_PATHS = ("/Users/simonash/Downloads/Xcode-beta.app/Contents/Developer/Platforms/iPhoneSimulator.platform/Developer/SDKs/iPhoneSimulator27.0.sdk/System/Library/Frameworks","$(inherited)");
				GCC_GENERATE_DEBUGGING_SYMBOLS = NO;
				GCC_INLINES_ARE_PRIVATE_EXTERN = NO;
				GCC_OPTIMIZATION_LEVEL = s;
				GCC_PREPROCESSOR_DEFINITIONS = ("'CMAKE_INTDIR=\"$(CONFIGURATION)$(EFFECTIVE_PLATFORM_NAME)\"'",FT2_BUILD_LIBRARY,FT_DEBUG_LEVEL_TRACE,CINDER_GL_ES,CINDER_GL_ES_3,"$(inherited)");
				GCC_SYMBOLS_PRIVATE_EXTERN = NO;
				HEADER_SEARCH_PATHS = (/opt/homebrew/include,/Users/simonash/Developer/Planetary/src,/Users/simonash/Developer/Planetary/blocks/CinderIPod/include,/Users/simonash/Developer/Planetary/blocks/CinderGestures/include,/Users/simonash/Developer/Planetary/blocks/BloomScene/include,/Users/simonash/Developer/Planetary/blocks/BloomTasks/src,/Users/simonash/Developer/Planetary/blocks/CinderOrientation/include,/Users/simonash/Developer/Planetary/blocks/CinderSpotify/include,"$(inherited)");
				INFOPLIST_FILE = "/Users/simonash/Developer/Planetary/build-iossim/CMakeFiles/Planetary.dir/Info.plist";
				INSTALL_PATH = "";
				ONLY_ACTIVE_ARCH = NO;
				OTHER_CPLUSPLUSFLAGS = "    -DNDEBUG '-std=c++20' '-ferror-limit=0' ";
				OTHER_LDFLAGS = (" -Wl,-search_paths_first -Wl,-headerpad_max_install_names","/Users/simonash/Developer/Planetary/vendor/Cinder/lib/ios-sim/MinSizeRel/libcinder.a","-framework CoreText","-framework MediaPlayer","-framework CoreMotion","-framework AuthenticationServices","-framework UIKit","-framework OpenGLES","-framework AVFoundation","-framework CoreVideo","-framework Accelerate","-framework CoreGraphics","-framework QuartzCore","-framework Foundation","-framework ImageIO","-framework MobileCoreServices","-framework AudioToolbox","-framework CoreAudio","-framework AVFAudio","-framework CoreMedia","-lobjc","$(inherited)");
				OTHER_REZFLAGS = "";
				PRODUCT_BUNDLE_IDENTIFIER = org.cooperhewitt.planetary;
				PRODUCT_NAME = Planetary;
				SECTORDER_FLAGS = "";
				SYSTEM_HEADER_SEARCH_PATHS = (/Users/simonash/Developer/Planetary/vendor/Cinder/include,"$(inherited)");
				TARGETED_DEVICE_FAMILY = 2;
				TARGET_TEMP_DIR = "/Users/simonash/Developer/Planetary/build-iossim/build/Planetary.build/$(CONFIGURATION)$(EFFECTIVE_PLATFORM_NAME)";
				USE_HEADERMAP = NO;
				WARNING_CFLAGS = ("$(inherited)");
			};
			name = MinSizeRel;
		};
		E439EB0BA2CF4E9A92772917 /* Debug */ = {
			isa = XCBuildConfiguration;
			buildSettings = {
				ALWAYS_SEARCH_USER_PATHS = NO;
				COMBINE_HIDPI_IMAGES = YES;
				GCC_GENERATE_DEBUGGING_SYMBOLS = YES;
				GCC_INLINES_ARE_PRIVATE_EXTERN = NO;
				GCC_OPTIMIZATION_LEVEL = 0;
				GCC_PREPROCESSOR_DEFINITIONS = ("'CMAKE_INTDIR=\"$(CONFIGURATION)$(EFFECTIVE_PLATFORM_NAME)\"'","$(inherited)");
				GCC_SYMBOLS_PRIVATE_EXTERN = NO;
				INSTALL_PATH = "";
				OTHER_LDFLAGS = ("","$(inherited)");
				OTHER_REZFLAGS = "";
				PRODUCT_NAME = ZERO_CHECK;
				SECTORDER_FLAGS = "";
				USE_HEADERMAP = NO;
				WARNING_CFLAGS = ("$(inherited)");
			};
			name = Debug;
		};
/* End XCBuildConfiguration section */

/* Begin XCConfigurationList section */
		2B670D4A93404E5E8CA7CCFB /* Build configuration list for PBXAggregateTarget "ZERO_CHECK" */ = {
			isa = XCConfigurationList;
			buildConfigurations = (
				E439EB0BA2CF4E9A92772917 /* Debug */,
				1BBF63D7C27E401A84837C84 /* Release */,
				79F02873E4FC48429D19CED0 /* MinSizeRel */,
				7796E0AFE1E34647B54912F1 /* RelWithDebInfo */,
			);
			defaultConfigurationIsVisible = 0;
			defaultConfigurationName = Debug;
		};
		48A78846DDA440AFB6F54A93 /* Build configuration list for PBXProject "Planetary" */ = {
			isa = XCConfigurationList;
			buildConfigurations = (
				74081A6657E541ACA376D8CE /* Debug */,
				07F8C68D8A7C4DF0B9AE6DD2 /* Release */,
				A4AF89299DE24D8EB7CE325A /* MinSizeRel */,
				8913BED939A24D2FA5054965 /* RelWithDebInfo */,
			);
			defaultConfigurationIsVisible = 0;
			defaultConfigurationName = Debug;
		};
		685B9EF841344B90917681EE /* Build configuration list for PBXAggregateTarget "ALL_BUILD" */ = {
			isa = XCConfigurationList;
			buildConfigurations = (
				90F331A680564473AE0C2E4B /* Debug */,
				2AC77F2A9D33473292B2E4FC /* Release */,
				189BAAA32FF541AA857F1751 /* MinSizeRel */,
				96A8D5ED9EBA4D2EA0D0E171 /* RelWithDebInfo */,
			);
			defaultConfigurationIsVisible = 0;
			defaultConfigurationName = Debug;
		};
		F9F29FA785C34040B0F717F5 /* Build configuration list for PBXNativeTarget "Planetary" */ = {
			isa = XCConfigurationList;
			buildConfigurations = (
				93CDC3550E1C4A618C56F714 /* Debug */,
				72E0C866B23B46C78A19695B /* Release */,
				B82E5B1613694915A4F46EDE /* MinSizeRel */,
				082DC9E39BAE45F98B0392D4 /* RelWithDebInfo */,
			);
			defaultConfigurationIsVisible = 0;
			defaultConfigurationName = Debug;
		};
/* End XCConfigurationList section */
	};
	rootObject = 010264922149466B99DB0F48 /* Project object */;
}
