// !$*UTF8*$!
{
	archiveVersion = 1;
	classes = {
	};
	objectVersion = 46;
	objects = {

/* Begin PBXAggregateTarget section */
		1F20E44D0CCDA52C7476E26B /* ZERO_CHECK */ = {
			isa = PBXAggregateTarget;
			buildConfigurationList = 30DEB1B2471642668CD1BBCA /* Build configuration list for PBXAggregateTarget "ZERO_CHECK" */;
			buildPhases = (
				0E4335D652EFB45B1A96299A /* Generate CMakeFiles/ZERO_CHECK */,
			);
			dependencies = (
			);
			name = ZERO_CHECK;
			productName = ZERO_CHECK;
		};
		B516E1A5CD385E78ED735DD1 /* ALL_BUILD */ = {
			isa = PBXAggregateTarget;
			buildConfigurationList = B75D3F71B5914299A2D1FE6D /* Build configuration list for PBXAggregateTarget "ALL_BUILD" */;
			buildPhases = (
				CD007D52F1241DCB2F355E1A /* Generate CMakeFiles/ALL_BUILD */,
			);
			dependencies = (
				7BD7B92A76354B6AA629E716 /* PBXTargetDependency */,
				73329ED7C16148A490A38405 /* PBXTargetDependency */,
			);
			name = ALL_BUILD;
			productName = ALL_BUILD;
		};
/* End PBXAggregateTarget section */

/* Begin PBXBuildFile section */
		03C5AC288D0C482E99DEB5C4 /* /Users/simonash/Downloads/Xcode-beta.app/Contents/Developer/Platforms/iPhoneSimulator.platform/Developer/SDKs/iPhoneSimulator27.0.sdk/System/Library/Frameworks/OpenGLES.framework */ = {isa = PBXBuildFile; fileRef = 52918A169BA54CCBB1127F82 /* /Users/simonash/Downloads/Xcode-beta.app/Contents/Developer/Platforms/iPhoneSimulator.platform/Developer/SDKs/iPhoneSimulator27.0.sdk/System/Library/Frameworks/OpenGLES.framework */; };
		08DBB157E2C642E5862BC154 /* /Users/simonash/Developer/Planetary/src/BloomGl.cpp */ = {isa = PBXBuildFile; fileRef = 9CC3C7DB2D6C4D4ABBCAC85C /* /Users/simonash/Developer/Planetary/src/BloomGl.cpp */; settings = {COMPILER_FLAGS = "-x objective-c++"; }; };
		09345B795A01409E927BFD14 /* /Users/simonash/Downloads/Xcode-beta.app/Contents/Developer/Platforms/iPhoneSimulator.platform/Developer/SDKs/iPhoneSimulator27.0.sdk/System/Library/Frameworks/ImageIO.framework */ = {isa = PBXBuildFile; fileRef = E82FD6AD68014DD7B7EE5A9D /* /Users/simonash/Downloads/Xcode-beta.app/Contents/Developer/Platforms/iPhoneSimulator.platform/Developer/SDKs/iPhoneSimulator27.0.sdk/System/Library/Frameworks/ImageIO.framework */; };
		09B011C2CDD94EE1A71BBEB4 /* /Users/simonash/Developer/Planetary/blocks/BloomScene/src/BloomScene.cpp */ = {isa = PBXBuildFile; fileRef = FB91260CB7834225B4AC1EA8 /* /Users/simonash/Developer/Planetary/blocks/BloomScene/src/BloomScene.cpp */; settings = {COMPILER_FLAGS = "-x objective-c++"; }; };
		0A93BFDDF0DE46B1BAEB056D /* /Users/simonash/Downloads/Xcode-beta.app/Contents/Developer/Platforms/iPhoneSimulator.platform/Developer/SDKs/iPhoneSimulator27.0.sdk/System/Library/Frameworks/Accelerate.framework */ = {isa = PBXBuildFile; fileRef = DEC695DAD2F244AAA01A2437 /* /Users/simonash/Downloads/Xcode-beta.app/Contents/Developer/Platforms/iPhoneSimulator.platform/Developer/SDKs/iPhoneSimulator27.0.sdk/System/Library/Frameworks/Accelerate.framework */; };
		0D487753A0634C11A684E225 /* /Users/simonash/Developer/Planetary/src/PlaylistFilter.cpp */ = {isa = PBXBuildFile; fileRef = 3128B85EEFAA4AB7BDC14BA4 /* /Users/simonash/Developer/Planetary/src/PlaylistFilter.cpp */; settings = {COMPILER_FLAGS = "-x objective-c++"; }; };
		132AF624614541448D677494 /* /Users/simonash/Downloads/Xcode-beta.app/Contents/Developer/Platforms/iPhoneSimulator.platform/Developer/SDKs/iPhoneSimulator27.0.sdk/System/Library/Frameworks/UIKit.framework */ = {isa = PBXBuildFile; fileRef = F0428C2CD4A24E7AAE7AF262 /* /Users/simonash/Downloads/Xcode-beta.app/Contents/Developer/Platforms/iPhoneSimulator.platform/Developer/SDKs/iPhoneSimulator27.0.sdk/System/Library/Frameworks/UIKit.framework */; };
		14C6D092D8F64034A48549F6 /* /Users/simonash/Developer/Planetary/src/StarGlows.cpp */ = {isa = PBXBuildFile; fileRef = BFF2C3F5CD7742F885B5FCBF /* /Users/simonash/Developer/Planetary/src/StarGlows.cpp */; settings = {COMPILER_FLAGS = "-x objective-c++"; }; };
		172BBC597ACD4FF99151CAFB /* /Users/simonash/Developer/Planetary/src/PlaylistChooser.cpp */ = {isa = PBXBuildFile; fileRef = 29466626384344E18B312057 /* /Users/simonash/Developer/Planetary/src/PlaylistChooser.cpp */; settings = {COMPILER_FLAGS = "-x objective-c++"; }; };
		1DEDCDEF22E74CFE874C78D5 /* /Users/simonash/Developer/Planetary/blocks/CinderIPod/src/CinderIPodPlayerImpl.mm */ = {isa = PBXBuildFile; fileRef = 9BCDAC39B1634BC3A09924DF /* /Users/simonash/Developer/Planetary/blocks/CinderIPod/src/CinderIPodPlayerImpl.mm */; };
		2406874C9976411E80399A65 /* /Users/simonash/Developer/Planetary/blocks/BloomScene/src/BloomNode.cpp */ = {isa = PBXBuildFile; fileRef = DF149E6F35844FA287B08159 /* /Users/simonash/Developer/Planetary/blocks/BloomScene/src/BloomNode.cpp */; settings = {COMPILER_FLAGS = "-x objective-c++"; }; };
		27B12E35B9F64751A03BD262 /* /Users/simonash/Developer/Planetary/src/Particle.cpp */ = {isa = PBXBuildFile; fileRef = F3AF116073DA4DBC897C7AAF /* /Users/simonash/Developer/Planetary/src/Particle.cpp */; settings = {COMPILER_FLAGS = "-x objective-c++"; }; };
		2AF2232CDBF74A0D932EB23D /* /Users/simonash/Developer/Planetary/src/Shadow.cpp */ = {isa = PBXBuildFile; fileRef = 7D61C6B759994632882C6B1D /* /Users/simonash/Developer/Planetary/src/Shadow.cpp */; settings = {COMPILER_FLAGS = "-x objective-c++"; }; };
		3246D7A3F251470D80E53A9A /* /Users/simonash/Downloads/Xcode-beta.app/Contents/Developer/Platforms/iPhoneSimulator.platform/Developer/SDKs/iPhoneSimulator27.0.sdk/System/Library/Frameworks/CoreMotion.framework */ = {isa = PBXBuildFile; fileRef = D9BA3A5F54FA4ACBB5E64AB6 /* /Users/simonash/Downloads/Xcode-beta.app/Contents/Developer/Platforms/iPhoneSimulator.platform/Developer/SDKs/iPhoneSimulator27.0.sdk/System/Library/Frameworks/CoreMotion.framework */; };
		34A7549795F041B6B4007676 /* /Users/simonash/Downloads/Xcode-beta.app/Contents/Developer/Platforms/iPhoneSimulator.platform/Developer/SDKs/iPhoneSimulator27.0.sdk/System/Library/Frameworks/CoreAudio.framework */ = {isa = PBXBuildFile; fileRef = 10BD261A2F704E1E90C1E05D /* /Users/simonash/Downloads/Xcode-beta.app/Contents/Developer/Platforms/iPhoneSimulator.platform/Developer/SDKs/iPhoneSimulator27.0.sdk/System/Library/Frameworks/CoreAudio.framework */; };
		352413E3E16448968AA495AB /* /Users/simonash/Developer/Planetary/src/TextureLoader.cpp */ = {isa = PBXBuildFile; fileRef = AE05C24C8FF34502B9D402E1 /* /Users/simonash/Developer/Planetary/src/TextureLoader.cpp */; settings = {COMPILER_FLAGS = "-x objective-c++"; }; };
		3E07379A26EC459388B3BBA7 /* /Users/simonash/Developer/Planetary/src/SettingsPanel.cpp */ = {isa = PBXBuildFile; fileRef = ED58A372283341CFBDF9D7A7 /* /Users/simonash/Developer/Planetary/src/SettingsPanel.cpp */; settings = {COMPILER_FLAGS = "-x objective-c++"; }; };
		412C8C7D54DF41BBB7B61A2C /* /Users/simonash/Developer/Planetary/src/Constellation.cpp */ = {isa = PBXBuildFile; fileRef = CEEB815BB9DD4FB292FB8AC0 /* /Users/simonash/Developer/Planetary/src/Constellation.cpp */; settings = {COMPILER_FLAGS = "-x objective-c++"; }; };
		48091FE356FF45A387866F88 /* /Users/simonash/Downloads/Xcode-beta.app/Contents/Developer/Platforms/iPhoneSimulator.platform/Developer/SDKs/iPhoneSimulator27.0.sdk/System/Library/Frameworks/CoreVideo.framework */ = {isa = PBXBuildFile; fileRef = D944C244731343509C8FBD99 /* /Users/simonash/Downloads/Xcode-beta.app/Contents/Developer/Platforms/iPhoneSimulator.platform/Developer/SDKs/iPhoneSimulator27.0.sdk/System/Library/Frameworks/CoreVideo.framework */; };
		4A968D0E3BC849DCB619BCA5 /* /Users/simonash/Developer/Planetary/CMakeLists.txt */ = {isa = PBXBuildFile; fileRef = 8D4BE54E772749FC825F4EFA /* /Users/simonash/Developer/Planetary/CMakeLists.txt */; };
		55ED042BB96B423BB76430D3 /* /Users/simonash/Developer/Planetary/src/PlayControls.cpp */ = {isa = PBXBuildFile; fileRef = E7E31B2024CE4590808AA945 /* /Users/simonash/Developer/Planetary/src/PlayControls.cpp */; settings = {COMPILER_FLAGS = "-x objective-c++"; }; };
		5D7EBEE8CAF74B079182442E /* /Users/simonash/Developer/Planetary/src/LetterFilter.cpp */ = {isa = PBXBuildFile; fileRef = FE2CE2FB6448428F8FE7AC18 /* /Users/simonash/Developer/Planetary/src/LetterFilter.cpp */; settings = {COMPILER_FLAGS = "-x objective-c++"; }; };
		5E0F2BDAF35241FEA17A49DB /* /Users/simonash/Developer/Planetary/src/GyroHelper.cpp */ = {isa = PBXBuildFile; fileRef = 19C3A10F3CD4416D9D5A9844 /* /Users/simonash/Developer/Planetary/src/GyroHelper.cpp */; settings = {COMPILER_FLAGS = "-x objective-c++"; }; };
		68AEF7613F9C46AAA206ACB1 /* /Users/simonash/Developer/Planetary/src/NodeTrack.cpp */ = {isa = PBXBuildFile; fileRef = 4964EB99868E46C5B7B88A5E /* /Users/simonash/Developer/Planetary/src/NodeTrack.cpp */; settings = {COMPILER_FLAGS = "-x objective-c++"; }; };
		6F989BA1F7884160A0DF8395 /* /Users/simonash/Developer/Planetary/src/State.cpp */ = {isa = PBXBuildFile; fileRef = 4839D0CAF09D441BA476E37E /* /Users/simonash/Developer/Planetary/src/State.cpp */; settings = {COMPILER_FLAGS = "-x objective-c++"; }; };
		7169EA11C2FB4340961E4D6D /* /Users/simonash/Downloads/Xcode-beta.app/Contents/Developer/Platforms/iPhoneSimulator.platform/Developer/SDKs/iPhoneSimulator27.0.sdk/System/Library/Frameworks/AudioToolbox.framework */ = {isa = PBXBuildFile; fileRef = 4F647AFFE8794EF496D06B54 /* /Users/simonash/Downloads/Xcode-beta.app/Contents/Developer/Platforms/iPhoneSimulator.platform/Developer/SDKs/iPhoneSimulator27.0.sdk/System/Library/Frameworks/AudioToolbox.framework */; };
		7191B9C5B51D4475821FA87A /* /Users/simonash/Developer/Planetary/src/Vignette.cpp */ = {isa = PBXBuildFile; fileRef = 237BE33A899047E8B79730FA /* /Users/simonash/Developer/Planetary/src/Vignette.cpp */; settings = {COMPILER_FLAGS = "-x objective-c++"; }; };
		723F499B8B744E908753B11A /* /Users/simonash/Developer/Planetary/src/TextureRect.cpp */ = {isa = PBXBuildFile; fileRef = C5DD84CC63F149A0BF43237A /* /Users/simonash/Developer/Planetary/src/TextureRect.cpp */; settings = {COMPILER_FLAGS = "-x objective-c++"; }; };
		74B1539661424402BA269394 /* /Users/simonash/Developer/Planetary/src/Buttons.cpp */ = {isa = PBXBuildFile; fileRef = F83CE4D63C14478497E1B9F0 /* /Users/simonash/Developer/Planetary/src/Buttons.cpp */; settings = {COMPILER_FLAGS = "-x objective-c++"; }; };
		83243FCDFB84463DB2161DE1 /* /Users/simonash/Developer/Planetary/src/HelpLayer.cpp */ = {isa = PBXBuildFile; fileRef = 5C1658EC50894D4CB777DB2B /* /Users/simonash/Developer/Planetary/src/HelpLayer.cpp */; settings = {COMPILER_FLAGS = "-x objective-c++"; }; };
		849905FE69444A34BB744E52 /* /Users/simonash/Developer/Planetary/src/TimeLabel.cpp */ = {isa = PBXBuildFile; fileRef = 2F60E07CA5B24BB6970D640C /* /Users/simonash/Developer/Planetary/src/TimeLabel.cpp */; settings = {COMPILER_FLAGS = "-x objective-c++"; }; };
		8892A29AD1D0455C97FAAFE5 /* /Users/simonash/Downloads/Xcode-beta.app/Contents/Developer/Platforms/iPhoneSimulator.platform/Developer/SDKs/iPhoneSimulator27.0.sdk/System/Library/Frameworks/Foundation.framework */ = {isa = PBXBuildFile; fileRef = B0402F23247546AD80F9C129 /* /Users/simonash/Downloads/Xcode-beta.app/Contents/Developer/Platforms/iPhoneSimulator.platform/Developer/SDKs/iPhoneSimulator27.0.sdk/System/Library/Frameworks/Foundation.framework */; };
		90A0518A09264134AE2F9FB6 /* /Users/simonash/Developer/Planetary/src/Stars.cpp */ = {isa = PBXBuildFile; fileRef = A4D78F36B5EC466EADB03FD0 /* /Users/simonash/Developer/Planetary/src/Stars.cpp */; settings = {COMPILER_FLAGS = "-x objective-c++"; }; };
		910B66D71F1A4442B840A48A /* /Users/simonash/Downloads/Xcode-beta.app/Contents/Developer/Platforms/iPhoneSimulator.platform/Developer/SDKs/iPhoneSimulator27.0.sdk/System/Library/Frameworks/QuartzCore.framework */ = {isa = PBXBuildFile; fileRef = A91DB620673D4826B4EA0F1C /* /Users/simonash/Downloads/Xcode-beta.app/Contents/Developer/Platforms/iPhoneSimulator.platform/Developer/SDKs/iPhoneSimulator27.0.sdk/System/Library/Frameworks/QuartzCore.framework */; };
		915801A76BC74635A47BD2FB /* /Users/simonash/Developer/Planetary/blocks/CinderIPod/src/CinderIPod.mm */ = {isa = PBXBuildFile; fileRef = 9A27D24A8C7940A9AA5874BB /* /Users/simonash/Developer/Planetary/blocks/CinderIPod/src/CinderIPod.mm */; };
		942230983845413E8AF93AB5 /* /Users/simonash/Developer/Planetary/src/KeplerApp.cpp */ = {isa = PBXBuildFile; fileRef = B36EAC413F3A438C835B61DD /* /Users/simonash/Developer/Planetary/src/KeplerApp.cpp */; settings = {COMPILER_FLAGS = "-x objective-c++"; }; };
		95A45F6FD56549D0AE4EE758 /* /Users/simonash/Developer/Planetary/src/ScrollingLabel.cpp */ = {isa = PBXBuildFile; fileRef = 43DE3FFC1A0C435098839613 /* /Users/simonash/Developer/Planetary/src/ScrollingLabel.cpp */; settings = {COMPILER_FLAGS = "-x objective-c++"; }; };
		997AFFE6C3A9468C990E8666 /* /Users/simonash/Developer/Planetary/src/Data.cpp */ = {isa = PBXBuildFile; fileRef = 582A9FB2AAFF40008C4EE7D7 /* /Users/simonash/Developer/Planetary/src/Data.cpp */; settings = {COMPILER_FLAGS = "-x objective-c++"; }; };
		9A479CF829C345C196110446 /* /Users/simonash/Downloads/Xcode-beta.app/Contents/Developer/Platforms/iPhoneSimulator.platform/Developer/SDKs/iPhoneSimulator27.0.sdk/System/Library/Frameworks/MobileCoreServices.framework */ = {isa = PBXBuildFile; fileRef = 22EC7757517246EB94ACC998 /* /Users/simonash/Downloads/Xcode-beta.app/Contents/Developer/Platforms/iPhoneSimulator.platform/Developer/SDKs/iPhoneSimulator27.0.sdk/System/Library/Frameworks/MobileCoreServices.framework */; };
		9A90329C4BD340AC98B0D774 /* /Users/simonash/Developer/Planetary/src/NodeAlbum.cpp */ = {isa = PBXBuildFile; fileRef = 4C66E5850B264092BC8BCE9D /* /Users/simonash/Developer/Planetary/src/NodeAlbum.cpp */; settings = {COMPILER_FLAGS = "-x objective-c++"; }; };
		A286B661287B431D85497169 /* /Users/simonash/Downloads/Xcode-beta.app/Contents/Developer/Platforms/iPhoneSimulator.platform/Developer/SDKs/iPhoneSimulator27.0.sdk/System/Library/Frameworks/AVFoundation.framework */ = {isa = PBXBuildFile; fileRef = 5B8F85EF831C4D528383F2FD /* /Users/simonash/Downloads/Xcode-beta.app/Contents/Developer/Platforms/iPhoneSimulator.platform/Developer/SDKs/iPhoneSimulator27.0.sdk/System/Library/Frameworks/AVFoundation.framework */; };
		A3CC71DB46084A7F95CC3628 /* /Users/simonash/Downloads/Xcode-beta.app/Contents/Developer/Platforms/iPhoneSimulator.platform/Developer/SDKs/iPhoneSimulator27.0.sdk/System/Library/Frameworks/AVFAudio.framework */ = {isa = PBXBuildFile; fileRef = F339FC1515034589ACEB0889 /* /Users/simonash/Downloads/Xcode-beta.app/Contents/Developer/Platforms/iPhoneSimulator.platform/Developer/SDKs/iPhoneSimulator27.0.sdk/System/Library/Frameworks/AVFAudio.framework */; };
		B38F0B63B91B46DA86225AE7 /* /Users/simonash/Developer/Planetary/src/TextLabel.cpp */ = {isa = PBXBuildFile; fileRef = 3E1C9D31E53843BFAABBF5C2 /* /Users/simonash/Developer/Planetary/src/TextLabel.cpp */; settings = {COMPILER_FLAGS = "-x objective-c++"; }; };
		B4D68C51600C4189B30D9D5C /* /Users/simonash/Developer/Planetary/src/OrbitRing.cpp */ = {isa = PBXBuildFile; fileRef = 6D307FA39E7746FC9B29B495 /* /Users/simonash/Developer/Planetary/src/OrbitRing.cpp */; settings = {COMPILER_FLAGS = "-x objective-c++"; }; };
		B689F8E6AFE1477C81CC5CEE /* /Users/simonash/Developer/Planetary/blocks/CinderOrientation/src/Orientation.cpp */ = {isa = PBXBuildFile; fileRef = 2E8667C28AD64D13A7489C2A /* /Users/simonash/Developer/Planetary/blocks/CinderOrientation/src/Orientation.cpp */; settings = {COMPILER_FLAGS = "-x objective-c++"; }; };
		B889E89999484D89978B62CE /* /Users/simonash/Developer/Planetary/blocks/BloomScene/src/OrientationNode.cpp */ = {isa = PBXBuildFile; fileRef = 52FF5E233BAC4B508A730951 /* /Users/simonash/Developer/Planetary/blocks/BloomScene/src/OrientationNode.cpp */; settings = {COMPILER_FLAGS = "-x objective-c++"; }; };
		B9E9EBCA0C3E4CD3913E57BD /* /Users/simonash/Developer/Planetary/blocks/BloomTasks/src/TaskQueue.cpp */ = {isa = PBXBuildFile; fileRef = 6963B4876CC547A689635FED /* /Users/simonash/Developer/Planetary/blocks/BloomTasks/src/TaskQueue.cpp */; settings = {COMPILER_FLAGS = "-x objective-c++"; }; };
		BD1631FC832A4A83BC48ED50 /* /Users/simonash/Downloads/Xcode-beta.app/Contents/Developer/Platforms/iPhoneSimulator.platform/Developer/SDKs/iPhoneSimulator27.0.sdk/System/Library/Frameworks/CoreMedia.framework */ = {isa = PBXBuildFile; fileRef = 9C4D68E6AA114162A61DB8F9 /* /Users/simonash/Downloads/Xcode-beta.app/Contents/Developer/Platforms/iPhoneSimulator.platform/Developer/SDKs/iPhoneSimulator27.0.sdk/System/Library/Frameworks/CoreMedia.framework */; };
		BE9D2E4B55CD4FC49115B5B0 /* /Users/simonash/Developer/Planetary/src/UiLayer.cpp */ = {isa = PBXBuildFile; fileRef = 3B7E629A317548A89C7CA0DD /* /Users/simonash/Developer/Planetary/src/UiLayer.cpp */; settings = {COMPILER_FLAGS = "-x objective-c++"; }; };
		C0EBD7A111564C11913C90E3 /* /Users/simonash/Developer/Planetary/blocks/CinderIPod/src/CinderIPodPlayer.mm */ = {isa = PBXBuildFile; fileRef = B47E0BB55D954339922F752F /* /Users/simonash/Developer/Planetary/blocks/CinderIPod/src/CinderIPodPlayer.mm */; };
		C6B155FC435D4F179955DBEE /* /Users/simonash/Developer/Planetary/src/StringHelpers.mm */ = {isa = PBXBuildFile; fileRef = 99564519C17E40E7825A7A78 /* /Users/simonash/Developer/Planetary/src/StringHelpers.mm */; };
		CFD88FD485C84F5A8B4CC8D8 /* /Users/simonash/Developer/Planetary/src/Node.cpp */ = {isa = PBXBuildFile; fileRef = 9C77DBCF396449B0BFA73A19 /* /Users/simonash/Developer/Planetary/src/Node.cpp */; settings = {COMPILER_FLAGS = "-x objective-c++"; }; };
		D7E3E8118D2B464D9E9A44A2 /* /Users/simonash/Developer/Planetary/build-iossim/CMakeFiles/Planetary.dir/Info.plist */ = {isa = PBXBuildFile; fileRef = 8070580CC9A041EFB67AB10C /* /Users/simonash/Developer/Planetary/build-iossim/CMakeFiles/Planetary.dir/Info.plist */; };
		D8157B28ADAF46B79658C33B /* /Users/simonash/Developer/Planetary/blocks/CinderOrientation/src/OrientationHelper.mm */ = {isa = PBXBuildFile; fileRef = DD7C66B8357F429A811D5EF1 /* /Users/simonash/Developer/Planetary/blocks/CinderOrientation/src/OrientationHelper.mm */; };
		DC009FDF209D4924BEF0845A /* /Users/simonash/Developer/Planetary/src/AlphaChooser.cpp */ = {isa = PBXBuildFile; fileRef = A68FF42C24274BECBE7D852A /* /Users/simonash/Developer/Planetary/src/AlphaChooser.cpp */; settings = {COMPILER_FLAGS = "-x objective-c++"; }; };
		DD55F33601FE40F9A1F04C9D /* /Users/simonash/Downloads/Xcode-beta.app/Contents/Developer/Platforms/iPhoneSimulator.platform/Developer/SDKs/iPhoneSimulator27.0.sdk/System/Library/Frameworks/MediaPlayer.framework */ = {isa = PBXBuildFile; fileRef = 765895860F964C899316CE21 /* /Users/simonash/Downloads/Xcode-beta.app/Contents/Developer/Platforms/iPhoneSimulator.platform/Developer/SDKs/iPhoneSimulator27.0.sdk/System/Library/Frameworks/MediaPlayer.framework */; };
		DDA8D0974A844EA9A37474F8 /* /Users/simonash/Downloads/Xcode-beta.app/Contents/Developer/Platforms/iPhoneSimulator.platform/Developer/SDKs/iPhoneSimulator27.0.sdk/System/Library/Frameworks/CoreText.framework */ = {isa = PBXBuildFile; fileRef = 000C21F4E22C4F75A376642F /* /Users/simonash/Downloads/Xcode-beta.app/Contents/Developer/Platforms/iPhoneSimulator.platform/Developer/SDKs/iPhoneSimulator27.0.sdk/System/Library/Frameworks/CoreText.framework */; };
		DE492422F94842C29460FE5C /* /Users/simonash/Downloads/Xcode-beta.app/Contents/Developer/Platforms/iPhoneSimulator.platform/Developer/SDKs/iPhoneSimulator27.0.sdk/System/Library/Frameworks/CoreGraphics.framework */ = {isa = PBXBuildFile; fileRef = DDD0F8BAB4AA4818924DEB77 /* /Users/simonash/Downloads/Xcode-beta.app/Contents/Developer/Platforms/iPhoneSimulator.platform/Developer/SDKs/iPhoneSimulator27.0.sdk/System/Library/Frameworks/CoreGraphics.framework */; };
		DEEE0326F0BD4C0091EC5754 /* /Users/simonash/Developer/Planetary/src/NodeArtist.cpp */ = {isa = PBXBuildFile; fileRef = AC2612313C5C4FE58019BDB4 /* /Users/simonash/Developer/Planetary/src/NodeArtist.cpp */; settings = {COMPILER_FLAGS = "-x objective-c++"; }; };
		EA573095968C472DAC73B6C5 /* /Users/simonash/Developer/Planetary/src/Slider.cpp */ = {isa = PBXBuildFile; fileRef = 8E54C6DBB0964C51AC7DF2B0 /* /Users/simonash/Developer/Planetary/src/Slider.cpp */; settings = {COMPILER_FLAGS = "-x objective-c++"; }; };
		ED9C399871F4432DAB4E54EB /* /Users/simonash/Developer/Planetary/src/World.cpp */ = {isa = PBXBuildFile; fileRef = 553CBBCF2061429CB7D45795 /* /Users/simonash/Developer/Planetary/src/World.cpp */; settings = {COMPILER_FLAGS = "-x objective-c++"; }; };
		EDC8962982434FCEBB32F2F2 /* /Users/simonash/Developer/Planetary/src/NotificationOverlay.cpp */ = {isa = PBXBuildFile; fileRef = 02A00B2629414B07A75058EF /* /Users/simonash/Developer/Planetary/src/NotificationOverlay.cpp */; settings = {COMPILER_FLAGS = "-x objective-c++"; }; };
		EE1A586D8FAD4500B1567C69 /* /Users/simonash/Developer/Planetary/src/ParticleController.cpp */ = {isa = PBXBuildFile; fileRef = C58139866376494B9B5BE9FC /* /Users/simonash/Developer/Planetary/src/ParticleController.cpp */; settings = {COMPILER_FLAGS = "-x objective-c++"; }; };
		EF8AAADB038749DB9711F5CB /* /Users/simonash/Developer/Planetary/src/PlanetRing.cpp */ = {isa = PBXBuildFile; fileRef = 78E3E991564D4373A8E1D79D /* /Users/simonash/Developer/Planetary/src/PlanetRing.cpp */; settings = {COMPILER_FLAGS = "-x objective-c++"; }; };
		F0304A015BEE43FDB785325C /* /Users/simonash/Developer/Planetary/src/Stats.cpp */ = {isa = PBXBuildFile; fileRef = A554763E596C4BADA2314669 /* /Users/simonash/Developer/Planetary/src/Stats.cpp */; settings = {COMPILER_FLAGS = "-x objective-c++"; }; };
		F076ECE473A0471D853C2BD7 /* /Users/simonash/Developer/Planetary/src/Dust.cpp */ = {isa = PBXBuildFile; fileRef = 1F72E9189D5B4808997B918A /* /Users/simonash/Developer/Planetary/src/Dust.cpp */; settings = {COMPILER_FLAGS = "-x objective-c++"; }; };
		F4CEDCE7D917431B8CD5B7A7 /* /Users/simonash/Developer/Planetary/src/BloomSphere.cpp */ = {isa = PBXBuildFile; fileRef = 323FC3DBCC9446A2A601812F /* /Users/simonash/Developer/Planetary/src/BloomSphere.cpp */; settings = {COMPILER_FLAGS = "-x objective-c++"; }; };
		F699DBA1D33944F298683AA5 /* /Users/simonash/Developer/Planetary/src/Galaxy.cpp */ = {isa = PBXBuildFile; fileRef = ACE66DA7C9C14092BD0BE456 /* /Users/simonash/Developer/Planetary/src/Galaxy.cpp */; settings = {COMPILER_FLAGS = "-x objective-c++"; }; };
		FBEBD2D196E84037BFF89A54 /* /Users/simonash/Developer/Planetary/src/LoadingScreen.cpp */ = {isa = PBXBuildFile; fileRef = B18E71DCB0BB482291126A24 /* /Users/simonash/Developer/Planetary/src/LoadingScreen.cpp */; settings = {COMPILER_FLAGS = "-x objective-c++"; }; };
/* End PBXBuildFile section */

/* Begin PBXBuildStyle section */
		878BA4426A0F4CAFB37A25D6 /* Release */ = {
			isa = PBXBuildStyle;
			buildSettings = {
				COPY_PHASE_STRIP = NO;
			};
			name = Release;
		};
		D2B057D0FDFD45E49B4BA94B /* MinSizeRel */ = {
			isa = PBXBuildStyle;
			buildSettings = {
				COPY_PHASE_STRIP = NO;
			};
			name = MinSizeRel;
		};
		D7C6F652BE4542D19DEFC379 /* RelWithDebInfo */ = {
			isa = PBXBuildStyle;
			buildSettings = {
				COPY_PHASE_STRIP = NO;
			};
			name = RelWithDebInfo;
		};
		F98C61F9E141456FA7F4B823 /* Debug */ = {
			isa = PBXBuildStyle;
			buildSettings = {
				COPY_PHASE_STRIP = NO;
			};
			name = Debug;
		};
/* End PBXBuildStyle section */

/* Begin PBXContainerItemProxy section */
		4FAF87075A324FB0B29BA685 /* PBXContainerItemProxy */ = {
			isa = PBXContainerItemProxy;
			containerPortal = 2A4047397F404C9384649CC2 /* Project object */;
			proxyType = 1;
			remoteGlobalIDString = 1F20E44D0CCDA52C7476E26B;
			remoteInfo = ZERO_CHECK;
		};
		66065E9A4BE044549925EA7A /* PBXContainerItemProxy */ = {
			isa = PBXContainerItemProxy;
			containerPortal = 2A4047397F404C9384649CC2 /* Project object */;
			proxyType = 1;
			remoteGlobalIDString = 1F20E44D0CCDA52C7476E26B;
			remoteInfo = ZERO_CHECK;
		};
		CA477CCF51454CE79663EB69 /* PBXContainerItemProxy */ = {
			isa = PBXContainerItemProxy;
			containerPortal = 2A4047397F404C9384649CC2 /* Project object */;
			proxyType = 1;
			remoteGlobalIDString = 952F277250299AF449AC4AD5;
			remoteInfo = Planetary;
		};
/* End PBXContainerItemProxy section */

/* Begin PBXFileReference section */
		000C21F4E22C4F75A376642F /* /Users/simonash/Downloads/Xcode-beta.app/Contents/Developer/Platforms/iPhoneSimulator.platform/Developer/SDKs/iPhoneSimulator27.0.sdk/System/Library/Frameworks/CoreText.framework */ = {isa = PBXFileReference; fileEncoding = 4; lastKnownFileType = wrapper.framework; name = CoreText.framework; path = "/Users/simonash/Downloads/Xcode-beta.app/Contents/Developer/Platforms/iPhoneSimulator.platform/Developer/SDKs/iPhoneSimulator27.0.sdk/System/Library/Frameworks/CoreText.framework"; sourceTree = "<absolute>"; };
		02A00B2629414B07A75058EF /* /Users/simonash/Developer/Planetary/src/NotificationOverlay.cpp */ = {isa = PBXFileReference; explicitFileType = sourcecode.cpp.cpp; fileEncoding = 4; name = NotificationOverlay.cpp; path = src/NotificationOverlay.cpp; sourceTree = SOURCE_ROOT; };
		10BD261A2F704E1E90C1E05D /* /Users/simonash/Downloads/Xcode-beta.app/Contents/Developer/Platforms/iPhoneSimulator.platform/Developer/SDKs/iPhoneSimulator27.0.sdk/System/Library/Frameworks/CoreAudio.framework */ = {isa = PBXFileReference; fileEncoding = 4; lastKnownFileType = wrapper.framework; name = CoreAudio.framework; path = "/Users/simonash/Downloads/Xcode-beta.app/Contents/Developer/Platforms/iPhoneSimulator.platform/Developer/SDKs/iPhoneSimulator27.0.sdk/System/Library/Frameworks/CoreAudio.framework"; sourceTree = "<absolute>"; };
		19C3A10F3CD4416D9D5A9844 /* /Users/simonash/Developer/Planetary/src/GyroHelper.cpp */ = {isa = PBXFileReference; explicitFileType = sourcecode.cpp.cpp; fileEncoding = 4; name = GyroHelper.cpp; path = src/GyroHelper.cpp; sourceTree = SOURCE_ROOT; };
		1F72E9189D5B4808997B918A /* /Users/simonash/Developer/Planetary/src/Dust.cpp */ = {isa = PBXFileReference; explicitFileType = sourcecode.cpp.cpp; fileEncoding = 4; name = Dust.cpp; path = src/Dust.cpp; sourceTree = SOURCE_ROOT; };
		22EC7757517246EB94ACC998 /* /Users/simonash/Downloads/Xcode-beta.app/Contents/Developer/Platforms/iPhoneSimulator.platform/Developer/SDKs/iPhoneSimulator27.0.sdk/System/Library/Frameworks/MobileCoreServices.framework */ = {isa = PBXFileReference; fileEncoding = 4; lastKnownFileType = wrapper.framework; name = MobileCoreServices.framework; path = "/Users/simonash/Downloads/Xcode-beta.app/Contents/Developer/Platforms/iPhoneSimulator.platform/Developer/SDKs/iPhoneSimulator27.0.sdk/System/Library/Frameworks/MobileCoreServices.framework"; sourceTree = "<absolute>"; };
		237BE33A899047E8B79730FA /* /Users/simonash/Developer/Planetary/src/Vignette.cpp */ = {isa = PBXFileReference; explicitFileType = sourcecode.cpp.cpp; fileEncoding = 4; name = Vignette.cpp; path = src/Vignette.cpp; sourceTree = SOURCE_ROOT; };
		29466626384344E18B312057 /* /Users/simonash/Developer/Planetary/src/PlaylistChooser.cpp */ = {isa = PBXFileReference; explicitFileType = sourcecode.cpp.cpp; fileEncoding = 4; name = PlaylistChooser.cpp; path = src/PlaylistChooser.cpp; sourceTree = SOURCE_ROOT; };
		2C1344FAE8A44F8296B3D816 /* /Users/simonash/Developer/Planetary/CMakeLists.txt */ = {isa = PBXFileReference; explicitFileType = sourcecode.text; fileEncoding = 4; name = CMakeLists.txt; path = CMakeLists.txt; sourceTree = SOURCE_ROOT; };
		2E8667C28AD64D13A7489C2A /* /Users/simonash/Developer/Planetary/blocks/CinderOrientation/src/Orientation.cpp */ = {isa = PBXFileReference; explicitFileType = sourcecode.cpp.cpp; fileEncoding = 4; name = Orientation.cpp; path = blocks/CinderOrientation/src/Orientation.cpp; sourceTree = SOURCE_ROOT; };
		2F60E07CA5B24BB6970D640C /* /Users/simonash/Developer/Planetary/src/TimeLabel.cpp */ = {isa = PBXFileReference; explicitFileType = sourcecode.cpp.cpp; fileEncoding = 4; name = TimeLabel.cpp; path = src/TimeLabel.cpp; sourceTree = SOURCE_ROOT; };
		3128B85EEFAA4AB7BDC14BA4 /* /Users/simonash/Developer/Planetary/src/PlaylistFilter.cpp */ = {isa = PBXFileReference; explicitFileType = sourcecode.cpp.cpp; fileEncoding = 4; name = PlaylistFilter.cpp; path = src/PlaylistFilter.cpp; sourceTree = SOURCE_ROOT; };
		323FC3DBCC9446A2A601812F /* /Users/simonash/Developer/Planetary/src/BloomSphere.cpp */ = {isa = PBXFileReference; explicitFileType = sourcecode.cpp.cpp; fileEncoding = 4; name = BloomSphere.cpp; path = src/BloomSphere.cpp; sourceTree = SOURCE_ROOT; };
		3B7E629A317548A89C7CA0DD /* /Users/simonash/Developer/Planetary/src/UiLayer.cpp */ = {isa = PBXFileReference; explicitFileType = sourcecode.cpp.cpp; fileEncoding = 4; name = UiLayer.cpp; path = src/UiLayer.cpp; sourceTree = SOURCE_ROOT; };
		3E1C9D31E53843BFAABBF5C2 /* /Users/simonash/Developer/Planetary/src/TextLabel.cpp */ = {isa = PBXFileReference; explicitFileType = sourcecode.cpp.cpp; fileEncoding = 4; name = TextLabel.cpp; path = src/TextLabel.cpp; sourceTree = SOURCE_ROOT; };
		43DE3FFC1A0C435098839613 /* /Users/simonash/Developer/Planetary/src/ScrollingLabel.cpp */ = {isa = PBXFileReference; explicitFileType = sourcecode.cpp.cpp; fileEncoding = 4; name = ScrollingLabel.cpp; path = src/ScrollingLabel.cpp; sourceTree = SOURCE_ROOT; };
		4839D0CAF09D441BA476E37E /* /Users/simonash/Developer/Planetary/src/State.cpp */ = {isa = PBXFileReference; explicitFileType = sourcecode.cpp.cpp; fileEncoding = 4; name = State.cpp; path = src/State.cpp; sourceTree = SOURCE_ROOT; };
		4964EB99868E46C5B7B88A5E /* /Users/simonash/Developer/Planetary/src/NodeTrack.cpp */ = {isa = PBXFileReference; explicitFileType = sourcecode.cpp.cpp; fileEncoding = 4; name = NodeTrack.cpp; path = src/NodeTrack.cpp; sourceTree = SOURCE_ROOT; };
		4C66E5850B264092BC8BCE9D /* /Users/simonash/Developer/Planetary/src/NodeAlbum.cpp */ = {isa = PBXFileReference; explicitFileType = sourcecode.cpp.cpp; fileEncoding = 4; name = NodeAlbum.cpp; path = src/NodeAlbum.cpp; sourceTree = SOURCE_ROOT; };
		4F647AFFE8794EF496D06B54 /* /Users/simonash/Downloads/Xcode-beta.app/Contents/Developer/Platforms/iPhoneSimulator.platform/Developer/SDKs/iPhoneSimulator27.0.sdk/System/Library/Frameworks/AudioToolbox.framework */ = {isa = PBXFileReference; fileEncoding = 4; lastKnownFileType = wrapper.framework; name = AudioToolbox.framework; path = "/Users/simonash/Downloads/Xcode-beta.app/Contents/Developer/Platforms/iPhoneSimulator.platform/Developer/SDKs/iPhoneSimulator27.0.sdk/System/Library/Frameworks/AudioToolbox.framework"; sourceTree = "<absolute>"; };
		52918A169BA54CCBB1127F82 /* /Users/simonash/Downloads/Xcode-beta.app/Contents/Developer/Platforms/iPhoneSimulator.platform/Developer/SDKs/iPhoneSimulator27.0.sdk/System/Library/Frameworks/OpenGLES.framework */ = {isa = PBXFileReference; fileEncoding = 4; lastKnownFileType = wrapper.framework; name = OpenGLES.framework; path = "/Users/simonash/Downloads/Xcode-beta.app/Contents/Developer/Platforms/iPhoneSimulator.platform/Developer/SDKs/iPhoneSimulator27.0.sdk/System/Library/Frameworks/OpenGLES.framework"; sourceTree = "<absolute>"; };
		52FF5E233BAC4B508A730951 /* /Users/simonash/Developer/Planetary/blocks/BloomScene/src/OrientationNode.cpp */ = {isa = PBXFileReference; explicitFileType = sourcecode.cpp.cpp; fileEncoding = 4; name = OrientationNode.cpp; path = blocks/BloomScene/src/OrientationNode.cpp; sourceTree = SOURCE_ROOT; };
		553CBBCF2061429CB7D45795 /* /Users/simonash/Developer/Planetary/src/World.cpp */ = {isa = PBXFileReference; explicitFileType = sourcecode.cpp.cpp; fileEncoding = 4; name = World.cpp; path = src/World.cpp; sourceTree = SOURCE_ROOT; };
		582A9FB2AAFF40008C4EE7D7 /* /Users/simonash/Developer/Planetary/src/Data.cpp */ = {isa = PBXFileReference; explicitFileType = sourcecode.cpp.cpp; fileEncoding = 4; name = Data.cpp; path = src/Data.cpp; sourceTree = SOURCE_ROOT; };
		5B8F85EF831C4D528383F2FD /* /Users/simonash/Downloads/Xcode-beta.app/Contents/Developer/Platforms/iPhoneSimulator.platform/Developer/SDKs/iPhoneSimulator27.0.sdk/System/Library/Frameworks/AVFoundation.framework */ = {isa = PBXFileReference; fileEncoding = 4; lastKnownFileType = wrapper.framework; name = AVFoundation.framework; path = "/Users/simonash/Downloads/Xcode-beta.app/Contents/Developer/Platforms/iPhoneSimulator.platform/Developer/SDKs/iPhoneSimulator27.0.sdk/System/Library/Frameworks/AVFoundation.framework"; sourceTree = "<absolute>"; };
		5C1658EC50894D4CB777DB2B /* /Users/simonash/Developer/Planetary/src/HelpLayer.cpp */ = {isa = PBXFileReference; explicitFileType = sourcecode.cpp.cpp; fileEncoding = 4; name = HelpLayer.cpp; path = src/HelpLayer.cpp; sourceTree = SOURCE_ROOT; };
		6963B4876CC547A689635FED /* /Users/simonash/Developer/Planetary/blocks/BloomTasks/src/TaskQueue.cpp */ = {isa = PBXFileReference; explicitFileType = sourcecode.cpp.cpp; fileEncoding = 4; name = TaskQueue.cpp; path = blocks/BloomTasks/src/TaskQueue.cpp; sourceTree = SOURCE_ROOT; };
		6D307FA39E7746FC9B29B495 /* /Users/simonash/Developer/Planetary/src/OrbitRing.cpp */ = {isa = PBXFileReference; explicitFileType = sourcecode.cpp.cpp; fileEncoding = 4; name = OrbitRing.cpp; path = src/OrbitRing.cpp; sourceTree = SOURCE_ROOT; };
		765895860F964C899316CE21 /* /Users/simonash/Downloads/Xcode-beta.app/Contents/Developer/Platforms/iPhoneSimulator.platform/Developer/SDKs/iPhoneSimulator27.0.sdk/System/Library/Frameworks/MediaPlayer.framework */ = {isa = PBXFileReference; fileEncoding = 4; lastKnownFileType = wrapper.framework; name = MediaPlayer.framework; path = "/Users/simonash/Downloads/Xcode-beta.app/Contents/Developer/Platforms/iPhoneSimulator.platform/Developer/SDKs/iPhoneSimulator27.0.sdk/System/Library/Frameworks/MediaPlayer.framework"; sourceTree = "<absolute>"; };
		78E3E991564D4373A8E1D79D /* /Users/simonash/Developer/Planetary/src/PlanetRing.cpp */ = {isa = PBXFileReference; explicitFileType = sourcecode.cpp.cpp; fileEncoding = 4; name = PlanetRing.cpp; path = src/PlanetRing.cpp; sourceTree = SOURCE_ROOT; };
		7D61C6B759994632882C6B1D /* /Users/simonash/Developer/Planetary/src/Shadow.cpp */ = {isa = PBXFileReference; explicitFileType = sourcecode.cpp.cpp; fileEncoding = 4; name = Shadow.cpp; path = src/Shadow.cpp; sourceTree = SOURCE_ROOT; };
		8070580CC9A041EFB67AB10C /* /Users/simonash/Developer/Planetary/build-iossim/CMakeFiles/Planetary.dir/Info.plist */ = {isa = PBXFileReference; explicitFileType = sourcecode.text.plist; fileEncoding = 4; name = Info.plist; path = "build-iossim/CMakeFiles/Planetary.dir/Info.plist"; sourceTree = SOURCE_ROOT; };
		8D4BE54E772749FC825F4EFA /* /Users/simonash/Developer/Planetary/CMakeLists.txt */ = {isa = PBXFileReference; explicitFileType = sourcecode.text; fileEncoding = 4; name = CMakeLists.txt; path = CMakeLists.txt; sourceTree = SOURCE_ROOT; };
		8E54C6DBB0964C51AC7DF2B0 /* /Users/simonash/Developer/Planetary/src/Slider.cpp */ = {isa = PBXFileReference; explicitFileType = sourcecode.cpp.cpp; fileEncoding = 4; name = Slider.cpp; path = src/Slider.cpp; sourceTree = SOURCE_ROOT; };
		99564519C17E40E7825A7A78 /* /Users/simonash/Developer/Planetary/src/StringHelpers.mm */ = {isa = PBXFileReference; explicitFileType = sourcecode.cpp.objcpp; fileEncoding = 4; name = StringHelpers.mm; path = src/StringHelpers.mm; sourceTree = SOURCE_ROOT; };
		9A27D24A8C7940A9AA5874BB /* /Users/simonash/Developer/Planetary/blocks/CinderIPod/src/CinderIPod.mm */ = {isa = PBXFileReference; explicitFileType = sourcecode.cpp.objcpp; fileEncoding = 4; name = CinderIPod.mm; path = blocks/CinderIPod/src/CinderIPod.mm; sourceTree = SOURCE_ROOT; };
		9BCDAC39B1634BC3A09924DF /* /Users/simonash/Developer/Planetary/blocks/CinderIPod/src/CinderIPodPlayerImpl.mm */ = {isa = PBXFileReference; explicitFileType = sourcecode.cpp.objcpp; fileEncoding = 4; name = CinderIPodPlayerImpl.mm; path = blocks/CinderIPod/src/CinderIPodPlayerImpl.mm; sourceTree = SOURCE_ROOT; };
		9C4D68E6AA114162A61DB8F9 /* /Users/simonash/Downloads/Xcode-beta.app/Contents/Developer/Platforms/iPhoneSimulator.platform/Developer/SDKs/iPhoneSimulator27.0.sdk/System/Library/Frameworks/CoreMedia.framework */ = {isa = PBXFileReference; fileEncoding = 4; lastKnownFileType = wrapper.framework; name = CoreMedia.framework; path = "/Users/simonash/Downloads/Xcode-beta.app/Contents/Developer/Platforms/iPhoneSimulator.platform/Developer/SDKs/iPhoneSimulator27.0.sdk/System/Library/Frameworks/CoreMedia.framework"; sourceTree = "<absolute>"; };
		9C77DBCF396449B0BFA73A19 /* /Users/simonash/Developer/Planetary/src/Node.cpp */ = {isa = PBXFileReference; explicitFileType = sourcecode.cpp.cpp; fileEncoding = 4; name = Node.cpp; path = src/Node.cpp; sourceTree = SOURCE_ROOT; };
		9CC3C7DB2D6C4D4ABBCAC85C /* /Users/simonash/Developer/Planetary/src/BloomGl.cpp */ = {isa = PBXFileReference; explicitFileType = sourcecode.cpp.cpp; fileEncoding = 4; name = BloomGl.cpp; path = src/BloomGl.cpp; sourceTree = SOURCE_ROOT; };
		A4D78F36B5EC466EADB03FD0 /* /Users/simonash/Developer/Planetary/src/Stars.cpp */ = {isa = PBXFileReference; explicitFileType = sourcecode.cpp.cpp; fileEncoding = 4; name = Stars.cpp; path = src/Stars.cpp; sourceTree = SOURCE_ROOT; };
		A554763E596C4BADA2314669 /* /Users/simonash/Developer/Planetary/src/Stats.cpp */ = {isa = PBXFileReference; explicitFileType = sourcecode.cpp.cpp; fileEncoding = 4; name = Stats.cpp; path = src/Stats.cpp; sourceTree = SOURCE_ROOT; };
		A68FF42C24274BECBE7D852A /* /Users/simonash/Developer/Planetary/src/AlphaChooser.cpp */ = {isa = PBXFileReference; explicitFileType = sourcecode.cpp.cpp; fileEncoding = 4; name = AlphaChooser.cpp; path = src/AlphaChooser.cpp; sourceTree = SOURCE_ROOT; };
		A91DB620673D4826B4EA0F1C /* /Users/simonash/Downloads/Xcode-beta.app/Contents/Developer/Platforms/iPhoneSimulator.platform/Developer/SDKs/iPhoneSimulator27.0.sdk/System/Library/Frameworks/QuartzCore.framework */ = {isa = PBXFileReference; fileEncoding = 4; lastKnownFileType = wrapper.framework; name = QuartzCore.framework; path = "/Users/simonash/Downloads/Xcode-beta.app/Contents/Developer/Platforms/iPhoneSimulator.platform/Developer/SDKs/iPhoneSimulator27.0.sdk/System/Library/Frameworks/QuartzCore.framework"; sourceTree = "<absolute>"; };
		AC2612313C5C4FE58019BDB4 /* /Users/simonash/Developer/Planetary/src/NodeArtist.cpp */ = {isa = PBXFileReference; explicitFileType = sourcecode.cpp.cpp; fileEncoding = 4; name = NodeArtist.cpp; path = src/NodeArtist.cpp; sourceTree = SOURCE_ROOT; };
		ACE66DA7C9C14092BD0BE456 /* /Users/simonash/Developer/Planetary/src/Galaxy.cpp */ = {isa = PBXFileReference; explicitFileType = sourcecode.cpp.cpp; fileEncoding = 4; name = Galaxy.cpp; path = src/Galaxy.cpp; sourceTree = SOURCE_ROOT; };
		AE05C24C8FF34502B9D402E1 /* /Users/simonash/Developer/Planetary/src/TextureLoader.cpp */ = {isa = PBXFileReference; explicitFileType = sourcecode.cpp.cpp; fileEncoding = 4; name = TextureLoader.cpp; path = src/TextureLoader.cpp; sourceTree = SOURCE_ROOT; };
		B0402F23247546AD80F9C129 /* /Users/simonash/Downloads/Xcode-beta.app/Contents/Developer/Platforms/iPhoneSimulator.platform/Developer/SDKs/iPhoneSimulator27.0.sdk/System/Library/Frameworks/Foundation.framework */ = {isa = PBXFileReference; fileEncoding = 4; lastKnownFileType = wrapper.framework; name = Foundation.framework; path = "/Users/simonash/Downloads/Xcode-beta.app/Contents/Developer/Platforms/iPhoneSimulator.platform/Developer/SDKs/iPhoneSimulator27.0.sdk/System/Library/Frameworks/Foundation.framework"; sourceTree = "<absolute>"; };
		B18E71DCB0BB482291126A24 /* /Users/simonash/Developer/Planetary/src/LoadingScreen.cpp */ = {isa = PBXFileReference; explicitFileType = sourcecode.cpp.cpp; fileEncoding = 4; name = LoadingScreen.cpp; path = src/LoadingScreen.cpp; sourceTree = SOURCE_ROOT; };
		B36EAC413F3A438C835B61DD /* /Users/simonash/Developer/Planetary/src/KeplerApp.cpp */ = {isa = PBXFileReference; explicitFileType = sourcecode.cpp.cpp; fileEncoding = 4; name = KeplerApp.cpp; path = src/KeplerApp.cpp; sourceTree = SOURCE_ROOT; };
		B47E0BB55D954339922F752F /* /Users/simonash/Developer/Planetary/blocks/CinderIPod/src/CinderIPodPlayer.mm */ = {isa = PBXFileReference; explicitFileType = sourcecode.cpp.objcpp; fileEncoding = 4; name = CinderIPodPlayer.mm; path = blocks/CinderIPod/src/CinderIPodPlayer.mm; sourceTree = SOURCE_ROOT; };
		BFF2C3F5CD7742F885B5FCBF /* /Users/simonash/Developer/Planetary/src/StarGlows.cpp */ = {isa = PBXFileReference; explicitFileType = sourcecode.cpp.cpp; fileEncoding = 4; name = StarGlows.cpp; path = src/StarGlows.cpp; sourceTree = SOURCE_ROOT; };
		C58139866376494B9B5BE9FC /* /Users/simonash/Developer/Planetary/src/ParticleController.cpp */ = {isa = PBXFileReference; explicitFileType = sourcecode.cpp.cpp; fileEncoding = 4; name = ParticleController.cpp; path = src/ParticleController.cpp; sourceTree = SOURCE_ROOT; };
		C5DD84CC63F149A0BF43237A /* /Users/simonash/Developer/Planetary/src/TextureRect.cpp */ = {isa = PBXFileReference; explicitFileType = sourcecode.cpp.cpp; fileEncoding = 4; name = TextureRect.cpp; path = src/TextureRect.cpp; sourceTree = SOURCE_ROOT; };
		CEEB815BB9DD4FB292FB8AC0 /* /Users/simonash/Developer/Planetary/src/Constellation.cpp */ = {isa = PBXFileReference; explicitFileType = sourcecode.cpp.cpp; fileEncoding = 4; name = Constellation.cpp; path = src/Constellation.cpp; sourceTree = SOURCE_ROOT; };
		D944C244731343509C8FBD99 /* /Users/simonash/Downloads/Xcode-beta.app/Contents/Developer/Platforms/iPhoneSimulator.platform/Developer/SDKs/iPhoneSimulator27.0.sdk/System/Library/Frameworks/CoreVideo.framework */ = {isa = PBXFileReference; fileEncoding = 4; lastKnownFileType = wrapper.framework; name = CoreVideo.framework; path = "/Users/simonash/Downloads/Xcode-beta.app/Contents/Developer/Platforms/iPhoneSimulator.platform/Developer/SDKs/iPhoneSimulator27.0.sdk/System/Library/Frameworks/CoreVideo.framework"; sourceTree = "<absolute>"; };
		D9BA3A5F54FA4ACBB5E64AB6 /* /Users/simonash/Downloads/Xcode-beta.app/Contents/Developer/Platforms/iPhoneSimulator.platform/Developer/SDKs/iPhoneSimulator27.0.sdk/System/Library/Frameworks/CoreMotion.framework */ = {isa = PBXFileReference; fileEncoding = 4; lastKnownFileType = wrapper.framework; name = CoreMotion.framework; path = "/Users/simonash/Downloads/Xcode-beta.app/Contents/Developer/Platforms/iPhoneSimulator.platform/Developer/SDKs/iPhoneSimulator27.0.sdk/System/Library/Frameworks/CoreMotion.framework"; sourceTree = "<absolute>"; };
		DD7C66B8357F429A811D5EF1 /* /Users/simonash/Developer/Planetary/blocks/CinderOrientation/src/OrientationHelper.mm */ = {isa = PBXFileReference; explicitFileType = sourcecode.cpp.objcpp; fileEncoding = 4; name = OrientationHelper.mm; path = blocks/CinderOrientation/src/OrientationHelper.mm; sourceTree = SOURCE_ROOT; };
		DDD0F8BAB4AA4818924DEB77 /* /Users/simonash/Downloads/Xcode-beta.app/Contents/Developer/Platforms/iPhoneSimulator.platform/Developer/SDKs/iPhoneSimulator27.0.sdk/System/Library/Frameworks/CoreGraphics.framework */ = {isa = PBXFileReference; fileEncoding = 4; lastKnownFileType = wrapper.framework; name = CoreGraphics.framework; path = "/Users/simonash/Downloads/Xcode-beta.app/Contents/Developer/Platforms/iPhoneSimulator.platform/Developer/SDKs/iPhoneSimulator27.0.sdk/System/Library/Frameworks/CoreGraphics.framework"; sourceTree = "<absolute>"; };
		DEC695DAD2F244AAA01A2437 /* /Users/simonash/Downloads/Xcode-beta.app/Contents/Developer/Platforms/iPhoneSimulator.platform/Developer/SDKs/iPhoneSimulator27.0.sdk/System/Library/Frameworks/Accelerate.framework */ = {isa = PBXFileReference; fileEncoding = 4; lastKnownFileType = wrapper.framework; name = Accelerate.framework; path = "/Users/simonash/Downloads/Xcode-beta.app/Contents/Developer/Platforms/iPhoneSimulator.platform/Developer/SDKs/iPhoneSimulator27.0.sdk/System/Library/Frameworks/Accelerate.framework"; sourceTree = "<absolute>"; };
		DF149E6F35844FA287B08159 /* /Users/simonash/Developer/Planetary/blocks/BloomScene/src/BloomNode.cpp */ = {isa = PBXFileReference; explicitFileType = sourcecode.cpp.cpp; fileEncoding = 4; name = BloomNode.cpp; path = blocks/BloomScene/src/BloomNode.cpp; sourceTree = SOURCE_ROOT; };
		E1023FA96EB64A9081962384 /* Planetary */ = {isa = PBXFileReference; explicitFileType = "compiled.mach-o.executable"; path = Planetary; sourceTree = BUILT_PRODUCTS_DIR; };
		E7E31B2024CE4590808AA945 /* /Users/simonash/Developer/Planetary/src/PlayControls.cpp */ = {isa = PBXFileReference; explicitFileType = sourcecode.cpp.cpp; fileEncoding = 4; name = PlayControls.cpp; path = src/PlayControls.cpp; sourceTree = SOURCE_ROOT; };
		E82FD6AD68014DD7B7EE5A9D /* /Users/simonash/Downloads/Xcode-beta.app/Contents/Developer/Platforms/iPhoneSimulator.platform/Developer/SDKs/iPhoneSimulator27.0.sdk/System/Library/Frameworks/ImageIO.framework */ = {isa = PBXFileReference; fileEncoding = 4; lastKnownFileType = wrapper.framework; name = ImageIO.framework; path = "/Users/simonash/Downloads/Xcode-beta.app/Contents/Developer/Platforms/iPhoneSimulator.platform/Developer/SDKs/iPhoneSimulator27.0.sdk/System/Library/Frameworks/ImageIO.framework"; sourceTree = "<absolute>"; };
		ED58A372283341CFBDF9D7A7 /* /Users/simonash/Developer/Planetary/src/SettingsPanel.cpp */ = {isa = PBXFileReference; explicitFileType = sourcecode.cpp.cpp; fileEncoding = 4; name = SettingsPanel.cpp; path = src/SettingsPanel.cpp; sourceTree = SOURCE_ROOT; };
		F0428C2CD4A24E7AAE7AF262 /* /Users/simonash/Downloads/Xcode-beta.app/Contents/Developer/Platforms/iPhoneSimulator.platform/Developer/SDKs/iPhoneSimulator27.0.sdk/System/Library/Frameworks/UIKit.framework */ = {isa = PBXFileReference; fileEncoding = 4; lastKnownFileType = wrapper.framework; name = UIKit.framework; path = "/Users/simonash/Downloads/Xcode-beta.app/Contents/Developer/Platforms/iPhoneSimulator.platform/Developer/SDKs/iPhoneSimulator27.0.sdk/System/Library/Frameworks/UIKit.framework"; sourceTree = "<absolute>"; };
		F339FC1515034589ACEB0889 /* /Users/simonash/Downloads/Xcode-beta.app/Contents/Developer/Platforms/iPhoneSimulator.platform/Developer/SDKs/iPhoneSimulator27.0.sdk/System/Library/Frameworks/AVFAudio.framework */ = {isa = PBXFileReference; fileEncoding = 4; lastKnownFileType = wrapper.framework; name = AVFAudio.framework; path = "/Users/simonash/Downloads/Xcode-beta.app/Contents/Developer/Platforms/iPhoneSimulator.platform/Developer/SDKs/iPhoneSimulator27.0.sdk/System/Library/Frameworks/AVFAudio.framework"; sourceTree = "<absolute>"; };
		F3AF116073DA4DBC897C7AAF /* /Users/simonash/Developer/Planetary/src/Particle.cpp */ = {isa = PBXFileReference; explicitFileType = sourcecode.cpp.cpp; fileEncoding = 4; name = Particle.cpp; path = src/Particle.cpp; sourceTree = SOURCE_ROOT; };
		F83CE4D63C14478497E1B9F0 /* /Users/simonash/Developer/Planetary/src/Buttons.cpp */ = {isa = PBXFileReference; explicitFileType = sourcecode.cpp.cpp; fileEncoding = 4; name = Buttons.cpp; path = src/Buttons.cpp; sourceTree = SOURCE_ROOT; };
		FB91260CB7834225B4AC1EA8 /* /Users/simonash/Developer/Planetary/blocks/BloomScene/src/BloomScene.cpp */ = {isa = PBXFileReference; explicitFileType = sourcecode.cpp.cpp; fileEncoding = 4; name = BloomScene.cpp; path = blocks/BloomScene/src/BloomScene.cpp; sourceTree = SOURCE_ROOT; };
		FE2CE2FB6448428F8FE7AC18 /* /Users/simonash/Developer/Planetary/src/LetterFilter.cpp */ = {isa = PBXFileReference; explicitFileType = sourcecode.cpp.cpp; fileEncoding = 4; name = LetterFilter.cpp; path = src/LetterFilter.cpp; sourceTree = SOURCE_ROOT; };
/* End PBXFileReference section */

/* Begin PBXFrameworksBuildPhase section */
		C3B2DB69A4334A759B55EB3D /* Frameworks */ = {
			isa = PBXFrameworksBuildPhase;
			buildActionMask = 2147483647;
			files = (
			);
			runOnlyForDeploymentPostprocessing = 0;
		};
/* End PBXFrameworksBuildPhase section */

/* Begin PBXGroup section */
		6750185310334EC1B675F402 /* Planetary */ = {
			isa = PBXGroup;
			children = (
				F04F0DF37E9A4E1CBAF957E8 /* Resources */,
				FABD3003344E4062B1B2BA96 /* Source Files */,
				8D4BE54E772749FC825F4EFA /* /Users/simonash/Developer/Planetary/CMakeLists.txt */,
			);
			name = Planetary;
			sourceTree = "<group>";
		};
		7201D323CF35425FBE8EBEB0 /* ALL_BUILD */ = {
			isa = PBXGroup;
			children = (
				B85E2131064546E89F1F9AF4 /* CMake Rules */,
				2C1344FAE8A44F8296B3D816 /* /Users/simonash/Developer/Planetary/CMakeLists.txt */,
			);
			name = ALL_BUILD;
			sourceTree = "<group>";
		};
		A58DBE73ACFE45EA886A6E24 /* Frameworks */ = {
			isa = PBXGroup;
			children = (
				000C21F4E22C4F75A376642F /* /Users/simonash/Downloads/Xcode-beta.app/Contents/Developer/Platforms/iPhoneSimulator.platform/Developer/SDKs/iPhoneSimulator27.0.sdk/System/Library/Frameworks/CoreText.framework */,
				765895860F964C899316CE21 /* /Users/simonash/Downloads/Xcode-beta.app/Contents/Developer/Platforms/iPhoneSimulator.platform/Developer/SDKs/iPhoneSimulator27.0.sdk/System/Library/Frameworks/MediaPlayer.framework */,
				D9BA3A5F54FA4ACBB5E64AB6 /* /Users/simonash/Downloads/Xcode-beta.app/Contents/Developer/Platforms/iPhoneSimulator.platform/Developer/SDKs/iPhoneSimulator27.0.sdk/System/Library/Frameworks/CoreMotion.framework */,
				F0428C2CD4A24E7AAE7AF262 /* /Users/simonash/Downloads/Xcode-beta.app/Contents/Developer/Platforms/iPhoneSimulator.platform/Developer/SDKs/iPhoneSimulator27.0.sdk/System/Library/Frameworks/UIKit.framework */,
				52918A169BA54CCBB1127F82 /* /Users/simonash/Downloads/Xcode-beta.app/Contents/Developer/Platforms/iPhoneSimulator.platform/Developer/SDKs/iPhoneSimulator27.0.sdk/System/Library/Frameworks/OpenGLES.framework */,
				5B8F85EF831C4D528383F2FD /* /Users/simonash/Downloads/Xcode-beta.app/Contents/Developer/Platforms/iPhoneSimulator.platform/Developer/SDKs/iPhoneSimulator27.0.sdk/System/Library/Frameworks/AVFoundation.framework */,
				D944C244731343509C8FBD99 /* /Users/simonash/Downloads/Xcode-beta.app/Contents/Developer/Platforms/iPhoneSimulator.platform/Developer/SDKs/iPhoneSimulator27.0.sdk/System/Library/Frameworks/CoreVideo.framework */,
				DEC695DAD2F244AAA01A2437 /* /Users/simonash/Downloads/Xcode-beta.app/Contents/Developer/Platforms/iPhoneSimulator.platform/Developer/SDKs/iPhoneSimulator27.0.sdk/System/Library/Frameworks/Accelerate.framework */,
				DDD0F8BAB4AA4818924DEB77 /* /Users/simonash/Downloads/Xcode-beta.app/Contents/Developer/Platforms/iPhoneSimulator.platform/Developer/SDKs/iPhoneSimulator27.0.sdk/System/Library/Frameworks/CoreGraphics.framework */,
				A91DB620673D4826B4EA0F1C /* /Users/simonash/Downloads/Xcode-beta.app/Contents/Developer/Platforms/iPhoneSimulator.platform/Developer/SDKs/iPhoneSimulator27.0.sdk/System/Library/Frameworks/QuartzCore.framework */,
				B0402F23247546AD80F9C129 /* /Users/simonash/Downloads/Xcode-beta.app/Contents/Developer/Platforms/iPhoneSimulator.platform/Developer/SDKs/iPhoneSimulator27.0.sdk/System/Library/Frameworks/Foundation.framework */,
				E82FD6AD68014DD7B7EE5A9D /* /Users/simonash/Downloads/Xcode-beta.app/Contents/Developer/Platforms/iPhoneSimulator.platform/Developer/SDKs/iPhoneSimulator27.0.sdk/System/Library/Frameworks/ImageIO.framework */,
				22EC7757517246EB94ACC998 /* /Users/simonash/Downloads/Xcode-beta.app/Contents/Developer/Platforms/iPhoneSimulator.platform/Developer/SDKs/iPhoneSimulator27.0.sdk/System/Library/Frameworks/MobileCoreServices.framework */,
				4F647AFFE8794EF496D06B54 /* /Users/simonash/Downloads/Xcode-beta.app/Contents/Developer/Platforms/iPhoneSimulator.platform/Developer/SDKs/iPhoneSimulator27.0.sdk/System/Library/Frameworks/AudioToolbox.framework */,
				10BD261A2F704E1E90C1E05D /* /Users/simonash/Downloads/Xcode-beta.app/Contents/Developer/Platforms/iPhoneSimulator.platform/Developer/SDKs/iPhoneSimulator27.0.sdk/System/Library/Frameworks/CoreAudio.framework */,
				F339FC1515034589ACEB0889 /* /Users/simonash/Downloads/Xcode-beta.app/Contents/Developer/Platforms/iPhoneSimulator.platform/Developer/SDKs/iPhoneSimulator27.0.sdk/System/Library/Frameworks/AVFAudio.framework */,
				9C4D68E6AA114162A61DB8F9 /* /Users/simonash/Downloads/Xcode-beta.app/Contents/Developer/Platforms/iPhoneSimulator.platform/Developer/SDKs/iPhoneSimulator27.0.sdk/System/Library/Frameworks/CoreMedia.framework */,
			);
			name = Frameworks;
			sourceTree = "<group>";
		};
		B85E2131064546E89F1F9AF4 /* CMake Rules */ = {
			isa = PBXGroup;
			children = (
			);
			name = "CMake Rules";
			sourceTree = "<group>";
		};
		D42F827AA5E040F2A9F0B272 = {
			isa = PBXGroup;
			children = (
				7201D323CF35425FBE8EBEB0 /* ALL_BUILD */,
				6750185310334EC1B675F402 /* Planetary */,
				FD27F2B0E274451FBFD8974D /* Products */,
				A58DBE73ACFE45EA886A6E24 /* Frameworks */,
				DBA9C958F7CF4B118BDA9B41 /* Resources */,
			);
			sourceTree = "<group>";
		};
		DBA9C958F7CF4B118BDA9B41 /* Resources */ = {
			isa = PBXGroup;
			children = (
			);
			name = Resources;
			sourceTree = "<group>";
		};
		F04F0DF37E9A4E1CBAF957E8 /* Resources */ = {
			isa = PBXGroup;
			children = (
				8070580CC9A041EFB67AB10C /* /Users/simonash/Developer/Planetary/build-iossim/CMakeFiles/Planetary.dir/Info.plist */,
			);
			name = Resources;
			sourceTree = "<group>";
		};
		FABD3003344E4062B1B2BA96 /* Source Files */ = {
			isa = PBXGroup;
			children = (
				DF149E6F35844FA287B08159 /* /Users/simonash/Developer/Planetary/blocks/BloomScene/src/BloomNode.cpp */,
				FB91260CB7834225B4AC1EA8 /* /Users/simonash/Developer/Planetary/blocks/BloomScene/src/BloomScene.cpp */,
				52FF5E233BAC4B508A730951 /* /Users/simonash/Developer/Planetary/blocks/BloomScene/src/OrientationNode.cpp */,
				6963B4876CC547A689635FED /* /Users/simonash/Developer/Planetary/blocks/BloomTasks/src/TaskQueue.cpp */,
				9A27D24A8C7940A9AA5874BB /* /Users/simonash/Developer/Planetary/blocks/CinderIPod/src/CinderIPod.mm */,
				B47E0BB55D954339922F752F /* /Users/simonash/Developer/Planetary/blocks/CinderIPod/src/CinderIPodPlayer.mm */,
				9BCDAC39B1634BC3A09924DF /* /Users/simonash/Developer/Planetary/blocks/CinderIPod/src/CinderIPodPlayerImpl.mm */,
				2E8667C28AD64D13A7489C2A /* /Users/simonash/Developer/Planetary/blocks/CinderOrientation/src/Orientation.cpp */,
				DD7C66B8357F429A811D5EF1 /* /Users/simonash/Developer/Planetary/blocks/CinderOrientation/src/OrientationHelper.mm */,
				A68FF42C24274BECBE7D852A /* /Users/simonash/Developer/Planetary/src/AlphaChooser.cpp */,
				9CC3C7DB2D6C4D4ABBCAC85C /* /Users/simonash/Developer/Planetary/src/BloomGl.cpp */,
				323FC3DBCC9446A2A601812F /* /Users/simonash/Developer/Planetary/src/BloomSphere.cpp */,
				F83CE4D63C14478497E1B9F0 /* /Users/simonash/Developer/Planetary/src/Buttons.cpp */,
				CEEB815BB9DD4FB292FB8AC0 /* /Users/simonash/Developer/Planetary/src/Constellation.cpp */,
				582A9FB2AAFF40008C4EE7D7 /* /Users/simonash/Developer/Planetary/src/Data.cpp */,
				1F72E9189D5B4808997B918A /* /Users/simonash/Developer/Planetary/src/Dust.cpp */,
				ACE66DA7C9C14092BD0BE456 /* /Users/simonash/Developer/Planetary/src/Galaxy.cpp */,
				19C3A10F3CD4416D9D5A9844 /* /Users/simonash/Developer/Planetary/src/GyroHelper.cpp */,
				5C1658EC50894D4CB777DB2B /* /Users/simonash/Developer/Planetary/src/HelpLayer.cpp */,
				B36EAC413F3A438C835B61DD /* /Users/simonash/Developer/Planetary/src/KeplerApp.cpp */,
				FE2CE2FB6448428F8FE7AC18 /* /Users/simonash/Developer/Planetary/src/LetterFilter.cpp */,
				B18E71DCB0BB482291126A24 /* /Users/simonash/Developer/Planetary/src/LoadingScreen.cpp */,
				9C77DBCF396449B0BFA73A19 /* /Users/simonash/Developer/Planetary/src/Node.cpp */,
				4C66E5850B264092BC8BCE9D /* /Users/simonash/Developer/Planetary/src/NodeAlbum.cpp */,
				AC2612313C5C4FE58019BDB4 /* /Users/simonash/Developer/Planetary/src/NodeArtist.cpp */,
				4964EB99868E46C5B7B88A5E /* /Users/simonash/Developer/Planetary/src/NodeTrack.cpp */,
				02A00B2629414B07A75058EF /* /Users/simonash/Developer/Planetary/src/NotificationOverlay.cpp */,
				6D307FA39E7746FC9B29B495 /* /Users/simonash/Developer/Planetary/src/OrbitRing.cpp */,
				F3AF116073DA4DBC897C7AAF /* /Users/simonash/Developer/Planetary/src/Particle.cpp */,
				C58139866376494B9B5BE9FC /* /Users/simonash/Developer/Planetary/src/ParticleController.cpp */,
				78E3E991564D4373A8E1D79D /* /Users/simonash/Developer/Planetary/src/PlanetRing.cpp */,
				E7E31B2024CE4590808AA945 /* /Users/simonash/Developer/Planetary/src/PlayControls.cpp */,
				29466626384344E18B312057 /* /Users/simonash/Developer/Planetary/src/PlaylistChooser.cpp */,
				3128B85EEFAA4AB7BDC14BA4 /* /Users/simonash/Developer/Planetary/src/PlaylistFilter.cpp */,
				43DE3FFC1A0C435098839613 /* /Users/simonash/Developer/Planetary/src/ScrollingLabel.cpp */,
				ED58A372283341CFBDF9D7A7 /* /Users/simonash/Developer/Planetary/src/SettingsPanel.cpp */,
				7D61C6B759994632882C6B1D /* /Users/simonash/Developer/Planetary/src/Shadow.cpp */,
				8E54C6DBB0964C51AC7DF2B0 /* /Users/simonash/Developer/Planetary/src/Slider.cpp */,
				BFF2C3F5CD7742F885B5FCBF /* /Users/simonash/Developer/Planetary/src/StarGlows.cpp */,
				A4D78F36B5EC466EADB03FD0 /* /Users/simonash/Developer/Planetary/src/Stars.cpp */,
				4839D0CAF09D441BA476E37E /* /Users/simonash/Developer/Planetary/src/State.cpp */,
				A554763E596C4BADA2314669 /* /Users/simonash/Developer/Planetary/src/Stats.cpp */,
				99564519C17E40E7825A7A78 /* /Users/simonash/Developer/Planetary/src/StringHelpers.mm */,
				3E1C9D31E53843BFAABBF5C2 /* /Users/simonash/Developer/Planetary/src/TextLabel.cpp */,
				AE05C24C8FF34502B9D402E1 /* /Users/simonash/Developer/Planetary/src/TextureLoader.cpp */,
				C5DD84CC63F149A0BF43237A /* /Users/simonash/Developer/Planetary/src/TextureRect.cpp */,
				2F60E07CA5B24BB6970D640C /* /Users/simonash/Developer/Planetary/src/TimeLabel.cpp */,
				3B7E629A317548A89C7CA0DD /* /Users/simonash/Developer/Planetary/src/UiLayer.cpp */,
				237BE33A899047E8B79730FA /* /Users/simonash/Developer/Planetary/src/Vignette.cpp */,
				553CBBCF2061429CB7D45795 /* /Users/simonash/Developer/Planetary/src/World.cpp */,
			);
			name = "Source Files";
			sourceTree = "<group>";
		};
		FD27F2B0E274451FBFD8974D /* Products */ = {
			isa = PBXGroup;
			children = (
				E1023FA96EB64A9081962384 /* Planetary */,
			);
			name = Products;
			sourceTree = "<group>";
		};
/* End PBXGroup section */

/* Begin PBXNativeTarget section */
		952F277250299AF449AC4AD5 /* Planetary */ = {
			isa = PBXNativeTarget;
			buildConfigurationList = 6EBDADB2AD6145B5A7DB3DCD /* Build configuration list for PBXNativeTarget "Planetary" */;
			buildPhases = (
				3FE13C8583AA4ED9AE213DF2 /* Sources */,
				C3B2DB69A4334A759B55EB3D /* Frameworks */,
			);
			buildRules = (
			);
			dependencies = (
				08DF8DC8AA7C4E7FABF65736 /* PBXTargetDependency */,
			);
			name = Planetary;
			productName = Planetary;
			productReference = E1023FA96EB64A9081962384 /* Planetary */;
			productType = "com.apple.product-type.application";
		};
/* End PBXNativeTarget section */

/* Begin PBXProject section */
		2A4047397F404C9384649CC2 /* Project object */ = {
			isa = PBXProject;
			attributes = {
				BuildIndependentTargetsInParallel = YES;
				LastUpgradeCheck = 2700;
			};
			buildConfigurationList = A16D1611286B49CF8318E51B /* Build configuration list for PBXProject "Planetary" */;
			buildSettings = {
			};
			buildStyles = (
				F98C61F9E141456FA7F4B823 /* Debug */,
				878BA4426A0F4CAFB37A25D6 /* Release */,
				D2B057D0FDFD45E49B4BA94B /* MinSizeRel */,
				D7C6F652BE4542D19DEFC379 /* RelWithDebInfo */,
			);
			compatibilityVersion = "Xcode 3.2";
			hasScannedForEncodings = 0;
			mainGroup = D42F827AA5E040F2A9F0B272;
			projectDirPath = /Users/simonash/Developer/Planetary;
			projectRoot = "";
			targets = (
				B516E1A5CD385E78ED735DD1 /* ALL_BUILD */,
				952F277250299AF449AC4AD5 /* Planetary */,
				1F20E44D0CCDA52C7476E26B /* ZERO_CHECK */,
			);
		};
/* End PBXProject section */

/* Begin PBXShellScriptBuildPhase section */
		0E4335D652EFB45B1A96299A /* Generate CMakeFiles/ZERO_CHECK */ = {
			isa = PBXShellScriptBuildPhase;
			alwaysOutOfDate = 1;
			buildActionMask = 2147483647;
			files = (
			);
			inputPaths = (
			);
			name = "Generate CMakeFiles/ZERO_CHECK";
			outputPaths = (
"/Users/simonash/Developer/Planetary/build-iossim/CMakeFiles/ZERO_CHECK"			);
			runOnlyForDeploymentPostprocessing = 0;
			shellPath = /bin/sh;
			shellScript = "set -e
if test \"$CONFIGURATION\" = \"Debug\"; then :
  cd /Users/simonash/Developer/Planetary/build-iossim
  make -f /Users/simonash/Developer/Planetary/build-iossim/CMakeScripts/ReRunCMake.make
fi
if test \"$CONFIGURATION\" = \"Release\"; then :
  cd /Users/simonash/Developer/Planetary/build-iossim
  make -f /Users/simonash/Developer/Planetary/build-iossim/CMakeScripts/ReRunCMake.make
fi
if test \"$CONFIGURATION\" = \"MinSizeRel\"; then :
  cd /Users/simonash/Developer/Planetary/build-iossim
  make -f /Users/simonash/Developer/Planetary/build-iossim/CMakeScripts/ReRunCMake.make
fi
if test \"$CONFIGURATION\" = \"RelWithDebInfo\"; then :
  cd /Users/simonash/Developer/Planetary/build-iossim
  make -f /Users/simonash/Developer/Planetary/build-iossim/CMakeScripts/ReRunCMake.make
fi
";
			showEnvVarsInLog = 0;
		};
		3C0110FC8322DE7E50886E21 = {
			isa = PBXShellScriptBuildPhase;
			buildActionMask = 2147483647;
			files = (
			);
			inputPaths = (
			);
			outputPaths = (
			);
			runOnlyForDeploymentPostprocessing = 0;
			shellPath = /bin/sh;
			shellScript = "# shell script goes here
exit 0";
			showEnvVarsInLog = 0;
		};
		9B50530E35CC49C82C2FACCF = {
			isa = PBXShellScriptBuildPhase;
			buildActionMask = 2147483647;
			files = (
			);
			inputPaths = (
			);
			outputPaths = (
			);
			runOnlyForDeploymentPostprocessing = 0;
			shellPath = /bin/sh;
			shellScript = "# shell script goes here
exit 0";
			showEnvVarsInLog = 0;
		};
		CD007D52F1241DCB2F355E1A /* Generate CMakeFiles/ALL_BUILD */ = {
			isa = PBXShellScriptBuildPhase;
			alwaysOutOfDate = 1;
			buildActionMask = 2147483647;
			files = (
			);
			inputPaths = (
			);
			name = "Generate CMakeFiles/ALL_BUILD";
			outputPaths = (
"/Users/simonash/Developer/Planetary/build-iossim/CMakeFiles/ALL_BUILD"			);
			runOnlyForDeploymentPostprocessing = 0;
			shellPath = /bin/sh;
			shellScript = "set -e
if test \"$CONFIGURATION\" = \"Debug\"; then :
  cd /Users/simonash/Developer/Planetary/build-iossim
  echo Build\\ all\\ projects
fi
if test \"$CONFIGURATION\" = \"Release\"; then :
  cd /Users/simonash/Developer/Planetary/build-iossim
  echo Build\\ all\\ projects
fi
if test \"$CONFIGURATION\" = \"MinSizeRel\"; then :
  cd /Users/simonash/Developer/Planetary/build-iossim
  echo Build\\ all\\ projects
fi
if test \"$CONFIGURATION\" = \"RelWithDebInfo\"; then :
  cd /Users/simonash/Developer/Planetary/build-iossim
  echo Build\\ all\\ projects
fi
";
			showEnvVarsInLog = 0;
		};
/* End PBXShellScriptBuildPhase section */

/* Begin PBXSourcesBuildPhase section */
		3FE13C8583AA4ED9AE213DF2 /* Sources */ = {
			isa = PBXSourcesBuildPhase;
			buildActionMask = 2147483647;
			files = (
				2406874C9976411E80399A65 /* /Users/simonash/Developer/Planetary/blocks/BloomScene/src/BloomNode.cpp */,
				09B011C2CDD94EE1A71BBEB4 /* /Users/simonash/Developer/Planetary/blocks/BloomScene/src/BloomScene.cpp */,
				B889E89999484D89978B62CE /* /Users/simonash/Developer/Planetary/blocks/BloomScene/src/OrientationNode.cpp */,
				B9E9EBCA0C3E4CD3913E57BD /* /Users/simonash/Developer/Planetary/blocks/BloomTasks/src/TaskQueue.cpp */,
				915801A76BC74635A47BD2FB /* /Users/simonash/Developer/Planetary/blocks/CinderIPod/src/CinderIPod.mm */,
				C0EBD7A111564C11913C90E3 /* /Users/simonash/Developer/Planetary/blocks/CinderIPod/src/CinderIPodPlayer.mm */,
				1DEDCDEF22E74CFE874C78D5 /* /Users/simonash/Developer/Planetary/blocks/CinderIPod/src/CinderIPodPlayerImpl.mm */,
				B689F8E6AFE1477C81CC5CEE /* /Users/simonash/Developer/Planetary/blocks/CinderOrientation/src/Orientation.cpp */,
				D8157B28ADAF46B79658C33B /* /Users/simonash/Developer/Planetary/blocks/CinderOrientation/src/OrientationHelper.mm */,
				DC009FDF209D4924BEF0845A /* /Users/simonash/Developer/Planetary/src/AlphaChooser.cpp */,
				08DBB157E2C642E5862BC154 /* /Users/simonash/Developer/Planetary/src/BloomGl.cpp */,
				F4CEDCE7D917431B8CD5B7A7 /* /Users/simonash/Developer/Planetary/src/BloomSphere.cpp */,
				74B1539661424402BA269394 /* /Users/simonash/Developer/Planetary/src/Buttons.cpp */,
				412C8C7D54DF41BBB7B61A2C /* /Users/simonash/Developer/Planetary/src/Constellation.cpp */,
				997AFFE6C3A9468C990E8666 /* /Users/simonash/Developer/Planetary/src/Data.cpp */,
				F076ECE473A0471D853C2BD7 /* /Users/simonash/Developer/Planetary/src/Dust.cpp */,
				F699DBA1D33944F298683AA5 /* /Users/simonash/Developer/Planetary/src/Galaxy.cpp */,
				5E0F2BDAF35241FEA17A49DB /* /Users/simonash/Developer/Planetary/src/GyroHelper.cpp */,
				83243FCDFB84463DB2161DE1 /* /Users/simonash/Developer/Planetary/src/HelpLayer.cpp */,
				942230983845413E8AF93AB5 /* /Users/simonash/Developer/Planetary/src/KeplerApp.cpp */,
				5D7EBEE8CAF74B079182442E /* /Users/simonash/Developer/Planetary/src/LetterFilter.cpp */,
				FBEBD2D196E84037BFF89A54 /* /Users/simonash/Developer/Planetary/src/LoadingScreen.cpp */,
				CFD88FD485C84F5A8B4CC8D8 /* /Users/simonash/Developer/Planetary/src/Node.cpp */,
				9A90329C4BD340AC98B0D774 /* /Users/simonash/Developer/Planetary/src/NodeAlbum.cpp */,
				DEEE0326F0BD4C0091EC5754 /* /Users/simonash/Developer/Planetary/src/NodeArtist.cpp */,
				68AEF7613F9C46AAA206ACB1 /* /Users/simonash/Developer/Planetary/src/NodeTrack.cpp */,
				EDC8962982434FCEBB32F2F2 /* /Users/simonash/Developer/Planetary/src/NotificationOverlay.cpp */,
				B4D68C51600C4189B30D9D5C /* /Users/simonash/Developer/Planetary/src/OrbitRing.cpp */,
				27B12E35B9F64751A03BD262 /* /Users/simonash/Developer/Planetary/src/Particle.cpp */,
				EE1A586D8FAD4500B1567C69 /* /Users/simonash/Developer/Planetary/src/ParticleController.cpp */,
				EF8AAADB038749DB9711F5CB /* /Users/simonash/Developer/Planetary/src/PlanetRing.cpp */,
				55ED042BB96B423BB76430D3 /* /Users/simonash/Developer/Planetary/src/PlayControls.cpp */,
				172BBC597ACD4FF99151CAFB /* /Users/simonash/Developer/Planetary/src/PlaylistChooser.cpp */,
				0D487753A0634C11A684E225 /* /Users/simonash/Developer/Planetary/src/PlaylistFilter.cpp */,
				95A45F6FD56549D0AE4EE758 /* /Users/simonash/Developer/Planetary/src/ScrollingLabel.cpp */,
				3E07379A26EC459388B3BBA7 /* /Users/simonash/Developer/Planetary/src/SettingsPanel.cpp */,
				2AF2232CDBF74A0D932EB23D /* /Users/simonash/Developer/Planetary/src/Shadow.cpp */,
				EA573095968C472DAC73B6C5 /* /Users/simonash/Developer/Planetary/src/Slider.cpp */,
				14C6D092D8F64034A48549F6 /* /Users/simonash/Developer/Planetary/src/StarGlows.cpp */,
				90A0518A09264134AE2F9FB6 /* /Users/simonash/Developer/Planetary/src/Stars.cpp */,
				6F989BA1F7884160A0DF8395 /* /Users/simonash/Developer/Planetary/src/State.cpp */,
				F0304A015BEE43FDB785325C /* /Users/simonash/Developer/Planetary/src/Stats.cpp */,
				C6B155FC435D4F179955DBEE /* /Users/simonash/Developer/Planetary/src/StringHelpers.mm */,
				B38F0B63B91B46DA86225AE7 /* /Users/simonash/Developer/Planetary/src/TextLabel.cpp */,
				352413E3E16448968AA495AB /* /Users/simonash/Developer/Planetary/src/TextureLoader.cpp */,
				723F499B8B744E908753B11A /* /Users/simonash/Developer/Planetary/src/TextureRect.cpp */,
				849905FE69444A34BB744E52 /* /Users/simonash/Developer/Planetary/src/TimeLabel.cpp */,
				BE9D2E4B55CD4FC49115B5B0 /* /Users/simonash/Developer/Planetary/src/UiLayer.cpp */,
				7191B9C5B51D4475821FA87A /* /Users/simonash/Developer/Planetary/src/Vignette.cpp */,
				ED9C399871F4432DAB4E54EB /* /Users/simonash/Developer/Planetary/src/World.cpp */,
			);
			runOnlyForDeploymentPostprocessing = 0;
		};
/* End PBXSourcesBuildPhase section */

/* Begin PBXTargetDependency section */
		08DF8DC8AA7C4E7FABF65736 /* PBXTargetDependency */ = {
			isa = PBXTargetDependency;
			target = 1F20E44D0CCDA52C7476E26B /* ZERO_CHECK */;
			targetProxy = 4FAF87075A324FB0B29BA685 /* PBXContainerItemProxy */;
		};
		73329ED7C16148A490A38405 /* PBXTargetDependency */ = {
			isa = PBXTargetDependency;
			target = 1F20E44D0CCDA52C7476E26B /* ZERO_CHECK */;
			targetProxy = 66065E9A4BE044549925EA7A /* PBXContainerItemProxy */;
		};
		7BD7B92A76354B6AA629E716 /* PBXTargetDependency */ = {
			isa = PBXTargetDependency;
			target = 952F277250299AF449AC4AD5 /* Planetary */;
			targetProxy = CA477CCF51454CE79663EB69 /* PBXContainerItemProxy */;
		};
/* End PBXTargetDependency section */

/* Begin XCBuildConfiguration section */
		0C62BE059C9E4395B4597F93 /* Debug */ = {
			isa = XCBuildConfiguration;
			buildSettings = {
				ALWAYS_SEARCH_USER_PATHS = NO;
				COMBINE_HIDPI_IMAGES = YES;
				GCC_GENERATE_DEBUGGING_SYMBOLS = YES;
				GCC_INLINES_ARE_PRIVATE_EXTERN = NO;
				GCC_OPTIMIZATION_LEVEL = 0;
				GCC_PREPROCESSOR_DEFINITIONS = ("'CMAKE_INTDIR=\"$(CONFIGURATION)$(EFFECTIVE_PLATFORM_NAME)\"'","$(inherited)");
				GCC_SYMBOLS_PRIVATE_EXTERN = NO;
				INSTALL_PATH = "";
				OTHER_LDFLAGS = ("","$(inherited)");
				OTHER_REZFLAGS = "";
				PRODUCT_NAME = ZERO_CHECK;
				SECTORDER_FLAGS = "";
				USE_HEADERMAP = NO;
				WARNING_CFLAGS = ("$(inherited)");
			};
			name = Debug;
		};
		19D0EB610BA749A4BE7811B2 /* RelWithDebInfo */ = {
			isa = XCBuildConfiguration;
			buildSettings = {
				ALWAYS_SEARCH_USER_PATHS = NO;
				ARCHS = arm64;
				COMBINE_HIDPI_IMAGES = YES;
				CONFIGURATION_BUILD_DIR = /Users/simonash/Developer/Planetary/build/RelWithDebInfo;
				EXECUTABLE_PREFIX = "";
				EXECUTABLE_SUFFIX = "";
				FRAMEWORK_SEARCH_PATHS = ("/Users/simonash/Downloads/Xcode-beta.app/Contents/Developer/Platforms/iPhoneSimulator.platform/Developer/SDKs/iPhoneSimulator27.0.sdk/System/Library/Frameworks","$(inherited)");
				GCC_GENERATE_DEBUGGING_SYMBOLS = YES;
				GCC_INLINES_ARE_PRIVATE_EXTERN = NO;
				GCC_OPTIMIZATION_LEVEL = 2;
				GCC_PREPROCESSOR_DEFINITIONS = ("'CMAKE_INTDIR=\"$(CONFIGURATION)$(EFFECTIVE_PLATFORM_NAME)\"'",FT2_BUILD_LIBRARY,FT_DEBUG_LEVEL_TRACE,CINDER_GL_ES,CINDER_GL_ES_3,"$(inherited)");
				GCC_SYMBOLS_PRIVATE_EXTERN = NO;
				HEADER_SEARCH_PATHS = (/opt/homebrew/include,/Users/simonash/Developer/Planetary/src,/Users/simonash/Developer/Planetary/blocks/CinderIPod/include,/Users/simonash/Developer/Planetary/blocks/CinderGestures/include,/Users/simonash/Developer/Planetary/blocks/BloomScene/include,/Users/simonash/Developer/Planetary/blocks/BloomTasks/src,/Users/simonash/Developer/Planetary/blocks/CinderOrientation/include,"$(inherited)");
				INFOPLIST_FILE = "/Users/simonash/Developer/Planetary/build-iossim/CMakeFiles/Planetary.dir/Info.plist";
				INSTALL_PATH = "";
				ONLY_ACTIVE_ARCH = NO;
				OTHER_CPLUSPLUSFLAGS = "       -DNDEBUG '-std=c++20' '-ferror-limit=0' ";
				OTHER_LDFLAGS = (" -Wl,-search_paths_first -Wl,-headerpad_max_install_names","/Users/simonash/Developer/Cinder/lib/ios-sim/RelWithDebInfo/libcinder.a","-framework CoreText","-framework MediaPlayer","-framework CoreMotion","-framework UIKit","-framework OpenGLES","-framework AVFoundation","-framework CoreVideo","-framework Accelerate","-framework CoreGraphics","-framework QuartzCore","-framework Foundation","-framework ImageIO","-framework MobileCoreServices","-framework AudioToolbox","-framework CoreAudio","-framework AVFAudio","-framework CoreMedia","-lobjc","$(inherited)");
				OTHER_REZFLAGS = "";
				PRODUCT_BUNDLE_IDENTIFIER = org.cooperhewitt.planetary;
				PRODUCT_NAME = Planetary;
				SECTORDER_FLAGS = "";
				SYSTEM_HEADER_SEARCH_PATHS = (/Users/simonash/Developer/Cinder/include,"$(inherited)");
				TARGETED_DEVICE_FAMILY = 2;
				TARGET_TEMP_DIR = "/Users/simonash/Developer/Planetary/build-iossim/build/Planetary.build/$(CONFIGURATION)$(EFFECTIVE_PLATFORM_NAME)";
				USE_HEADERMAP = NO;
				WARNING_CFLAGS = ("$(inherited)");
			};
			name = RelWithDebInfo;
		};
		1F36FBFA79064FF7A8B537D5 /* MinSizeRel */ = {
			isa = XCBuildConfiguration;
			buildSettings = {
				ALWAYS_SEARCH_USER_PATHS = NO;
				COMBINE_HIDPI_IMAGES = YES;
				GCC_GENERATE_DEBUGGING_SYMBOLS = YES;
				GCC_INLINES_ARE_PRIVATE_EXTERN = NO;
				GCC_OPTIMIZATION_LEVEL = 0;
				GCC_PREPROCESSOR_DEFINITIONS = ("'CMAKE_INTDIR=\"$(CONFIGURATION)$(EFFECTIVE_PLATFORM_NAME)\"'","$(inherited)");
				GCC_SYMBOLS_PRIVATE_EXTERN = NO;
				INSTALL_PATH = "";
				OTHER_LDFLAGS = ("","$(inherited)");
				OTHER_REZFLAGS = "";
				PRODUCT_NAME = ALL_BUILD;
				SECTORDER_FLAGS = "";
				USE_HEADERMAP = NO;
				WARNING_CFLAGS = ("$(inherited)");
			};
			name = MinSizeRel;
		};
		2B783ABD3EE64F4AAA880CD5 /* Release */ = {
			isa = XCBuildConfiguration;
			buildSettings = {
				ALWAYS_SEARCH_USER_PATHS = NO;
				ARCHS = arm64;
				COMBINE_HIDPI_IMAGES = YES;
				CONFIGURATION_BUILD_DIR = /Users/simonash/Developer/Planetary/build/Release;
				EXECUTABLE_PREFIX = "";
				EXECUTABLE_SUFFIX = "";
				FRAMEWORK_SEARCH_PATHS = ("/Users/simonash/Downloads/Xcode-beta.app/Contents/Developer/Platforms/iPhoneSimulator.platform/Developer/SDKs/iPhoneSimulator27.0.sdk/System/Library/Frameworks","$(inherited)");
				GCC_GENERATE_DEBUGGING_SYMBOLS = NO;
				GCC_INLINES_ARE_PRIVATE_EXTERN = NO;
				GCC_OPTIMIZATION_LEVEL = 3;
				GCC_PREPROCESSOR_DEFINITIONS = ("'CMAKE_INTDIR=\"$(CONFIGURATION)$(EFFECTIVE_PLATFORM_NAME)\"'",FT2_BUILD_LIBRARY,FT_DEBUG_LEVEL_TRACE,CINDER_GL_ES,CINDER_GL_ES_3,"$(inherited)");
				GCC_SYMBOLS_PRIVATE_EXTERN = NO;
				HEADER_SEARCH_PATHS = (/opt/homebrew/include,/Users/simonash/Developer/Planetary/src,/Users/simonash/Developer/Planetary/blocks/CinderIPod/include,/Users/simonash/Developer/Planetary/blocks/CinderGestures/include,/Users/simonash/Developer/Planetary/blocks/BloomScene/include,/Users/simonash/Developer/Planetary/blocks/BloomTasks/src,/Users/simonash/Developer/Planetary/blocks/CinderOrientation/include,"$(inherited)");
				INFOPLIST_FILE = "/Users/simonash/Developer/Planetary/build-iossim/CMakeFiles/Planetary.dir/Info.plist";
				INSTALL_PATH = "";
				ONLY_ACTIVE_ARCH = NO;
				OTHER_CPLUSPLUSFLAGS = "    -DNDEBUG '-std=c++20' '-ferror-limit=0' ";
				OTHER_LDFLAGS = (" -Wl,-search_paths_first -Wl,-headerpad_max_install_names","/Users/simonash/Developer/Cinder/lib/ios-sim/Release/libcinder.a","-framework CoreText","-framework MediaPlayer","-framework CoreMotion","-framework UIKit","-framework OpenGLES","-framework AVFoundation","-framework CoreVideo","-framework Accelerate","-framework CoreGraphics","-framework QuartzCore","-framework Foundation","-framework ImageIO","-framework MobileCoreServices","-framework AudioToolbox","-framework CoreAudio","-framework AVFAudio","-framework CoreMedia","-lobjc","$(inherited)");
				OTHER_REZFLAGS = "";
				PRODUCT_BUNDLE_IDENTIFIER = org.cooperhewitt.planetary;
				PRODUCT_NAME = Planetary;
				SECTORDER_FLAGS = "";
				SYSTEM_HEADER_SEARCH_PATHS = (/Users/simonash/Developer/Cinder/include,"$(inherited)");
				TARGETED_DEVICE_FAMILY = 2;
				TARGET_TEMP_DIR = "/Users/simonash/Developer/Planetary/build-iossim/build/Planetary.build/$(CONFIGURATION)$(EFFECTIVE_PLATFORM_NAME)";
				USE_HEADERMAP = NO;
				WARNING_CFLAGS = ("$(inherited)");
			};
			name = Release;
		};
		4DA65099C28346418A77CA8C /* Debug */ = {
			isa = XCBuildConfiguration;
			buildSettings = {
				ALWAYS_SEARCH_USER_PATHS = NO;
				COMBINE_HIDPI_IMAGES = YES;
				GCC_GENERATE_DEBUGGING_SYMBOLS = YES;
				GCC_INLINES_ARE_PRIVATE_EXTERN = NO;
				GCC_OPTIMIZATION_LEVEL = 0;
				GCC_PREPROCESSOR_DEFINITIONS = ("'CMAKE_INTDIR=\"$(CONFIGURATION)$(EFFECTIVE_PLATFORM_NAME)\"'","$(inherited)");
				GCC_SYMBOLS_PRIVATE_EXTERN = NO;
				INSTALL_PATH = "";
				OTHER_LDFLAGS = ("","$(inherited)");
				OTHER_REZFLAGS = "";
				PRODUCT_NAME = ALL_BUILD;
				SECTORDER_FLAGS = "";
				USE_HEADERMAP = NO;
				WARNING_CFLAGS = ("$(inherited)");
			};
			name = Debug;
		};
		4E0CF81931414823B1123BEA /* RelWithDebInfo */ = {
			isa = XCBuildConfiguration;
			buildSettings = {
				ALWAYS_SEARCH_USER_PATHS = NO;
				COMBINE_HIDPI_IMAGES = YES;
				GCC_GENERATE_DEBUGGING_SYMBOLS = YES;
				GCC_INLINES_ARE_PRIVATE_EXTERN = NO;
				GCC_OPTIMIZATION_LEVEL = 0;
				GCC_PREPROCESSOR_DEFINITIONS = ("'CMAKE_INTDIR=\"$(CONFIGURATION)$(EFFECTIVE_PLATFORM_NAME)\"'","$(inherited)");
				GCC_SYMBOLS_PRIVATE_EXTERN = NO;
				INSTALL_PATH = "";
				OTHER_LDFLAGS = ("","$(inherited)");
				OTHER_REZFLAGS = "";
				PRODUCT_NAME = ZERO_CHECK;
				SECTORDER_FLAGS = "";
				USE_HEADERMAP = NO;
				WARNING_CFLAGS = ("$(inherited)");
			};
			name = RelWithDebInfo;
		};
		5EF0719789BD463C868BE12F /* Debug */ = {
			isa = XCBuildConfiguration;
			buildSettings = {
				ALWAYS_SEARCH_USER_PATHS = NO;
				ARCHS = arm64;
				COMBINE_HIDPI_IMAGES = YES;
				CONFIGURATION_BUILD_DIR = /Users/simonash/Developer/Planetary/build/Debug;
				EXECUTABLE_PREFIX = "";
				EXECUTABLE_SUFFIX = "";
				FRAMEWORK_SEARCH_PATHS = ("/Users/simonash/Downloads/Xcode-beta.app/Contents/Developer/Platforms/iPhoneSimulator.platform/Developer/SDKs/iPhoneSimulator27.0.sdk/System/Library/Frameworks","$(inherited)");
				GCC_GENERATE_DEBUGGING_SYMBOLS = YES;
				GCC_INLINES_ARE_PRIVATE_EXTERN = NO;
				GCC_OPTIMIZATION_LEVEL = 0;
				GCC_PREPROCESSOR_DEFINITIONS = ("'CMAKE_INTDIR=\"$(CONFIGURATION)$(EFFECTIVE_PLATFORM_NAME)\"'",FT2_BUILD_LIBRARY,FT_DEBUG_LEVEL_TRACE,CINDER_GL_ES,CINDER_GL_ES_3,"$(inherited)");
				GCC_SYMBOLS_PRIVATE_EXTERN = NO;
				HEADER_SEARCH_PATHS = (/opt/homebrew/include,/Users/simonash/Developer/Planetary/src,/Users/simonash/Developer/Planetary/blocks/CinderIPod/include,/Users/simonash/Developer/Planetary/blocks/CinderGestures/include,/Users/simonash/Developer/Planetary/blocks/BloomScene/include,/Users/simonash/Developer/Planetary/blocks/BloomTasks/src,/Users/simonash/Developer/Planetary/blocks/CinderOrientation/include,"$(inherited)");
				INFOPLIST_FILE = "/Users/simonash/Developer/Planetary/build-iossim/CMakeFiles/Planetary.dir/Info.plist";
				INSTALL_PATH = "";
				ONLY_ACTIVE_ARCH = NO;
				OTHER_CPLUSPLUSFLAGS = "   '-std=c++20' '-ferror-limit=0' ";
				OTHER_LDFLAGS = (" -Wl,-search_paths_first -Wl,-headerpad_max_install_names","/Users/simonash/Developer/Cinder/lib/ios-sim/Debug/libcinder.a","-framework CoreText","-framework MediaPlayer","-framework CoreMotion","-framework UIKit","-framework OpenGLES","-framework AVFoundation","-framework CoreVideo","-framework Accelerate","-framework CoreGraphics","-framework QuartzCore","-framework Foundation","-framework ImageIO","-framework MobileCoreServices","-framework AudioToolbox","-framework CoreAudio","-framework AVFAudio","-framework CoreMedia","-lobjc","$(inherited)");
				OTHER_REZFLAGS = "";
				PRODUCT_BUNDLE_IDENTIFIER = org.cooperhewitt.planetary;
				PRODUCT_NAME = Planetary;
				SECTORDER_FLAGS = "";
				SYSTEM_HEADER_SEARCH_PATHS = (/Users/simonash/Developer/Cinder/include,"$(inherited)");
				TARGETED_DEVICE_FAMILY = 2;
				TARGET_TEMP_DIR = "/Users/simonash/Developer/Planetary/build-iossim/build/Planetary.build/$(CONFIGURATION)$(EFFECTIVE_PLATFORM_NAME)";
				USE_HEADERMAP = NO;
				WARNING_CFLAGS = ("$(inherited)");
			};
			name = Debug;
		};
		5F2237DC3B49425FA2DD9903 /* MinSizeRel */ = {
			isa = XCBuildConfiguration;
			buildSettings = {
				ARCHS = arm64;
				IPHONEOS_DEPLOYMENT_TARGET = 15.0;
				SDKROOT = iphonesimulator;
				SWIFT_COMPILATION_MODE = wholemodule;
				SYMROOT = "/Users/simonash/Developer/Planetary/build-iossim/build";
			};
			name = MinSizeRel;
		};
		6560C0EC13414974AEC75518 /* RelWithDebInfo */ = {
			isa = XCBuildConfiguration;
			buildSettings = {
				ARCHS = arm64;
				IPHONEOS_DEPLOYMENT_TARGET = 15.0;
				SDKROOT = iphonesimulator;
				SWIFT_COMPILATION_MODE = wholemodule;
				SYMROOT = "/Users/simonash/Developer/Planetary/build-iossim/build";
			};
			name = RelWithDebInfo;
		};
		67EEC9E05C624E29ADC67DD0 /* MinSizeRel */ = {
			isa = XCBuildConfiguration;
			buildSettings = {
				ALWAYS_SEARCH_USER_PATHS = NO;
				COMBINE_HIDPI_IMAGES = YES;
				GCC_GENERATE_DEBUGGING_SYMBOLS = YES;
				GCC_INLINES_ARE_PRIVATE_EXTERN = NO;
				GCC_OPTIMIZATION_LEVEL = 0;
				GCC_PREPROCESSOR_DEFINITIONS = ("'CMAKE_INTDIR=\"$(CONFIGURATION)$(EFFECTIVE_PLATFORM_NAME)\"'","$(inherited)");
				GCC_SYMBOLS_PRIVATE_EXTERN = NO;
				INSTALL_PATH = "";
				OTHER_LDFLAGS = ("","$(inherited)");
				OTHER_REZFLAGS = "";
				PRODUCT_NAME = ZERO_CHECK;
				SECTORDER_FLAGS = "";
				USE_HEADERMAP = NO;
				WARNING_CFLAGS = ("$(inherited)");
			};
			name = MinSizeRel;
		};
		6B770146F97249D3942D587C /* Release */ = {
			isa = XCBuildConfiguration;
			buildSettings = {
				ALWAYS_SEARCH_USER_PATHS = NO;
				COMBINE_HIDPI_IMAGES = YES;
				GCC_GENERATE_DEBUGGING_SYMBOLS = YES;
				GCC_INLINES_ARE_PRIVATE_EXTERN = NO;
				GCC_OPTIMIZATION_LEVEL = 0;
				GCC_PREPROCESSOR_DEFINITIONS = ("'CMAKE_INTDIR=\"$(CONFIGURATION)$(EFFECTIVE_PLATFORM_NAME)\"'","$(inherited)");
				GCC_SYMBOLS_PRIVATE_EXTERN = NO;
				INSTALL_PATH = "";
				OTHER_LDFLAGS = ("","$(inherited)");
				OTHER_REZFLAGS = "";
				PRODUCT_NAME = ALL_BUILD;
				SECTORDER_FLAGS = "";
				USE_HEADERMAP = NO;
				WARNING_CFLAGS = ("$(inherited)");
			};
			name = Release;
		};
		77B7A7DD3E6C41CA822CEA05 /* Release */ = {
			isa = XCBuildConfiguration;
			buildSettings = {
				ALWAYS_SEARCH_USER_PATHS = NO;
				COMBINE_HIDPI_IMAGES = YES;
				GCC_GENERATE_DEBUGGING_SYMBOLS = YES;
				GCC_INLINES_ARE_PRIVATE_EXTERN = NO;
				GCC_OPTIMIZATION_LEVEL = 0;
				GCC_PREPROCESSOR_DEFINITIONS = ("'CMAKE_INTDIR=\"$(CONFIGURATION)$(EFFECTIVE_PLATFORM_NAME)\"'","$(inherited)");
				GCC_SYMBOLS_PRIVATE_EXTERN = NO;
				INSTALL_PATH = "";
				OTHER_LDFLAGS = ("","$(inherited)");
				OTHER_REZFLAGS = "";
				PRODUCT_NAME = ZERO_CHECK;
				SECTORDER_FLAGS = "";
				USE_HEADERMAP = NO;
				WARNING_CFLAGS = ("$(inherited)");
			};
			name = Release;
		};
		AEF0E684B7ED438ABC7F3BD6 /* Release */ = {
			isa = XCBuildConfiguration;
			buildSettings = {
				ARCHS = arm64;
				IPHONEOS_DEPLOYMENT_TARGET = 15.0;
				SDKROOT = iphonesimulator;
				SWIFT_COMPILATION_MODE = wholemodule;
				SYMROOT = "/Users/simonash/Developer/Planetary/build-iossim/build";
			};
			name = Release;
		};
		CBB6B48088B24CA1B9337592 /* RelWithDebInfo */ = {
			isa = XCBuildConfiguration;
			buildSettings = {
				ALWAYS_SEARCH_USER_PATHS = NO;
				COMBINE_HIDPI_IMAGES = YES;
				GCC_GENERATE_DEBUGGING_SYMBOLS = YES;
				GCC_INLINES_ARE_PRIVATE_EXTERN = NO;
				GCC_OPTIMIZATION_LEVEL = 0;
				GCC_PREPROCESSOR_DEFINITIONS = ("'CMAKE_INTDIR=\"$(CONFIGURATION)$(EFFECTIVE_PLATFORM_NAME)\"'","$(inherited)");
				GCC_SYMBOLS_PRIVATE_EXTERN = NO;
				INSTALL_PATH = "";
				OTHER_LDFLAGS = ("","$(inherited)");
				OTHER_REZFLAGS = "";
				PRODUCT_NAME = ALL_BUILD;
				SECTORDER_FLAGS = "";
				USE_HEADERMAP = NO;
				WARNING_CFLAGS = ("$(inherited)");
			};
			name = RelWithDebInfo;
		};
		DEA6BF29F0CB4CE881C49309 /* Debug */ = {
			isa = XCBuildConfiguration;
			buildSettings = {
				ARCHS = arm64;
				IPHONEOS_DEPLOYMENT_TARGET = 15.0;
				SDKROOT = iphonesimulator;
				SYMROOT = "/Users/simonash/Developer/Planetary/build-iossim/build";
			};
			name = Debug;
		};
		FF68A85D94AC4403B0491967 /* MinSizeRel */ = {
			isa = XCBuildConfiguration;
			buildSettings = {
				ALWAYS_SEARCH_USER_PATHS = NO;
				ARCHS = arm64;
				COMBINE_HIDPI_IMAGES = YES;
				CONFIGURATION_BUILD_DIR = /Users/simonash/Developer/Planetary/build/MinSizeRel;
				EXECUTABLE_PREFIX = "";
				EXECUTABLE_SUFFIX = "";
				FRAMEWORK_SEARCH_PATHS = ("/Users/simonash/Downloads/Xcode-beta.app/Contents/Developer/Platforms/iPhoneSimulator.platform/Developer/SDKs/iPhoneSimulator27.0.sdk/System/Library/Frameworks","$(inherited)");
				GCC_GENERATE_DEBUGGING_SYMBOLS = NO;
				GCC_INLINES_ARE_PRIVATE_EXTERN = NO;
				GCC_OPTIMIZATION_LEVEL = s;
				GCC_PREPROCESSOR_DEFINITIONS = ("'CMAKE_INTDIR=\"$(CONFIGURATION)$(EFFECTIVE_PLATFORM_NAME)\"'",FT2_BUILD_LIBRARY,FT_DEBUG_LEVEL_TRACE,CINDER_GL_ES,CINDER_GL_ES_3,"$(inherited)");
				GCC_SYMBOLS_PRIVATE_EXTERN = NO;
				HEADER_SEARCH_PATHS = (/opt/homebrew/include,/Users/simonash/Developer/Planetary/src,/Users/simonash/Developer/Planetary/blocks/CinderIPod/include,/Users/simonash/Developer/Planetary/blocks/CinderGestures/include,/Users/simonash/Developer/Planetary/blocks/BloomScene/include,/Users/simonash/Developer/Planetary/blocks/BloomTasks/src,/Users/simonash/Developer/Planetary/blocks/CinderOrientation/include,"$(inherited)");
				INFOPLIST_FILE = "/Users/simonash/Developer/Planetary/build-iossim/CMakeFiles/Planetary.dir/Info.plist";
				INSTALL_PATH = "";
				ONLY_ACTIVE_ARCH = NO;
				OTHER_CPLUSPLUSFLAGS = "    -DNDEBUG '-std=c++20' '-ferror-limit=0' ";
				OTHER_LDFLAGS = (" -Wl,-search_paths_first -Wl,-headerpad_max_install_names","/Users/simonash/Developer/Cinder/lib/ios-sim/MinSizeRel/libcinder.a","-framework CoreText","-framework MediaPlayer","-framework CoreMotion","-framework UIKit","-framework OpenGLES","-framework AVFoundation","-framework CoreVideo","-framework Accelerate","-framework CoreGraphics","-framework QuartzCore","-framework Foundation","-framework ImageIO","-framework MobileCoreServices","-framework AudioToolbox","-framework CoreAudio","-framework AVFAudio","-framework CoreMedia","-lobjc","$(inherited)");
				OTHER_REZFLAGS = "";
				PRODUCT_BUNDLE_IDENTIFIER = org.cooperhewitt.planetary;
				PRODUCT_NAME = Planetary;
				SECTORDER_FLAGS = "";
				SYSTEM_HEADER_SEARCH_PATHS = (/Users/simonash/Developer/Cinder/include,"$(inherited)");
				TARGETED_DEVICE_FAMILY = 2;
				TARGET_TEMP_DIR = "/Users/simonash/Developer/Planetary/build-iossim/build/Planetary.build/$(CONFIGURATION)$(EFFECTIVE_PLATFORM_NAME)";
				USE_HEADERMAP = NO;
				WARNING_CFLAGS = ("$(inherited)");
			};
			name = MinSizeRel;
		};
/* End XCBuildConfiguration section */

/* Begin XCConfigurationList section */
		30DEB1B2471642668CD1BBCA /* Build configuration list for PBXAggregateTarget "ZERO_CHECK" */ = {
			isa = XCConfigurationList;
			buildConfigurations = (
				0C62BE059C9E4395B4597F93 /* Debug */,
				77B7A7DD3E6C41CA822CEA05 /* Release */,
				67EEC9E05C624E29ADC67DD0 /* MinSizeRel */,
				4E0CF81931414823B1123BEA /* RelWithDebInfo */,
			);
			defaultConfigurationIsVisible = 0;
			defaultConfigurationName = Debug;
		};
		6EBDADB2AD6145B5A7DB3DCD /* Build configuration list for PBXNativeTarget "Planetary" */ = {
			isa = XCConfigurationList;
			buildConfigurations = (
				5EF0719789BD463C868BE12F /* Debug */,
				2B783ABD3EE64F4AAA880CD5 /* Release */,
				FF68A85D94AC4403B0491967 /* MinSizeRel */,
				19D0EB610BA749A4BE7811B2 /* RelWithDebInfo */,
			);
			defaultConfigurationIsVisible = 0;
			defaultConfigurationName = Debug;
		};
		A16D1611286B49CF8318E51B /* Build configuration list for PBXProject "Planetary" */ = {
			isa = XCConfigurationList;
			buildConfigurations = (
				DEA6BF29F0CB4CE881C49309 /* Debug */,
				AEF0E684B7ED438ABC7F3BD6 /* Release */,
				5F2237DC3B49425FA2DD9903 /* MinSizeRel */,
				6560C0EC13414974AEC75518 /* RelWithDebInfo */,
			);
			defaultConfigurationIsVisible = 0;
			defaultConfigurationName = Debug;
		};
		B75D3F71B5914299A2D1FE6D /* Build configuration list for PBXAggregateTarget "ALL_BUILD" */ = {
			isa = XCConfigurationList;
			buildConfigurations = (
				4DA65099C28346418A77CA8C /* Debug */,
				6B770146F97249D3942D587C /* Release */,
				1F36FBFA79064FF7A8B537D5 /* MinSizeRel */,
				CBB6B48088B24CA1B9337592 /* RelWithDebInfo */,
			);
			defaultConfigurationIsVisible = 0;
			defaultConfigurationName = Debug;
		};
/* End XCConfigurationList section */
	};
	rootObject = 2A4047397F404C9384649CC2 /* Project object */;
}
